// !$*UTF8*$!
{
	archiveVersion = 1;
	classes = {
	};
	objectVersion = 46;
	objects = {

/* Begin PBXBuildFile section */
		1D3623260D0F684500981E51 /* AppDelegate.m in Sources */ = {isa = PBXBuildFile; fileRef = 1D3623250D0F684500981E51 /* AppDelegate.m */; };
		1D60589B0D05DD56006BFB54 /* main.m in Sources */ = {isa = PBXBuildFile; fileRef = 29B97316FDCFA39411CA2CEA /* main.m */; };
		1D60589F0D05DD5A006BFB54 /* Foundation.framework in Frameworks */ = {isa = PBXBuildFile; fileRef = 1D30AB110D05D00D00671497 /* Foundation.framework */; };
		1DF5F4E00D08C38300B7A737 /* UIKit.framework in Frameworks */ = {isa = PBXBuildFile; fileRef = 1DF5F4DF0D08C38300B7A737 /* UIKit.framework */; };
		288765FD0DF74451002DB57D /* CoreGraphics.framework in Frameworks */ = {isa = PBXBuildFile; fileRef = 288765FC0DF74451002DB57D /* CoreGraphics.framework */; };
		DE0C71011624177000357F6E /* Default.png in Resources */ = {isa = PBXBuildFile; fileRef = DE0C71001624177000357F6E /* Default.png */; };
		DE0C71031624177500357F6E /* Default@2x.png in Resources */ = {isa = PBXBuildFile; fileRef = DE0C71021624177500357F6E /* Default@2x.png */; };
		DE0C71051624177800357F6E /* Default-568h@2x.png in Resources */ = {isa = PBXBuildFile; fileRef = DE0C71041624177800357F6E /* Default-568h@2x.png */; };
		DE0C71071624178400357F6E /* Default-Portrait~ipad.png in Resources */ = {isa = PBXBuildFile; fileRef = DE0C71061624178400357F6E /* Default-Portrait~ipad.png */; };
		DE0C71091624179300357F6E /* Default-Landscape~ipad.png in Resources */ = {isa = PBXBuildFile; fileRef = DE0C71081624179300357F6E /* Default-Landscape~ipad.png */; };
		DE0C710B162417A600357F6E /* Icon.png in Resources */ = {isa = PBXBuildFile; fileRef = DE0C710A162417A600357F6E /* Icon.png */; };
		DE0C710D162417AC00357F6E /* Icon~ipad.png in Resources */ = {isa = PBXBuildFile; fileRef = DE0C710C162417AC00357F6E /* Icon~ipad.png */; };
		DE0C710F162417B400357F6E /* Icon@2x.png in Resources */ = {isa = PBXBuildFile; fileRef = DE0C710E162417B400357F6E /* Icon@2x.png */; };
		DE0C7111162417B800357F6E /* Icon@2x~ipad.png in Resources */ = {isa = PBXBuildFile; fileRef = DE0C7110162417B800357F6E /* Icon@2x~ipad.png */; };
		DE3F093811B7B9DC009D4DB0 /* AVFoundation.framework in Frameworks */ = {isa = PBXBuildFile; fileRef = DE3F093711B7B9DC009D4DB0 /* AVFoundation.framework */; };
		DE3F093A11B7B9DC009D4DB0 /* AudioToolbox.framework in Frameworks */ = {isa = PBXBuildFile; fileRef = DE3F093911B7B9DC009D4DB0 /* AudioToolbox.framework */; };
		DE3F097811B7BABD009D4DB0 /* OpenAL.framework in Frameworks */ = {isa = PBXBuildFile; fileRef = DE3F097711B7BABD009D4DB0 /* OpenAL.framework */; };
		DE4A3D7A10FFB08200FDA492 /* OpenGLES.framework in Frameworks */ = {isa = PBXBuildFile; fileRef = DE4A3D7910FFB08200FDA492 /* OpenGLES.framework */; };
		DE4A3D7F10FFB08B00FDA492 /* QuartzCore.framework in Frameworks */ = {isa = PBXBuildFile; fileRef = DE4A3D7E10FFB08B00FDA492 /* QuartzCore.framework */; };
		DE4A3DE510FFB2AF00FDA492 /* Game.m in Sources */ = {isa = PBXBuildFile; fileRef = DE4A3DE410FFB2AF00FDA492 /* Game.m */; };
		DE4F80D614E153E600655D44 /* Media.m in Sources */ = {isa = PBXBuildFile; fileRef = DE4F80D514E153E600655D44 /* Media.m */; };
		DE4F80E814E1541400655D44 /* sound.caf in Resources */ = {isa = PBXBuildFile; fileRef = DE4F80DB14E1541400655D44 /* sound.caf */; };
		DE5C4E6E138ED109004892CA /* libz.dylib in Frameworks */ = {isa = PBXBuildFile; fileRef = DE5C4E6D138ED109004892CA /* libz.dylib */; };
		DEAAF3DF16BC114D004EB9D5 /* GLKit.framework in Frameworks */ = {isa = PBXBuildFile; fileRef = DEAAF3DE16BC114D004EB9D5 /* GLKit.framework */; };
		E3747BDC173BFEBF00C24DD2 /* libSparrow.a in Frameworks */ = {isa = PBXBuildFile; fileRef = E3747BD9173BFEB900C24DD2 /* libSparrow.a */; };
		E376B96817473F53007D6BD8 /* GameCore.m in Sources */ = {isa = PBXBuildFile; fileRef = E376B96717473F53007D6BD8 /* GameCore.m */; };
		E376B9A0174742E2007D6BD8 /* Social.framework in Frameworks */ = {isa = PBXBuildFile; fileRef = E376B99F174742E2007D6BD8 /* Social.framework */; };
		E3A019C817507D6100D722FC /* MoleDescription.m in Sources */ = {isa = PBXBuildFile; fileRef = E3A019C717507D6100D722FC /* MoleDescription.m */; };
		E3A8755517466A59002410DD /* Scene.m in Sources */ = {isa = PBXBuildFile; fileRef = E3A8755417466A59002410DD /* Scene.m */; };
		E3A87558174678AA002410DD /* FacePick.m in Sources */ = {isa = PBXBuildFile; fileRef = E3A87557174678AA002410DD /* FacePick.m */; };
		E3A875FB1746A761002410DD /* NameInput.m in Sources */ = {isa = PBXBuildFile; fileRef = E3A875FA1746A761002410DD /* NameInput.m */; };
		E3BED07E1754A75200795358 /* OverlayAnimation.m in Sources */ = {isa = PBXBuildFile; fileRef = E3BED07D1754A75200795358 /* OverlayAnimation.m */; };
		E3BF4A46174789FB00D3D3CF /* TouchSheet.m in Sources */ = {isa = PBXBuildFile; fileRef = E3BF4A45174789FB00D3D3CF /* TouchSheet.m */; };
		E3D234331759A72B001C4836 /* CustomUIButton.m in Sources */ = {isa = PBXBuildFile; fileRef = E3D2342F1759A72B001C4836 /* CustomUIButton.m */; };
		E3D234341759A72B001C4836 /* OBShapedButton.m in Sources */ = {isa = PBXBuildFile; fileRef = E3D234321759A72B001C4836 /* OBShapedButton.m */; };
		E3D234381759AA5D001C4836 /* UIImage+ColorAtPixel.m in Sources */ = {isa = PBXBuildFile; fileRef = E3D234371759AA5D001C4836 /* UIImage+ColorAtPixel.m */; };
		E3E1F9291758F37B003D49F7 /* credit.txt in Resources */ = {isa = PBXBuildFile; fileRef = E3E1F91E1758F37B003D49F7 /* credit.txt */; };
		E3E1F92A1758F37B003D49F7 /* deafult_description.plist in Resources */ = {isa = PBXBuildFile; fileRef = E3E1F91F1758F37B003D49F7 /* deafult_description.plist */; };
		E3E1F92B1758F37B003D49F7 /* descriptions.plist in Resources */ = {isa = PBXBuildFile; fileRef = E3E1F9201758F37B003D49F7 /* descriptions.plist */; };
		E3E1F92C1758F37B003D49F7 /* ks_holy-tricky_female.plist in Resources */ = {isa = PBXBuildFile; fileRef = E3E1F9211758F37B003D49F7 /* ks_holy-tricky_female.plist */; };
		E3E1F92D1758F37B003D49F7 /* ks_holy-tricky_male.plist in Resources */ = {isa = PBXBuildFile; fileRef = E3E1F9221758F37B003D49F7 /* ks_holy-tricky_male.plist */; };
		E3E1F92E1758F37B003D49F7 /* lbt_holy-tricky_female.plist in Resources */ = {isa = PBXBuildFile; fileRef = E3E1F9231758F37B003D49F7 /* lbt_holy-tricky_female.plist */; };
		E3E1F92F1758F37B003D49F7 /* lbt_holy-tricky_male.plist in Resources */ = {isa = PBXBuildFile; fileRef = E3E1F9241758F37B003D49F7 /* lbt_holy-tricky_male.plist */; };
		E3E1F9301758F37B003D49F7 /* peter_holy-tricky_female.plist in Resources */ = {isa = PBXBuildFile; fileRef = E3E1F9251758F37B003D49F7 /* peter_holy-tricky_female.plist */; };
		E3E1F9311758F37B003D49F7 /* peter_holy-tricky_male.plist in Resources */ = {isa = PBXBuildFile; fileRef = E3E1F9261758F37B003D49F7 /* peter_holy-tricky_male.plist */; };
		E3E1F9321758F37B003D49F7 /* tse_holy-tricky_female.plist in Resources */ = {isa = PBXBuildFile; fileRef = E3E1F9271758F37B003D49F7 /* tse_holy-tricky_female.plist */; };
		E3E1F9331758F37B003D49F7 /* tse_holy-tricky_male.plist in Resources */ = {isa = PBXBuildFile; fileRef = E3E1F9281758F37B003D49F7 /* tse_holy-tricky_male.plist */; };
		E3E1F9721758F380003D49F7 /* alpha_background.png in Resources */ = {isa = PBXBuildFile; fileRef = E3E1F9361758F380003D49F7 /* alpha_background.png */; };
		E3E1F9731758F380003D49F7 /* atlas.png in Resources */ = {isa = PBXBuildFile; fileRef = E3E1F9371758F380003D49F7 /* atlas.png */; };
		E3E1F9741758F380003D49F7 /* atlas.xml in Resources */ = {isa = PBXBuildFile; fileRef = E3E1F9381758F380003D49F7 /* atlas.xml */; };
		E3E1F9751758F380003D49F7 /* background.jpg in Resources */ = {isa = PBXBuildFile; fileRef = E3E1F9391758F380003D49F7 /* background.jpg */; };
		E3E1F9761758F380003D49F7 /* button_back.png in Resources */ = {isa = PBXBuildFile; fileRef = E3E1F93A1758F380003D49F7 /* button_back.png */; };
		E3E1F9771758F380003D49F7 /* button_normal.png in Resources */ = {isa = PBXBuildFile; fileRef = E3E1F93B1758F380003D49F7 /* button_normal.png */; };
		E3E1F9781758F380003D49F7 /* button_short.png in Resources */ = {isa = PBXBuildFile; fileRef = E3E1F93C1758F380003D49F7 /* button_short.png */; };
		E3E1F9791758F380003D49F7 /* ks_holy-tricky_female.png in Resources */ = {isa = PBXBuildFile; fileRef = E3E1F93E1758F380003D49F7 /* ks_holy-tricky_female.png */; };
		E3E1F97A1758F380003D49F7 /* ks_holy-tricky_male.png in Resources */ = {isa = PBXBuildFile; fileRef = E3E1F93F1758F380003D49F7 /* ks_holy-tricky_male.png */; };
		E3E1F97B1758F380003D49F7 /* lbt_holy-tricky_female.png in Resources */ = {isa = PBXBuildFile; fileRef = E3E1F9401758F380003D49F7 /* lbt_holy-tricky_female.png */; };
		E3E1F97C1758F380003D49F7 /* lbt_holy-tricky_male.png in Resources */ = {isa = PBXBuildFile; fileRef = E3E1F9411758F380003D49F7 /* lbt_holy-tricky_male.png */; };
		E3E1F97D1758F380003D49F7 /* peter_holy-tricky_female.png in Resources */ = {isa = PBXBuildFile; fileRef = E3E1F9421758F380003D49F7 /* peter_holy-tricky_female.png */; };
		E3E1F97E1758F380003D49F7 /* peter_holy-tricky_male.png in Resources */ = {isa = PBXBuildFile; fileRef = E3E1F9431758F380003D49F7 /* peter_holy-tricky_male.png */; };
		E3E1F97F1758F380003D49F7 /* tse_holy-tricky_female.png in Resources */ = {isa = PBXBuildFile; fileRef = E3E1F9441758F380003D49F7 /* tse_holy-tricky_female.png */; };
		E3E1F9801758F380003D49F7 /* tse_holy-tricky_male.png in Resources */ = {isa = PBXBuildFile; fileRef = E3E1F9451758F380003D49F7 /* tse_holy-tricky_male.png */; };
		E3E1F9811758F380003D49F7 /* mole01.png in Resources */ = {isa = PBXBuildFile; fileRef = E3E1F9461758F380003D49F7 /* mole01.png */; };
		E3E1F9821758F380003D49F7 /* textfieldBackground.png in Resources */ = {isa = PBXBuildFile; fileRef = E3E1F9471758F380003D49F7 /* textfieldBackground.png */; };
		E3E1F9831758F380003D49F7 /* blank_face.png in Resources */ = {isa = PBXBuildFile; fileRef = E3E1F9491758F380003D49F7 /* blank_face.png */; };
		E3E1F9841758F380003D49F7 /* ks_holy-tricky_female_thumb.png in Resources */ = {isa = PBXBuildFile; fileRef = E3E1F94A1758F380003D49F7 /* ks_holy-tricky_female_thumb.png */; };
		E3E1F9851758F380003D49F7 /* ks_holy-tricky_male_thumb.png in Resources */ = {isa = PBXBuildFile; fileRef = E3E1F94B1758F380003D49F7 /* ks_holy-tricky_male_thumb.png */; };
		E3E1F9861758F380003D49F7 /* lbt_holy-tricky_female_thumb.png in Resources */ = {isa = PBXBuildFile; fileRef = E3E1F94C1758F380003D49F7 /* lbt_holy-tricky_female_thumb.png */; };
		E3E1F9871758F380003D49F7 /* lbt_holy-tricky_male_thumb.png in Resources */ = {isa = PBXBuildFile; fileRef = E3E1F94D1758F380003D49F7 /* lbt_holy-tricky_male_thumb.png */; };
		E3E1F9881758F380003D49F7 /* peter_holy-tricky_female_thumb.png in Resources */ = {isa = PBXBuildFile; fileRef = E3E1F94E1758F380003D49F7 /* peter_holy-tricky_female_thumb.png */; };
		E3E1F9891758F380003D49F7 /* peter_holy-tricky_male_thumb.png in Resources */ = {isa = PBXBuildFile; fileRef = E3E1F94F1758F380003D49F7 /* peter_holy-tricky_male_thumb.png */; };
		E3E1F98A1758F380003D49F7 /* tse_holy-tricky_female_thumb.png in Resources */ = {isa = PBXBuildFile; fileRef = E3E1F9501758F380003D49F7 /* tse_holy-tricky_female_thumb.png */; };
		E3E1F98B1758F380003D49F7 /* tse_holy-tricky_male_thumb.png in Resources */ = {isa = PBXBuildFile; fileRef = E3E1F9511758F380003D49F7 /* tse_holy-tricky_male_thumb.png */; };
		E3E1F98C1758F380003D49F7 /* x.png in Resources */ = {isa = PBXBuildFile; fileRef = E3E1F9521758F380003D49F7 /* x.png */; };
		E3E1F98D1758F380003D49F7 /* alpha_background.png in Resources */ = {isa = PBXBuildFile; fileRef = E3E1F9541758F380003D49F7 /* alpha_background.png */; };
		E3E1F98E1758F380003D49F7 /* atlas@2x.png in Resources */ = {isa = PBXBuildFile; fileRef = E3E1F9551758F380003D49F7 /* atlas@2x.png */; };
		E3E1F98F1758F380003D49F7 /* atlas@2x.xml in Resources */ = {isa = PBXBuildFile; fileRef = E3E1F9561758F380003D49F7 /* atlas@2x.xml */; };
		E3E1F9901758F380003D49F7 /* background@2x.jpg in Resources */ = {isa = PBXBuildFile; fileRef = E3E1F9571758F380003D49F7 /* background@2x.jpg */; };
		E3E1F9911758F380003D49F7 /* button_back@2x.png in Resources */ = {isa = PBXBuildFile; fileRef = E3E1F9581758F380003D49F7 /* button_back@2x.png */; };
		E3E1F9921758F380003D49F7 /* button_normal@2x.png in Resources */ = {isa = PBXBuildFile; fileRef = E3E1F9591758F380003D49F7 /* button_normal@2x.png */; };
		E3E1F9931758F380003D49F7 /* button_short@2x.png in Resources */ = {isa = PBXBuildFile; fileRef = E3E1F95A1758F380003D49F7 /* button_short@2x.png */; };
		E3E1F9941758F380003D49F7 /* ks_holy-tricky_female@2x.png in Resources */ = {isa = PBXBuildFile; fileRef = E3E1F95C1758F380003D49F7 /* ks_holy-tricky_female@2x.png */; };
		E3E1F9951758F380003D49F7 /* ks_holy-tricky_male@2x.png in Resources */ = {isa = PBXBuildFile; fileRef = E3E1F95D1758F380003D49F7 /* ks_holy-tricky_male@2x.png */; };
		E3E1F9961758F380003D49F7 /* lbt_holy-tricky_female@2x.png in Resources */ = {isa = PBXBuildFile; fileRef = E3E1F95E1758F380003D49F7 /* lbt_holy-tricky_female@2x.png */; };
		E3E1F9971758F380003D49F7 /* lbt_holy-tricky_male@2x.png in Resources */ = {isa = PBXBuildFile; fileRef = E3E1F95F1758F380003D49F7 /* lbt_holy-tricky_male@2x.png */; };
		E3E1F9981758F380003D49F7 /* peter_holy-tricky_female@2x.png in Resources */ = {isa = PBXBuildFile; fileRef = E3E1F9601758F380003D49F7 /* peter_holy-tricky_female@2x.png */; };
		E3E1F9991758F380003D49F7 /* peter_holy-tricky_male@2x.png in Resources */ = {isa = PBXBuildFile; fileRef = E3E1F9611758F380003D49F7 /* peter_holy-tricky_male@2x.png */; };
		E3E1F99A1758F380003D49F7 /* tse_holy-tricky_female@2x.png in Resources */ = {isa = PBXBuildFile; fileRef = E3E1F9621758F380003D49F7 /* tse_holy-tricky_female@2x.png */; };
		E3E1F99B1758F380003D49F7 /* tse_holy-tricky_male@x2.png in Resources */ = {isa = PBXBuildFile; fileRef = E3E1F9631758F380003D49F7 /* tse_holy-tricky_male@x2.png */; };
		E3E1F99C1758F380003D49F7 /* mole01@2x.png in Resources */ = {isa = PBXBuildFile; fileRef = E3E1F9641758F380003D49F7 /* mole01@2x.png */; };
		E3E1F99D1758F380003D49F7 /* textfieldBackground@2x.png in Resources */ = {isa = PBXBuildFile; fileRef = E3E1F9651758F380003D49F7 /* textfieldBackground@2x.png */; };
		E3E1F99E1758F380003D49F7 /* blank_face@2x.png in Resources */ = {isa = PBXBuildFile; fileRef = E3E1F9671758F380003D49F7 /* blank_face@2x.png */; };
		E3E1F99F1758F380003D49F7 /* ks_holy-tricky_female_thumb@2x.png in Resources */ = {isa = PBXBuildFile; fileRef = E3E1F9681758F380003D49F7 /* ks_holy-tricky_female_thumb@2x.png */; };
		E3E1F9A01758F380003D49F7 /* ks_holy-tricky_male_thumb@2x.png in Resources */ = {isa = PBXBuildFile; fileRef = E3E1F9691758F380003D49F7 /* ks_holy-tricky_male_thumb@2x.png */; };
		E3E1F9A11758F380003D49F7 /* lbt_holy-tricky_female_thumb@2x.png in Resources */ = {isa = PBXBuildFile; fileRef = E3E1F96A1758F380003D49F7 /* lbt_holy-tricky_female_thumb@2x.png */; };
		E3E1F9A21758F380003D49F7 /* lbt_holy-tricky_male_thumb@2x.png in Resources */ = {isa = PBXBuildFile; fileRef = E3E1F96B1758F380003D49F7 /* lbt_holy-tricky_male_thumb@2x.png */; };
		E3E1F9A31758F380003D49F7 /* peter_holy-tricky_female_thumb@2x.png in Resources */ = {isa = PBXBuildFile; fileRef = E3E1F96C1758F380003D49F7 /* peter_holy-tricky_female_thumb@2x.png */; };
		E3E1F9A41758F380003D49F7 /* peter_holy-tricky_male_thumb@2x.png in Resources */ = {isa = PBXBuildFile; fileRef = E3E1F96D1758F380003D49F7 /* peter_holy-tricky_male_thumb@2x.png */; };
		E3E1F9A51758F380003D49F7 /* tse_holy-tricky_female_thumb@2x.png in Resources */ = {isa = PBXBuildFile; fileRef = E3E1F96E1758F380003D49F7 /* tse_holy-tricky_female_thumb@2x.png */; };
		E3E1F9A61758F380003D49F7 /* tse_holy-tricky_male_thumb@x2.png in Resources */ = {isa = PBXBuildFile; fileRef = E3E1F96F1758F380003D49F7 /* tse_holy-tricky_male_thumb@x2.png */; };
		E3E1F9A71758F380003D49F7 /* README.txt in Resources */ = {isa = PBXBuildFile; fileRef = E3E1F9711758F380003D49F7 /* README.txt */; };
		E3E450D9174E578F0009C270 /* CreditPage.m in Sources */ = {isa = PBXBuildFile; fileRef = E3E450D8174E578F0009C270 /* CreditPage.m */; };
		E3ED9FE0174FB58E003201C9 /* Localizable.strings in Resources */ = {isa = PBXBuildFile; fileRef = E3ED9FDE174FB58E003201C9 /* Localizable.strings */; };
/* End PBXBuildFile section */

/* Begin PBXContainerItemProxy section */
		E3747BD8173BFEB900C24DD2 /* PBXContainerItemProxy */ = {
			isa = PBXContainerItemProxy;
			containerPortal = DE4A3DA210FFB0D400FDA492 /* Sparrow.xcodeproj */;
			proxyType = 2;
			remoteGlobalIDString = DEFE4BC2101B317600E22471;
			remoteInfo = Sparrow;
		};
		E3747BDA173BFEB900C24DD2 /* PBXContainerItemProxy */ = {
			isa = PBXContainerItemProxy;
			containerPortal = DE4A3DA210FFB0D400FDA492 /* Sparrow.xcodeproj */;
			proxyType = 2;
			remoteGlobalIDString = DEEA9335101E32A30071DD21;
			remoteInfo = UnitTests;
		};
/* End PBXContainerItemProxy section */

/* Begin PBXFileReference section */
		1D30AB110D05D00D00671497 /* Foundation.framework */ = {isa = PBXFileReference; lastKnownFileType = wrapper.framework; name = Foundation.framework; path = System/Library/Frameworks/Foundation.framework; sourceTree = SDKROOT; };
		1D3623240D0F684500981E51 /* AppDelegate.h */ = {isa = PBXFileReference; fileEncoding = 4; lastKnownFileType = sourcecode.c.h; path = AppDelegate.h; sourceTree = "<group>"; };
		1D3623250D0F684500981E51 /* AppDelegate.m */ = {isa = PBXFileReference; fileEncoding = 4; lastKnownFileType = sourcecode.c.objc; path = AppDelegate.m; sourceTree = "<group>"; };
		1D6058910D05DD3D006BFB54 /* Mole.app */ = {isa = PBXFileReference; explicitFileType = wrapper.application; includeInIndex = 0; path = Mole.app; sourceTree = BUILT_PRODUCTS_DIR; };
		1DF5F4DF0D08C38300B7A737 /* UIKit.framework */ = {isa = PBXFileReference; lastKnownFileType = wrapper.framework; name = UIKit.framework; path = System/Library/Frameworks/UIKit.framework; sourceTree = SDKROOT; };
		288765FC0DF74451002DB57D /* CoreGraphics.framework */ = {isa = PBXFileReference; lastKnownFileType = wrapper.framework; name = CoreGraphics.framework; path = System/Library/Frameworks/CoreGraphics.framework; sourceTree = SDKROOT; };
		29B97316FDCFA39411CA2CEA /* main.m */ = {isa = PBXFileReference; fileEncoding = 4; lastKnownFileType = sourcecode.c.objc; path = main.m; sourceTree = "<group>"; };
		32CA4F630368D1EE00C91783 /* App-Prefix.pch */ = {isa = PBXFileReference; fileEncoding = 4; lastKnownFileType = sourcecode.c.h; path = "App-Prefix.pch"; sourceTree = "<group>"; };
		8D1107310486CEB800E47090 /* App-Info.plist */ = {isa = PBXFileReference; fileEncoding = 4; lastKnownFileType = text.plist.xml; path = "App-Info.plist"; plistStructureDefinitionIdentifier = "com.apple.xcode.plist.structure-definition.iphone.info-plist"; sourceTree = "<group>"; };
		DE0C71001624177000357F6E /* Default.png */ = {isa = PBXFileReference; lastKnownFileType = image.png; path = Default.png; sourceTree = "<group>"; };
		DE0C71021624177500357F6E /* Default@2x.png */ = {isa = PBXFileReference; lastKnownFileType = image.png; path = "Default@2x.png"; sourceTree = "<group>"; };
		DE0C71041624177800357F6E /* Default-568h@2x.png */ = {isa = PBXFileReference; lastKnownFileType = image.png; path = "Default-568h@2x.png"; sourceTree = "<group>"; };
		DE0C71061624178400357F6E /* Default-Portrait~ipad.png */ = {isa = PBXFileReference; lastKnownFileType = image.png; path = "Default-Portrait~ipad.png"; sourceTree = "<group>"; };
		DE0C71081624179300357F6E /* Default-Landscape~ipad.png */ = {isa = PBXFileReference; lastKnownFileType = image.png; path = "Default-Landscape~ipad.png"; sourceTree = "<group>"; };
		DE0C710A162417A600357F6E /* Icon.png */ = {isa = PBXFileReference; lastKnownFileType = image.png; path = Icon.png; sourceTree = "<group>"; };
		DE0C710C162417AC00357F6E /* Icon~ipad.png */ = {isa = PBXFileReference; lastKnownFileType = image.png; path = "Icon~ipad.png"; sourceTree = "<group>"; };
		DE0C710E162417B400357F6E /* Icon@2x.png */ = {isa = PBXFileReference; lastKnownFileType = image.png; path = "Icon@2x.png"; sourceTree = "<group>"; };
		DE0C7110162417B800357F6E /* Icon@2x~ipad.png */ = {isa = PBXFileReference; lastKnownFileType = image.png; path = "Icon@2x~ipad.png"; sourceTree = "<group>"; };
		DE3F093711B7B9DC009D4DB0 /* AVFoundation.framework */ = {isa = PBXFileReference; lastKnownFileType = wrapper.framework; name = AVFoundation.framework; path = System/Library/Frameworks/AVFoundation.framework; sourceTree = SDKROOT; };
		DE3F093911B7B9DC009D4DB0 /* AudioToolbox.framework */ = {isa = PBXFileReference; lastKnownFileType = wrapper.framework; name = AudioToolbox.framework; path = System/Library/Frameworks/AudioToolbox.framework; sourceTree = SDKROOT; };
		DE3F097711B7BABD009D4DB0 /* OpenAL.framework */ = {isa = PBXFileReference; lastKnownFileType = wrapper.framework; name = OpenAL.framework; path = System/Library/Frameworks/OpenAL.framework; sourceTree = SDKROOT; };
		DE4A3D7910FFB08200FDA492 /* OpenGLES.framework */ = {isa = PBXFileReference; lastKnownFileType = wrapper.framework; name = OpenGLES.framework; path = System/Library/Frameworks/OpenGLES.framework; sourceTree = SDKROOT; };
		DE4A3D7E10FFB08B00FDA492 /* QuartzCore.framework */ = {isa = PBXFileReference; lastKnownFileType = wrapper.framework; name = QuartzCore.framework; path = System/Library/Frameworks/QuartzCore.framework; sourceTree = SDKROOT; };
		DE4A3DA210FFB0D400FDA492 /* Sparrow.xcodeproj */ = {isa = PBXFileReference; lastKnownFileType = "wrapper.pb-project"; name = Sparrow.xcodeproj; path = ../../../sparrow/src/Sparrow.xcodeproj; sourceTree = SOURCE_ROOT; };
		DE4A3DE310FFB2AF00FDA492 /* Game.h */ = {isa = PBXFileReference; fileEncoding = 4; lastKnownFileType = sourcecode.c.h; path = Game.h; sourceTree = "<group>"; };
		DE4A3DE410FFB2AF00FDA492 /* Game.m */ = {isa = PBXFileReference; fileEncoding = 4; lastKnownFileType = sourcecode.c.objc; path = Game.m; sourceTree = "<group>"; };
		DE4F80D414E153E600655D44 /* Media.h */ = {isa = PBXFileReference; fileEncoding = 4; lastKnownFileType = sourcecode.c.h; path = Media.h; sourceTree = "<group>"; };
		DE4F80D514E153E600655D44 /* Media.m */ = {isa = PBXFileReference; fileEncoding = 4; lastKnownFileType = sourcecode.c.objc; path = Media.m; sourceTree = "<group>"; };
		DE4F80DB14E1541400655D44 /* sound.caf */ = {isa = PBXFileReference; lastKnownFileType = file; path = sound.caf; sourceTree = "<group>"; };
		DE5C4E6D138ED109004892CA /* libz.dylib */ = {isa = PBXFileReference; lastKnownFileType = "compiled.mach-o.dylib"; name = libz.dylib; path = usr/lib/libz.dylib; sourceTree = SDKROOT; };
		DEAAF3DE16BC114D004EB9D5 /* GLKit.framework */ = {isa = PBXFileReference; lastKnownFileType = wrapper.framework; name = GLKit.framework; path = System/Library/Frameworks/GLKit.framework; sourceTree = SDKROOT; };
		E376B96617473F53007D6BD8 /* GameCore.h */ = {isa = PBXFileReference; fileEncoding = 4; lastKnownFileType = sourcecode.c.h; path = GameCore.h; sourceTree = "<group>"; };
		E376B96717473F53007D6BD8 /* GameCore.m */ = {isa = PBXFileReference; fileEncoding = 4; lastKnownFileType = sourcecode.c.objc; path = GameCore.m; sourceTree = "<group>"; };
		E376B99F174742E2007D6BD8 /* Social.framework */ = {isa = PBXFileReference; lastKnownFileType = wrapper.framework; name = Social.framework; path = System/Library/Frameworks/Social.framework; sourceTree = SDKROOT; };
		E3A019C617507D6100D722FC /* MoleDescription.h */ = {isa = PBXFileReference; fileEncoding = 4; lastKnownFileType = sourcecode.c.h; path = MoleDescription.h; sourceTree = "<group>"; };
		E3A019C717507D6100D722FC /* MoleDescription.m */ = {isa = PBXFileReference; fileEncoding = 4; lastKnownFileType = sourcecode.c.objc; path = MoleDescription.m; sourceTree = "<group>"; };
		E3A8755317466A59002410DD /* Scene.h */ = {isa = PBXFileReference; fileEncoding = 4; lastKnownFileType = sourcecode.c.h; path = Scene.h; sourceTree = "<group>"; };
		E3A8755417466A59002410DD /* Scene.m */ = {isa = PBXFileReference; fileEncoding = 4; lastKnownFileType = sourcecode.c.objc; path = Scene.m; sourceTree = "<group>"; };
		E3A87556174678AA002410DD /* FacePick.h */ = {isa = PBXFileReference; fileEncoding = 4; lastKnownFileType = sourcecode.c.h; path = FacePick.h; sourceTree = "<group>"; };
		E3A87557174678AA002410DD /* FacePick.m */ = {isa = PBXFileReference; fileEncoding = 4; lastKnownFileType = sourcecode.c.objc; path = FacePick.m; sourceTree = "<group>"; };
		E3A875F91746A761002410DD /* NameInput.h */ = {isa = PBXFileReference; fileEncoding = 4; lastKnownFileType = sourcecode.c.h; path = NameInput.h; sourceTree = "<group>"; };
		E3A875FA1746A761002410DD /* NameInput.m */ = {isa = PBXFileReference; fileEncoding = 4; lastKnownFileType = sourcecode.c.objc; path = NameInput.m; sourceTree = "<group>"; };
		E3AA2F9C175308C40056CF08 /* iTunesArtwork */ = {isa = PBXFileReference; lastKnownFileType = file; path = iTunesArtwork; sourceTree = "<group>"; };
		E3BED07C1754A75100795358 /* OverlayAnimation.h */ = {isa = PBXFileReference; fileEncoding = 4; lastKnownFileType = sourcecode.c.h; path = OverlayAnimation.h; sourceTree = "<group>"; };
		E3BED07D1754A75200795358 /* OverlayAnimation.m */ = {isa = PBXFileReference; fileEncoding = 4; lastKnownFileType = sourcecode.c.objc; path = OverlayAnimation.m; sourceTree = "<group>"; };
		E3BF4A44174789FB00D3D3CF /* TouchSheet.h */ = {isa = PBXFileReference; fileEncoding = 4; lastKnownFileType = sourcecode.c.h; path = TouchSheet.h; sourceTree = "<group>"; };
		E3BF4A45174789FB00D3D3CF /* TouchSheet.m */ = {isa = PBXFileReference; fileEncoding = 4; lastKnownFileType = sourcecode.c.objc; path = TouchSheet.m; sourceTree = "<group>"; };
		E3BF4A47174798DF00D3D3CF /* RoundButton.h */ = {isa = PBXFileReference; lastKnownFileType = sourcecode.c.h; path = RoundButton.h; sourceTree = "<group>"; };
		E3BF4A48174798DF00D3D3CF /* RoundButton.m */ = {isa = PBXFileReference; lastKnownFileType = sourcecode.c.objc; path = RoundButton.m; sourceTree = "<group>"; };
		E3D2342E1759A72B001C4836 /* CustomUIButton.h */ = {isa = PBXFileReference; fileEncoding = 4; lastKnownFileType = sourcecode.c.h; path = CustomUIButton.h; sourceTree = "<group>"; };
		E3D2342F1759A72B001C4836 /* CustomUIButton.m */ = {isa = PBXFileReference; fileEncoding = 4; lastKnownFileType = sourcecode.c.objc; path = CustomUIButton.m; sourceTree = "<group>"; };
		E3D234311759A72B001C4836 /* OBShapedButton.h */ = {isa = PBXFileReference; fileEncoding = 4; lastKnownFileType = sourcecode.c.h; path = OBShapedButton.h; sourceTree = "<group>"; };
		E3D234321759A72B001C4836 /* OBShapedButton.m */ = {isa = PBXFileReference; fileEncoding = 4; lastKnownFileType = sourcecode.c.objc; path = OBShapedButton.m; sourceTree = "<group>"; };
		E3D234361759AA5D001C4836 /* UIImage+ColorAtPixel.h */ = {isa = PBXFileReference; fileEncoding = 4; lastKnownFileType = sourcecode.c.h; path = "UIImage+ColorAtPixel.h"; sourceTree = "<group>"; };
		E3D234371759AA5D001C4836 /* UIImage+ColorAtPixel.m */ = {isa = PBXFileReference; fileEncoding = 4; lastKnownFileType = sourcecode.c.objc; path = "UIImage+ColorAtPixel.m"; sourceTree = "<group>"; };
		E3E1F91E1758F37B003D49F7 /* credit.txt */ = {isa = PBXFileReference; fileEncoding = 4; lastKnownFileType = text; path = credit.txt; sourceTree = "<group>"; };
		E3E1F91F1758F37B003D49F7 /* deafult_description.plist */ = {isa = PBXFileReference; fileEncoding = 4; lastKnownFileType = text.plist.xml; path = deafult_description.plist; sourceTree = "<group>"; };
		E3E1F9201758F37B003D49F7 /* descriptions.plist */ = {isa = PBXFileReference; fileEncoding = 4; lastKnownFileType = text.plist.xml; path = descriptions.plist; sourceTree = "<group>"; };
		E3E1F9211758F37B003D49F7 /* ks_holy-tricky_female.plist */ = {isa = PBXFileReference; fileEncoding = 4; lastKnownFileType = text.plist.xml; path = "ks_holy-tricky_female.plist"; sourceTree = "<group>"; };
		E3E1F9221758F37B003D49F7 /* ks_holy-tricky_male.plist */ = {isa = PBXFileReference; fileEncoding = 4; lastKnownFileType = text.plist.xml; path = "ks_holy-tricky_male.plist"; sourceTree = "<group>"; };
		E3E1F9231758F37B003D49F7 /* lbt_holy-tricky_female.plist */ = {isa = PBXFileReference; fileEncoding = 4; lastKnownFileType = text.plist.xml; path = "lbt_holy-tricky_female.plist"; sourceTree = "<group>"; };
		E3E1F9241758F37B003D49F7 /* lbt_holy-tricky_male.plist */ = {isa = PBXFileReference; fileEncoding = 4; lastKnownFileType = text.plist.xml; path = "lbt_holy-tricky_male.plist"; sourceTree = "<group>"; };
		E3E1F9251758F37B003D49F7 /* peter_holy-tricky_female.plist */ = {isa = PBXFileReference; fileEncoding = 4; lastKnownFileType = text.plist.xml; path = "peter_holy-tricky_female.plist"; sourceTree = "<group>"; };
		E3E1F9261758F37B003D49F7 /* peter_holy-tricky_male.plist */ = {isa = PBXFileReference; fileEncoding = 4; lastKnownFileType = text.plist.xml; path = "peter_holy-tricky_male.plist"; sourceTree = "<group>"; };
		E3E1F9271758F37B003D49F7 /* tse_holy-tricky_female.plist */ = {isa = PBXFileReference; fileEncoding = 4; lastKnownFileType = text.plist.xml; path = "tse_holy-tricky_female.plist"; sourceTree = "<group>"; };
		E3E1F9281758F37B003D49F7 /* tse_holy-tricky_male.plist */ = {isa = PBXFileReference; fileEncoding = 4; lastKnownFileType = text.plist.xml; path = "tse_holy-tricky_male.plist"; sourceTree = "<group>"; };
		E3E1F9361758F380003D49F7 /* alpha_background.png */ = {isa = PBXFileReference; lastKnownFileType = image.png; path = alpha_background.png; sourceTree = "<group>"; };
		E3E1F9371758F380003D49F7 /* atlas.png */ = {isa = PBXFileReference; lastKnownFileType = image.png; path = atlas.png; sourceTree = "<group>"; };
		E3E1F9381758F380003D49F7 /* atlas.xml */ = {isa = PBXFileReference; fileEncoding = 4; lastKnownFileType = text.xml; path = atlas.xml; sourceTree = "<group>"; };
		E3E1F9391758F380003D49F7 /* background.jpg */ = {isa = PBXFileReference; lastKnownFileType = image.jpeg; path = background.jpg; sourceTree = "<group>"; };
		E3E1F93A1758F380003D49F7 /* button_back.png */ = {isa = PBXFileReference; lastKnownFileType = image.png; path = button_back.png; sourceTree = "<group>"; };
		E3E1F93B1758F380003D49F7 /* button_normal.png */ = {isa = PBXFileReference; lastKnownFileType = image.png; path = button_normal.png; sourceTree = "<group>"; };
		E3E1F93C1758F380003D49F7 /* button_short.png */ = {isa = PBXFileReference; lastKnownFileType = image.png; path = button_short.png; sourceTree = "<group>"; };
		E3E1F93E1758F380003D49F7 /* ks_holy-tricky_female.png */ = {isa = PBXFileReference; lastKnownFileType = image.png; path = "ks_holy-tricky_female.png"; sourceTree = "<group>"; };
		E3E1F93F1758F380003D49F7 /* ks_holy-tricky_male.png */ = {isa = PBXFileReference; lastKnownFileType = image.png; path = "ks_holy-tricky_male.png"; sourceTree = "<group>"; };
		E3E1F9401758F380003D49F7 /* lbt_holy-tricky_female.png */ = {isa = PBXFileReference; lastKnownFileType = image.png; path = "lbt_holy-tricky_female.png"; sourceTree = "<group>"; };
		E3E1F9411758F380003D49F7 /* lbt_holy-tricky_male.png */ = {isa = PBXFileReference; lastKnownFileType = image.png; path = "lbt_holy-tricky_male.png"; sourceTree = "<group>"; };
		E3E1F9421758F380003D49F7 /* peter_holy-tricky_female.png */ = {isa = PBXFileReference; lastKnownFileType = image.png; path = "peter_holy-tricky_female.png"; sourceTree = "<group>"; };
		E3E1F9431758F380003D49F7 /* peter_holy-tricky_male.png */ = {isa = PBXFileReference; lastKnownFileType = image.png; path = "peter_holy-tricky_male.png"; sourceTree = "<group>"; };
		E3E1F9441758F380003D49F7 /* tse_holy-tricky_female.png */ = {isa = PBXFileReference; lastKnownFileType = image.png; path = "tse_holy-tricky_female.png"; sourceTree = "<group>"; };
		E3E1F9451758F380003D49F7 /* tse_holy-tricky_male.png */ = {isa = PBXFileReference; lastKnownFileType = image.png; path = "tse_holy-tricky_male.png"; sourceTree = "<group>"; };
		E3E1F9461758F380003D49F7 /* mole01.png */ = {isa = PBXFileReference; lastKnownFileType = image.png; path = mole01.png; sourceTree = "<group>"; };
		E3E1F9471758F380003D49F7 /* textfieldBackground.png */ = {isa = PBXFileReference; lastKnownFileType = image.png; path = textfieldBackground.png; sourceTree = "<group>"; };
		E3E1F9491758F380003D49F7 /* blank_face.png */ = {isa = PBXFileReference; lastKnownFileType = image.png; path = blank_face.png; sourceTree = "<group>"; };
		E3E1F94A1758F380003D49F7 /* ks_holy-tricky_female_thumb.png */ = {isa = PBXFileReference; lastKnownFileType = image.png; path = "ks_holy-tricky_female_thumb.png"; sourceTree = "<group>"; };
		E3E1F94B1758F380003D49F7 /* ks_holy-tricky_male_thumb.png */ = {isa = PBXFileReference; lastKnownFileType = image.png; path = "ks_holy-tricky_male_thumb.png"; sourceTree = "<group>"; };
		E3E1F94C1758F380003D49F7 /* lbt_holy-tricky_female_thumb.png */ = {isa = PBXFileReference; lastKnownFileType = image.png; path = "lbt_holy-tricky_female_thumb.png"; sourceTree = "<group>"; };
		E3E1F94D1758F380003D49F7 /* lbt_holy-tricky_male_thumb.png */ = {isa = PBXFileReference; lastKnownFileType = image.png; path = "lbt_holy-tricky_male_thumb.png"; sourceTree = "<group>"; };
		E3E1F94E1758F380003D49F7 /* peter_holy-tricky_female_thumb.png */ = {isa = PBXFileReference; lastKnownFileType = image.png; path = "peter_holy-tricky_female_thumb.png"; sourceTree = "<group>"; };
		E3E1F94F1758F380003D49F7 /* peter_holy-tricky_male_thumb.png */ = {isa = PBXFileReference; lastKnownFileType = image.png; path = "peter_holy-tricky_male_thumb.png"; sourceTree = "<group>"; };
		E3E1F9501758F380003D49F7 /* tse_holy-tricky_female_thumb.png */ = {isa = PBXFileReference; lastKnownFileType = image.png; path = "tse_holy-tricky_female_thumb.png"; sourceTree = "<group>"; };
		E3E1F9511758F380003D49F7 /* tse_holy-tricky_male_thumb.png */ = {isa = PBXFileReference; lastKnownFileType = image.png; path = "tse_holy-tricky_male_thumb.png"; sourceTree = "<group>"; };
		E3E1F9521758F380003D49F7 /* x.png */ = {isa = PBXFileReference; lastKnownFileType = image.png; path = x.png; sourceTree = "<group>"; };
		E3E1F9541758F380003D49F7 /* alpha_background.png */ = {isa = PBXFileReference; lastKnownFileType = image.png; path = alpha_background.png; sourceTree = "<group>"; };
		E3E1F9551758F380003D49F7 /* atlas@2x.png */ = {isa = PBXFileReference; lastKnownFileType = image.png; path = "atlas@2x.png"; sourceTree = "<group>"; };
		E3E1F9561758F380003D49F7 /* atlas@2x.xml */ = {isa = PBXFileReference; fileEncoding = 4; lastKnownFileType = text.xml; path = "atlas@2x.xml"; sourceTree = "<group>"; };
		E3E1F9571758F380003D49F7 /* background@2x.jpg */ = {isa = PBXFileReference; lastKnownFileType = image.jpeg; path = "background@2x.jpg"; sourceTree = "<group>"; };
		E3E1F9581758F380003D49F7 /* button_back@2x.png */ = {isa = PBXFileReference; lastKnownFileType = image.png; path = "button_back@2x.png"; sourceTree = "<group>"; };
		E3E1F9591758F380003D49F7 /* button_normal@2x.png */ = {isa = PBXFileReference; lastKnownFileType = image.png; path = "button_normal@2x.png"; sourceTree = "<group>"; };
		E3E1F95A1758F380003D49F7 /* button_short@2x.png */ = {isa = PBXFileReference; lastKnownFileType = image.png; path = "button_short@2x.png"; sourceTree = "<group>"; };
		E3E1F95C1758F380003D49F7 /* ks_holy-tricky_female@2x.png */ = {isa = PBXFileReference; lastKnownFileType = image.png; path = "ks_holy-tricky_female@2x.png"; sourceTree = "<group>"; };
		E3E1F95D1758F380003D49F7 /* ks_holy-tricky_male@2x.png */ = {isa = PBXFileReference; lastKnownFileType = image.png; path = "ks_holy-tricky_male@2x.png"; sourceTree = "<group>"; };
		E3E1F95E1758F380003D49F7 /* lbt_holy-tricky_female@2x.png */ = {isa = PBXFileReference; lastKnownFileType = image.png; path = "lbt_holy-tricky_female@2x.png"; sourceTree = "<group>"; };
		E3E1F95F1758F380003D49F7 /* lbt_holy-tricky_male@2x.png */ = {isa = PBXFileReference; lastKnownFileType = image.png; path = "lbt_holy-tricky_male@2x.png"; sourceTree = "<group>"; };
		E3E1F9601758F380003D49F7 /* peter_holy-tricky_female@2x.png */ = {isa = PBXFileReference; lastKnownFileType = image.png; path = "peter_holy-tricky_female@2x.png"; sourceTree = "<group>"; };
		E3E1F9611758F380003D49F7 /* peter_holy-tricky_male@2x.png */ = {isa = PBXFileReference; lastKnownFileType = image.png; path = "peter_holy-tricky_male@2x.png"; sourceTree = "<group>"; };
		E3E1F9621758F380003D49F7 /* tse_holy-tricky_female@2x.png */ = {isa = PBXFileReference; lastKnownFileType = image.png; path = "tse_holy-tricky_female@2x.png"; sourceTree = "<group>"; };
		E3E1F9631758F380003D49F7 /* tse_holy-tricky_male@x2.png */ = {isa = PBXFileReference; lastKnownFileType = image.png; path = "tse_holy-tricky_male@x2.png"; sourceTree = "<group>"; };
		E3E1F9641758F380003D49F7 /* mole01@2x.png */ = {isa = PBXFileReference; lastKnownFileType = image.png; path = "mole01@2x.png"; sourceTree = "<group>"; };
		E3E1F9651758F380003D49F7 /* textfieldBackground@2x.png */ = {isa = PBXFileReference; lastKnownFileType = image.png; path = "textfieldBackground@2x.png"; sourceTree = "<group>"; };
		E3E1F9671758F380003D49F7 /* blank_face@2x.png */ = {isa = PBXFileReference; lastKnownFileType = image.png; path = "blank_face@2x.png"; sourceTree = "<group>"; };
		E3E1F9681758F380003D49F7 /* ks_holy-tricky_female_thumb@2x.png */ = {isa = PBXFileReference; lastKnownFileType = image.png; path = "ks_holy-tricky_female_thumb@2x.png"; sourceTree = "<group>"; };
		E3E1F9691758F380003D49F7 /* ks_holy-tricky_male_thumb@2x.png */ = {isa = PBXFileReference; lastKnownFileType = image.png; path = "ks_holy-tricky_male_thumb@2x.png"; sourceTree = "<group>"; };
		E3E1F96A1758F380003D49F7 /* lbt_holy-tricky_female_thumb@2x.png */ = {isa = PBXFileReference; lastKnownFileType = image.png; path = "lbt_holy-tricky_female_thumb@2x.png"; sourceTree = "<group>"; };
		E3E1F96B1758F380003D49F7 /* lbt_holy-tricky_male_thumb@2x.png */ = {isa = PBXFileReference; lastKnownFileType = image.png; path = "lbt_holy-tricky_male_thumb@2x.png"; sourceTree = "<group>"; };
		E3E1F96C1758F380003D49F7 /* peter_holy-tricky_female_thumb@2x.png */ = {isa = PBXFileReference; lastKnownFileType = image.png; path = "peter_holy-tricky_female_thumb@2x.png"; sourceTree = "<group>"; };
		E3E1F96D1758F380003D49F7 /* peter_holy-tricky_male_thumb@2x.png */ = {isa = PBXFileReference; lastKnownFileType = image.png; path = "peter_holy-tricky_male_thumb@2x.png"; sourceTree = "<group>"; };
		E3E1F96E1758F380003D49F7 /* tse_holy-tricky_female_thumb@2x.png */ = {isa = PBXFileReference; lastKnownFileType = image.png; path = "tse_holy-tricky_female_thumb@2x.png"; sourceTree = "<group>"; };
		E3E1F96F1758F380003D49F7 /* tse_holy-tricky_male_thumb@x2.png */ = {isa = PBXFileReference; lastKnownFileType = image.png; path = "tse_holy-tricky_male_thumb@x2.png"; sourceTree = "<group>"; };
		E3E1F9711758F380003D49F7 /* README.txt */ = {isa = PBXFileReference; fileEncoding = 4; lastKnownFileType = text; path = README.txt; sourceTree = "<group>"; };
		E3E450D7174E578F0009C270 /* CreditPage.h */ = {isa = PBXFileReference; fileEncoding = 4; lastKnownFileType = sourcecode.c.h; path = CreditPage.h; sourceTree = "<group>"; };
		E3E450D8174E578F0009C270 /* CreditPage.m */ = {isa = PBXFileReference; fileEncoding = 4; lastKnownFileType = sourcecode.c.objc; path = CreditPage.m; sourceTree = "<group>"; };
		E3ED9FDF174FB58E003201C9 /* en */ = {isa = PBXFileReference; lastKnownFileType = text.plist.strings; name = en; path = Localizable.strings; sourceTree = "<group>"; };
		E3ED9FE3174FB941003201C9 /* zh-Hans */ = {isa = PBXFileReference; lastKnownFileType = text.plist.strings; name = "zh-Hans"; path = "zh-Hans.lproj/Localizable.strings"; sourceTree = "<group>"; };
		E3ED9FE4174FBBF1003201C9 /* zh-Hant */ = {isa = PBXFileReference; lastKnownFileType = text.plist.strings; name = "zh-Hant"; path = "zh-Hant.lproj/Localizable.strings"; sourceTree = "<group>"; };
/* End PBXFileReference section */

/* Begin PBXFrameworksBuildPhase section */
		1D60588F0D05DD3D006BFB54 /* Frameworks */ = {
			isa = PBXFrameworksBuildPhase;
			buildActionMask = 2147483647;
			files = (
				E3747BDC173BFEBF00C24DD2 /* libSparrow.a in Frameworks */,
				DE5C4E6E138ED109004892CA /* libz.dylib in Frameworks */,
				DEAAF3DF16BC114D004EB9D5 /* GLKit.framework in Frameworks */,
				1D60589F0D05DD5A006BFB54 /* Foundation.framework in Frameworks */,
				1DF5F4E00D08C38300B7A737 /* UIKit.framework in Frameworks */,
				288765FD0DF74451002DB57D /* CoreGraphics.framework in Frameworks */,
				DE4A3D7A10FFB08200FDA492 /* OpenGLES.framework in Frameworks */,
				DE4A3D7F10FFB08B00FDA492 /* QuartzCore.framework in Frameworks */,
				DE3F093811B7B9DC009D4DB0 /* AVFoundation.framework in Frameworks */,
				DE3F093A11B7B9DC009D4DB0 /* AudioToolbox.framework in Frameworks */,
				DE3F097811B7BABD009D4DB0 /* OpenAL.framework in Frameworks */,
				E376B9A0174742E2007D6BD8 /* Social.framework in Frameworks */,
			);
			runOnlyForDeploymentPostprocessing = 0;
		};
/* End PBXFrameworksBuildPhase section */

/* Begin PBXGroup section */
		080E96DDFE201D6D7F000001 /* Classes */ = {
			isa = PBXGroup;
			children = (
				E3BF4A43174789FB00D3D3CF /* Helpers */,
				E3A8755017466A3B002410DD /* Scenes */,
				DE4F80D714E153EA00655D44 /* Game */,
				1D3623240D0F684500981E51 /* AppDelegate.h */,
				1D3623250D0F684500981E51 /* AppDelegate.m */,
			);
			path = Classes;
			sourceTree = "<group>";
		};
		19C28FACFE9D520D11CA2CBB /* Products */ = {
			isa = PBXGroup;
			children = (
				1D6058910D05DD3D006BFB54 /* Mole.app */,
			);
			name = Products;
			sourceTree = "<group>";
		};
		29B97314FDCFA39411CA2CEA /* CustomTemplate */ = {
			isa = PBXGroup;
			children = (
				DE4A3DA210FFB0D400FDA492 /* Sparrow.xcodeproj */,
				080E96DDFE201D6D7F000001 /* Classes */,
				29B97315FDCFA39411CA2CEA /* Other Sources */,
				29B97317FDCFA39411CA2CEA /* Resources */,
				29B97323FDCFA39411CA2CEA /* Frameworks */,
				19C28FACFE9D520D11CA2CBB /* Products */,
			);
			name = CustomTemplate;
			sourceTree = "<group>";
		};
		29B97315FDCFA39411CA2CEA /* Other Sources */ = {
			isa = PBXGroup;
			children = (
				E3ED9FDD174FB58E003201C9 /* en.lproj */,
				32CA4F630368D1EE00C91783 /* App-Prefix.pch */,
				8D1107310486CEB800E47090 /* App-Info.plist */,
				29B97316FDCFA39411CA2CEA /* main.m */,
			);
			name = "Other Sources";
			sourceTree = "<group>";
		};
		29B97317FDCFA39411CA2CEA /* Resources */ = {
			isa = PBXGroup;
			children = (
				E3E1F9341758F380003D49F7 /* graphics */,
				E3E1F91D1758F37B003D49F7 /* data */,
				DE0C71121624180300357F6E /* system */,
				DE4F80D914E1541400655D44 /* audio */,
			);
			name = Resources;
			sourceTree = "<group>";
		};
		29B97323FDCFA39411CA2CEA /* Frameworks */ = {
			isa = PBXGroup;
			children = (
				E376B99F174742E2007D6BD8 /* Social.framework */,
				DE5C4E6D138ED109004892CA /* libz.dylib */,
				DEAAF3DE16BC114D004EB9D5 /* GLKit.framework */,
				DE3F093711B7B9DC009D4DB0 /* AVFoundation.framework */,
				DE3F093911B7B9DC009D4DB0 /* AudioToolbox.framework */,
				DE3F097711B7BABD009D4DB0 /* OpenAL.framework */,
				DE4A3D7E10FFB08B00FDA492 /* QuartzCore.framework */,
				DE4A3D7910FFB08200FDA492 /* OpenGLES.framework */,
				1DF5F4DF0D08C38300B7A737 /* UIKit.framework */,
				1D30AB110D05D00D00671497 /* Foundation.framework */,
				288765FC0DF74451002DB57D /* CoreGraphics.framework */,
			);
			name = Frameworks;
			sourceTree = "<group>";
		};
		DE0C71121624180300357F6E /* system */ = {
			isa = PBXGroup;
			children = (
				E3AA2F9C175308C40056CF08 /* iTunesArtwork */,
				DE0C71041624177800357F6E /* Default-568h@2x.png */,
				DE0C71081624179300357F6E /* Default-Landscape~ipad.png */,
				DE0C71061624178400357F6E /* Default-Portrait~ipad.png */,
				DE0C71001624177000357F6E /* Default.png */,
				DE0C71021624177500357F6E /* Default@2x.png */,
				DE0C710A162417A600357F6E /* Icon.png */,
				DE0C710E162417B400357F6E /* Icon@2x.png */,
				DE0C7110162417B800357F6E /* Icon@2x~ipad.png */,
				DE0C710C162417AC00357F6E /* Icon~ipad.png */,
			);
			name = system;
			sourceTree = "<group>";
		};
		DE4F80D714E153EA00655D44 /* Game */ = {
			isa = PBXGroup;
			children = (
				DE4A3DE310FFB2AF00FDA492 /* Game.h */,
				DE4A3DE410FFB2AF00FDA492 /* Game.m */,
				DE4F80D414E153E600655D44 /* Media.h */,
				DE4F80D514E153E600655D44 /* Media.m */,
			);
			name = Game;
			sourceTree = "<group>";
		};
		DE4F80D914E1541400655D44 /* audio */ = {
			isa = PBXGroup;
			children = (
				DE4F80DB14E1541400655D44 /* sound.caf */,
			);
			name = audio;
			path = ../media/audio;
			sourceTree = "<group>";
		};
		E3747BD4173BFEB900C24DD2 /* Products */ = {
			isa = PBXGroup;
			children = (
				E3747BD9173BFEB900C24DD2 /* libSparrow.a */,
				E3747BDB173BFEB900C24DD2 /* UnitTest.octest */,
			);
			name = Products;
			sourceTree = "<group>";
		};
		E3A8755017466A3B002410DD /* Scenes */ = {
			isa = PBXGroup;
			children = (
				E3A8755317466A59002410DD /* Scene.h */,
				E3A8755417466A59002410DD /* Scene.m */,
				E3A875F91746A761002410DD /* NameInput.h */,
				E3A875FA1746A761002410DD /* NameInput.m */,
				E3E450D7174E578F0009C270 /* CreditPage.h */,
				E3E450D8174E578F0009C270 /* CreditPage.m */,
				E3A87556174678AA002410DD /* FacePick.h */,
				E3A87557174678AA002410DD /* FacePick.m */,
				E376B96617473F53007D6BD8 /* GameCore.h */,
				E376B96717473F53007D6BD8 /* GameCore.m */,
			);
			path = Scenes;
			sourceTree = "<group>";
		};
		E3BF4A43174789FB00D3D3CF /* Helpers */ = {
			isa = PBXGroup;
			children = (
				E3D234351759AA5D001C4836 /* UIImage+ColorAtPixel */,
				E3D2342E1759A72B001C4836 /* CustomUIButton.h */,
				E3D2342F1759A72B001C4836 /* CustomUIButton.m */,
				E3D234301759A72B001C4836 /* OBShapedButton */,
				E3BF4A47174798DF00D3D3CF /* RoundButton.h */,
				E3BED07C1754A75100795358 /* OverlayAnimation.h */,
				E3BED07D1754A75200795358 /* OverlayAnimation.m */,
				E3BF4A48174798DF00D3D3CF /* RoundButton.m */,
				E3BF4A44174789FB00D3D3CF /* TouchSheet.h */,
				E3BF4A45174789FB00D3D3CF /* TouchSheet.m */,
				E3A019C617507D6100D722FC /* MoleDescription.h */,
				E3A019C717507D6100D722FC /* MoleDescription.m */,
			);
			path = Helpers;
			sourceTree = "<group>";
		};
		E3D234301759A72B001C4836 /* OBShapedButton */ = {
			isa = PBXGroup;
			children = (
				E3D234311759A72B001C4836 /* OBShapedButton.h */,
				E3D234321759A72B001C4836 /* OBShapedButton.m */,
			);
			path = OBShapedButton;
			sourceTree = "<group>";
		};
		E3D234351759AA5D001C4836 /* UIImage+ColorAtPixel */ = {
			isa = PBXGroup;
			children = (
				E3D234361759AA5D001C4836 /* UIImage+ColorAtPixel.h */,
				E3D234371759AA5D001C4836 /* UIImage+ColorAtPixel.m */,
			);
			path = "UIImage+ColorAtPixel";
			sourceTree = "<group>";
		};
		E3E1F91D1758F37B003D49F7 /* data */ = {
			isa = PBXGroup;
			children = (
				E3E1F91E1758F37B003D49F7 /* credit.txt */,
				E3E1F91F1758F37B003D49F7 /* deafult_description.plist */,
				E3E1F9201758F37B003D49F7 /* descriptions.plist */,
				E3E1F9211758F37B003D49F7 /* ks_holy-tricky_female.plist */,
				E3E1F9221758F37B003D49F7 /* ks_holy-tricky_male.plist */,
				E3E1F9231758F37B003D49F7 /* lbt_holy-tricky_female.plist */,
				E3E1F9241758F37B003D49F7 /* lbt_holy-tricky_male.plist */,
				E3E1F9251758F37B003D49F7 /* peter_holy-tricky_female.plist */,
				E3E1F9261758F37B003D49F7 /* peter_holy-tricky_male.plist */,
				E3E1F9271758F37B003D49F7 /* tse_holy-tricky_female.plist */,
				E3E1F9281758F37B003D49F7 /* tse_holy-tricky_male.plist */,
			);
			path = data;
			sourceTree = "<group>";
		};
		E3E1F9341758F380003D49F7 /* graphics */ = {
			isa = PBXGroup;
			children = (
				E3E1F9351758F380003D49F7 /* 1x */,
				E3E1F9531758F380003D49F7 /* 2x */,
				E3E1F9701758F380003D49F7 /* 4x */,
			);
			name = graphics;
			path = ../media/graphics;
			sourceTree = "<group>";
		};
		E3E1F9351758F380003D49F7 /* 1x */ = {
			isa = PBXGroup;
			children = (
				E3E1F9361758F380003D49F7 /* alpha_background.png */,
				E3E1F9371758F380003D49F7 /* atlas.png */,
				E3E1F9381758F380003D49F7 /* atlas.xml */,
				E3E1F9391758F380003D49F7 /* background.jpg */,
				E3E1F93A1758F380003D49F7 /* button_back.png */,
				E3E1F93B1758F380003D49F7 /* button_normal.png */,
				E3E1F93C1758F380003D49F7 /* button_short.png */,
				E3E1F93D1758F380003D49F7 /* faces */,
				E3E1F9461758F380003D49F7 /* mole01.png */,
				E3E1F9471758F380003D49F7 /* textfieldBackground.png */,
				E3E1F9481758F380003D49F7 /* thumbnails */,
				E3E1F9521758F380003D49F7 /* x.png */,
			);
			path = 1x;
			sourceTree = "<group>";
		};
		E3E1F93D1758F380003D49F7 /* faces */ = {
			isa = PBXGroup;
			children = (
				E3E1F93E1758F380003D49F7 /* ks_holy-tricky_female.png */,
				E3E1F93F1758F380003D49F7 /* ks_holy-tricky_male.png */,
				E3E1F9401758F380003D49F7 /* lbt_holy-tricky_female.png */,
				E3E1F9411758F380003D49F7 /* lbt_holy-tricky_male.png */,
				E3E1F9421758F380003D49F7 /* peter_holy-tricky_female.png */,
				E3E1F9431758F380003D49F7 /* peter_holy-tricky_male.png */,
				E3E1F9441758F380003D49F7 /* tse_holy-tricky_female.png */,
				E3E1F9451758F380003D49F7 /* tse_holy-tricky_male.png */,
			);
			path = faces;
			sourceTree = "<group>";
		};
		E3E1F9481758F380003D49F7 /* thumbnails */ = {
			isa = PBXGroup;
			children = (
				E3E1F9491758F380003D49F7 /* blank_face.png */,
				E3E1F94A1758F380003D49F7 /* ks_holy-tricky_female_thumb.png */,
				E3E1F94B1758F380003D49F7 /* ks_holy-tricky_male_thumb.png */,
				E3E1F94C1758F380003D49F7 /* lbt_holy-tricky_female_thumb.png */,
				E3E1F94D1758F380003D49F7 /* lbt_holy-tricky_male_thumb.png */,
				E3E1F94E1758F380003D49F7 /* peter_holy-tricky_female_thumb.png */,
				E3E1F94F1758F380003D49F7 /* peter_holy-tricky_male_thumb.png */,
				E3E1F9501758F380003D49F7 /* tse_holy-tricky_female_thumb.png */,
				E3E1F9511758F380003D49F7 /* tse_holy-tricky_male_thumb.png */,
			);
			path = thumbnails;
			sourceTree = "<group>";
		};
		E3E1F9531758F380003D49F7 /* 2x */ = {
			isa = PBXGroup;
			children = (
				E3E1F9541758F380003D49F7 /* alpha_background.png */,
				E3E1F9551758F380003D49F7 /* atlas@2x.png */,
				E3E1F9561758F380003D49F7 /* atlas@2x.xml */,
				E3E1F9571758F380003D49F7 /* background@2x.jpg */,
				E3E1F9581758F380003D49F7 /* button_back@2x.png */,
				E3E1F9591758F380003D49F7 /* button_normal@2x.png */,
				E3E1F95A1758F380003D49F7 /* button_short@2x.png */,
				E3E1F95B1758F380003D49F7 /* faces */,
				E3E1F9641758F380003D49F7 /* mole01@2x.png */,
				E3E1F9651758F380003D49F7 /* textfieldBackground@2x.png */,
				E3E1F9661758F380003D49F7 /* thumbnails */,
			);
			path = 2x;
			sourceTree = "<group>";
		};
		E3E1F95B1758F380003D49F7 /* faces */ = {
			isa = PBXGroup;
			children = (
				E3E1F95C1758F380003D49F7 /* ks_holy-tricky_female@2x.png */,
				E3E1F95D1758F380003D49F7 /* ks_holy-tricky_male@2x.png */,
				E3E1F95E1758F380003D49F7 /* lbt_holy-tricky_female@2x.png */,
				E3E1F95F1758F380003D49F7 /* lbt_holy-tricky_male@2x.png */,
				E3E1F9601758F380003D49F7 /* peter_holy-tricky_female@2x.png */,
				E3E1F9611758F380003D49F7 /* peter_holy-tricky_male@2x.png */,
				E3E1F9621758F380003D49F7 /* tse_holy-tricky_female@2x.png */,
				E3E1F9631758F380003D49F7 /* tse_holy-tricky_male@x2.png */,
			);
			path = faces;
			sourceTree = "<group>";
		};
		E3E1F9661758F380003D49F7 /* thumbnails */ = {
			isa = PBXGroup;
			children = (
				E3E1F9671758F380003D49F7 /* blank_face@2x.png */,
				E3E1F9681758F380003D49F7 /* ks_holy-tricky_female_thumb@2x.png */,
				E3E1F9691758F380003D49F7 /* ks_holy-tricky_male_thumb@2x.png */,
				E3E1F96A1758F380003D49F7 /* lbt_holy-tricky_female_thumb@2x.png */,
				E3E1F96B1758F380003D49F7 /* lbt_holy-tricky_male_thumb@2x.png */,
				E3E1F96C1758F380003D49F7 /* peter_holy-tricky_female_thumb@2x.png */,
				E3E1F96D1758F380003D49F7 /* peter_holy-tricky_male_thumb@2x.png */,
				E3E1F96E1758F380003D49F7 /* tse_holy-tricky_female_thumb@2x.png */,
				E3E1F96F1758F380003D49F7 /* tse_holy-tricky_male_thumb@x2.png */,
			);
			path = thumbnails;
			sourceTree = "<group>";
		};
		E3E1F9701758F380003D49F7 /* 4x */ = {
			isa = PBXGroup;
			children = (
				E3E1F9711758F380003D49F7 /* README.txt */,
			);
			path = 4x;
			sourceTree = "<group>";
		};
		E3ED9FDD174FB58E003201C9 /* en.lproj */ = {
			isa = PBXGroup;
			children = (
				E3ED9FDE174FB58E003201C9 /* Localizable.strings */,
			);
			path = en.lproj;
			sourceTree = "<group>";
		};
/* End PBXGroup section */

/* Begin PBXNativeTarget section */
		1D6058900D05DD3D006BFB54 /* Mole */ = {
			isa = PBXNativeTarget;
			buildConfigurationList = 1D6058960D05DD3E006BFB54 /* Build configuration list for PBXNativeTarget "Mole" */;
			buildPhases = (
				1D60588D0D05DD3D006BFB54 /* Resources */,
				1D60588E0D05DD3D006BFB54 /* Sources */,
				1D60588F0D05DD3D006BFB54 /* Frameworks */,
			);
			buildRules = (
			);
			dependencies = (
			);
			name = Mole;
			productName = AppScaffold;
			productReference = 1D6058910D05DD3D006BFB54 /* Mole.app */;
			productType = "com.apple.product-type.application";
		};
/* End PBXNativeTarget section */

/* Begin PBXProject section */
		29B97313FDCFA39411CA2CEA /* Project object */ = {
			isa = PBXProject;
			attributes = {
				LastUpgradeCheck = 0450;
			};
			buildConfigurationList = C01FCF4E08A954540054247B /* Build configuration list for PBXProject "Mole" */;
			compatibilityVersion = "Xcode 3.2";
			developmentRegion = English;
			hasScannedForEncodings = 1;
			knownRegions = (
				English,
				Japanese,
				French,
				German,
				en,
				"zh-Hans",
				"zh-Hant",
			);
			mainGroup = 29B97314FDCFA39411CA2CEA /* CustomTemplate */;
			projectDirPath = "";
			projectReferences = (
				{
					ProductGroup = E3747BD4173BFEB900C24DD2 /* Products */;
					ProjectRef = DE4A3DA210FFB0D400FDA492 /* Sparrow.xcodeproj */;
				},
			);
			projectRoot = "";
			targets = (
				1D6058900D05DD3D006BFB54 /* Mole */,
			);
		};
/* End PBXProject section */

/* Begin PBXReferenceProxy section */
		E3747BD9173BFEB900C24DD2 /* libSparrow.a */ = {
			isa = PBXReferenceProxy;
			fileType = archive.ar;
			path = libSparrow.a;
			remoteRef = E3747BD8173BFEB900C24DD2 /* PBXContainerItemProxy */;
			sourceTree = BUILT_PRODUCTS_DIR;
		};
		E3747BDB173BFEB900C24DD2 /* UnitTest.octest */ = {
			isa = PBXReferenceProxy;
			fileType = wrapper.cfbundle;
			path = UnitTest.octest;
			remoteRef = E3747BDA173BFEB900C24DD2 /* PBXContainerItemProxy */;
			sourceTree = BUILT_PRODUCTS_DIR;
		};
/* End PBXReferenceProxy section */

/* Begin PBXResourcesBuildPhase section */
		1D60588D0D05DD3D006BFB54 /* Resources */ = {
			isa = PBXResourcesBuildPhase;
			buildActionMask = 2147483647;
			files = (
				DE4F80E814E1541400655D44 /* sound.caf in Resources */,
				DE0C71011624177000357F6E /* Default.png in Resources */,
				DE0C71031624177500357F6E /* Default@2x.png in Resources */,
				DE0C71051624177800357F6E /* Default-568h@2x.png in Resources */,
				DE0C71071624178400357F6E /* Default-Portrait~ipad.png in Resources */,
				DE0C71091624179300357F6E /* Default-Landscape~ipad.png in Resources */,
				DE0C710B162417A600357F6E /* Icon.png in Resources */,
				DE0C710D162417AC00357F6E /* Icon~ipad.png in Resources */,
				DE0C710F162417B400357F6E /* Icon@2x.png in Resources */,
				DE0C7111162417B800357F6E /* Icon@2x~ipad.png in Resources */,
				E3ED9FE0174FB58E003201C9 /* Localizable.strings in Resources */,
				E3E1F9291758F37B003D49F7 /* credit.txt in Resources */,
				E3E1F92A1758F37B003D49F7 /* deafult_description.plist in Resources */,
				E3E1F92B1758F37B003D49F7 /* descriptions.plist in Resources */,
				E3E1F92C1758F37B003D49F7 /* ks_holy-tricky_female.plist in Resources */,
				E3E1F92D1758F37B003D49F7 /* ks_holy-tricky_male.plist in Resources */,
				E3E1F92E1758F37B003D49F7 /* lbt_holy-tricky_female.plist in Resources */,
				E3E1F92F1758F37B003D49F7 /* lbt_holy-tricky_male.plist in Resources */,
				E3E1F9301758F37B003D49F7 /* peter_holy-tricky_female.plist in Resources */,
				E3E1F9311758F37B003D49F7 /* peter_holy-tricky_male.plist in Resources */,
				E3E1F9321758F37B003D49F7 /* tse_holy-tricky_female.plist in Resources */,
				E3E1F9331758F37B003D49F7 /* tse_holy-tricky_male.plist in Resources */,
				E3E1F9721758F380003D49F7 /* alpha_background.png in Resources */,
				E3E1F9731758F380003D49F7 /* atlas.png in Resources */,
				E3E1F9741758F380003D49F7 /* atlas.xml in Resources */,
				E3E1F9751758F380003D49F7 /* background.jpg in Resources */,
				E3E1F9761758F380003D49F7 /* button_back.png in Resources */,
				E3E1F9771758F380003D49F7 /* button_normal.png in Resources */,
				E3E1F9781758F380003D49F7 /* button_short.png in Resources */,
				E3E1F9791758F380003D49F7 /* ks_holy-tricky_female.png in Resources */,
				E3E1F97A1758F380003D49F7 /* ks_holy-tricky_male.png in Resources */,
				E3E1F97B1758F380003D49F7 /* lbt_holy-tricky_female.png in Resources */,
				E3E1F97C1758F380003D49F7 /* lbt_holy-tricky_male.png in Resources */,
				E3E1F97D1758F380003D49F7 /* peter_holy-tricky_female.png in Resources */,
				E3E1F97E1758F380003D49F7 /* peter_holy-tricky_male.png in Resources */,
				E3E1F97F1758F380003D49F7 /* tse_holy-tricky_female.png in Resources */,
				E3E1F9801758F380003D49F7 /* tse_holy-tricky_male.png in Resources */,
				E3E1F9811758F380003D49F7 /* mole01.png in Resources */,
				E3E1F9821758F380003D49F7 /* textfieldBackground.png in Resources */,
				E3E1F9831758F380003D49F7 /* blank_face.png in Resources */,
				E3E1F9841758F380003D49F7 /* ks_holy-tricky_female_thumb.png in Resources */,
				E3E1F9851758F380003D49F7 /* ks_holy-tricky_male_thumb.png in Resources */,
				E3E1F9861758F380003D49F7 /* lbt_holy-tricky_female_thumb.png in Resources */,
				E3E1F9871758F380003D49F7 /* lbt_holy-tricky_male_thumb.png in Resources */,
				E3E1F9881758F380003D49F7 /* peter_holy-tricky_female_thumb.png in Resources */,
				E3E1F9891758F380003D49F7 /* peter_holy-tricky_male_thumb.png in Resources */,
				E3E1F98A1758F380003D49F7 /* tse_holy-tricky_female_thumb.png in Resources */,
				E3E1F98B1758F380003D49F7 /* tse_holy-tricky_male_thumb.png in Resources */,
				E3E1F98C1758F380003D49F7 /* x.png in Resources */,
				E3E1F98D1758F380003D49F7 /* alpha_background.png in Resources */,
				E3E1F98E1758F380003D49F7 /* atlas@2x.png in Resources */,
				E3E1F98F1758F380003D49F7 /* atlas@2x.xml in Resources */,
				E3E1F9901758F380003D49F7 /* background@2x.jpg in Resources */,
				E3E1F9911758F380003D49F7 /* button_back@2x.png in Resources */,
				E3E1F9921758F380003D49F7 /* button_normal@2x.png in Resources */,
				E3E1F9931758F380003D49F7 /* button_short@2x.png in Resources */,
				E3E1F9941758F380003D49F7 /* ks_holy-tricky_female@2x.png in Resources */,
				E3E1F9951758F380003D49F7 /* ks_holy-tricky_male@2x.png in Resources */,
				E3E1F9961758F380003D49F7 /* lbt_holy-tricky_female@2x.png in Resources */,
				E3E1F9971758F380003D49F7 /* lbt_holy-tricky_male@2x.png in Resources */,
				E3E1F9981758F380003D49F7 /* peter_holy-tricky_female@2x.png in Resources */,
				E3E1F9991758F380003D49F7 /* peter_holy-tricky_male@2x.png in Resources */,
				E3E1F99A1758F380003D49F7 /* tse_holy-tricky_female@2x.png in Resources */,
				E3E1F99B1758F380003D49F7 /* tse_holy-tricky_male@x2.png in Resources */,
				E3E1F99C1758F380003D49F7 /* mole01@2x.png in Resources */,
				E3E1F99D1758F380003D49F7 /* textfieldBackground@2x.png in Resources */,
				E3E1F99E1758F380003D49F7 /* blank_face@2x.png in Resources */,
				E3E1F99F1758F380003D49F7 /* ks_holy-tricky_female_thumb@2x.png in Resources */,
				E3E1F9A01758F380003D49F7 /* ks_holy-tricky_male_thumb@2x.png in Resources */,
				E3E1F9A11758F380003D49F7 /* lbt_holy-tricky_female_thumb@2x.png in Resources */,
				E3E1F9A21758F380003D49F7 /* lbt_holy-tricky_male_thumb@2x.png in Resources */,
				E3E1F9A31758F380003D49F7 /* peter_holy-tricky_female_thumb@2x.png in Resources */,
				E3E1F9A41758F380003D49F7 /* peter_holy-tricky_male_thumb@2x.png in Resources */,
				E3E1F9A51758F380003D49F7 /* tse_holy-tricky_female_thumb@2x.png in Resources */,
				E3E1F9A61758F380003D49F7 /* tse_holy-tricky_male_thumb@x2.png in Resources */,
				E3E1F9A71758F380003D49F7 /* README.txt in Resources */,
			);
			runOnlyForDeploymentPostprocessing = 0;
		};
/* End PBXResourcesBuildPhase section */

/* Begin PBXSourcesBuildPhase section */
		1D60588E0D05DD3D006BFB54 /* Sources */ = {
			isa = PBXSourcesBuildPhase;
			buildActionMask = 2147483647;
			files = (
				1D60589B0D05DD56006BFB54 /* main.m in Sources */,
				1D3623260D0F684500981E51 /* AppDelegate.m in Sources */,
				DE4A3DE510FFB2AF00FDA492 /* Game.m in Sources */,
				DE4F80D614E153E600655D44 /* Media.m in Sources */,
				E3A8755517466A59002410DD /* Scene.m in Sources */,
				E3A87558174678AA002410DD /* FacePick.m in Sources */,
				E3A875FB1746A761002410DD /* NameInput.m in Sources */,
				E376B96817473F53007D6BD8 /* GameCore.m in Sources */,
				E3BF4A46174789FB00D3D3CF /* TouchSheet.m in Sources */,
				E3E450D9174E578F0009C270 /* CreditPage.m in Sources */,
				E3A019C817507D6100D722FC /* MoleDescription.m in Sources */,
				E3BED07E1754A75200795358 /* OverlayAnimation.m in Sources */,
				E3D234331759A72B001C4836 /* CustomUIButton.m in Sources */,
				E3D234341759A72B001C4836 /* OBShapedButton.m in Sources */,
				E3D234381759AA5D001C4836 /* UIImage+ColorAtPixel.m in Sources */,
			);
			runOnlyForDeploymentPostprocessing = 0;
		};
/* End PBXSourcesBuildPhase section */

/* Begin PBXVariantGroup section */
		E3ED9FDE174FB58E003201C9 /* Localizable.strings */ = {
			isa = PBXVariantGroup;
			children = (
				E3ED9FDF174FB58E003201C9 /* en */,
				E3ED9FE3174FB941003201C9 /* zh-Hans */,
				E3ED9FE4174FBBF1003201C9 /* zh-Hant */,
			);
			name = Localizable.strings;
			sourceTree = "<group>";
		};
/* End PBXVariantGroup section */

/* Begin XCBuildConfiguration section */
		1D6058940D05DD3E006BFB54 /* Debug */ = {
			isa = XCBuildConfiguration;
			buildSettings = {
				"CODE_SIGN_IDENTITY[sdk=iphoneos*]" = "iPhone Developer";
				INFOPLIST_FILE = "App-Info.plist";
				IPHONEOS_DEPLOYMENT_TARGET = 6.0;
				PRODUCT_NAME = Mole;
				"PROVISIONING_PROFILE[sdk=iphoneos*]" = "";
				TARGETED_DEVICE_FAMILY = 1;
				USER_HEADER_SEARCH_PATHS = "../../../sparrow/src/Classes/**";
			};
			name = Debug;
		};
		1D6058950D05DD3E006BFB54 /* Release */ = {
			isa = XCBuildConfiguration;
			buildSettings = {
				CODE_SIGN_IDENTITY = "iPhone Distribution";
				INFOPLIST_FILE = "App-Info.plist";
				IPHONEOS_DEPLOYMENT_TARGET = 6.0;
				PRODUCT_NAME = Mole;
				PROVISIONING_PROFILE = "";
				TARGETED_DEVICE_FAMILY = 1;
				USER_HEADER_SEARCH_PATHS = "../../../sparrow/src/Classes/**";
			};
			name = Release;
		};
		C01FCF4F08A954540054247B /* Debug */ = {
			isa = XCBuildConfiguration;
			buildSettings = {
				CLANG_ENABLE_OBJC_ARC = YES;
				CLANG_WARN_CONSTANT_CONVERSION = YES;
				CLANG_WARN_EMPTY_BODY = YES;
				CLANG_WARN_ENUM_CONVERSION = YES;
				CLANG_WARN_INT_CONVERSION = YES;
				CLANG_WARN__DUPLICATE_METHOD_MATCH = YES;
				CODE_SIGN_IDENTITY = "iPhone Developer";
				"CODE_SIGN_IDENTITY[sdk=iphoneos*]" = "iPhone Developer";
				COPY_PHASE_STRIP = NO;
				GCC_C_LANGUAGE_STANDARD = gnu99;
				GCC_OPTIMIZATION_LEVEL = 0;
				GCC_PRECOMPILE_PREFIX_HEADER = YES;
				GCC_PREFIX_HEADER = "App-Prefix.pch";
				GCC_THUMB_SUPPORT = NO;
				GCC_WARN_ABOUT_RETURN_TYPE = YES;
				GCC_WARN_UNINITIALIZED_AUTOS = YES;
				GCC_WARN_UNUSED_VARIABLE = YES;
				INFOPLIST_FILE = "";
				IPHONEOS_DEPLOYMENT_TARGET = 6.0;
				ONLY_ACTIVE_ARCH = YES;
				OTHER_LDFLAGS = (
					"-ObjC",
					"-all_load",
				);
				PRODUCT_NAME = "";
				PROVISIONING_PROFILE = "";
				"PROVISIONING_PROFILE[sdk=iphoneos*]" = "";
				SDKROOT = iphoneos;
				TARGETED_DEVICE_FAMILY = "1,2";
				USER_HEADER_SEARCH_PATHS = "../../../sparrow/src/Classes/**";
			};
			name = Debug;
		};
		C01FCF5008A954540054247B /* Release */ = {
			isa = XCBuildConfiguration;
			buildSettings = {
				CLANG_ENABLE_OBJC_ARC = YES;
				CLANG_WARN_CONSTANT_CONVERSION = YES;
				CLANG_WARN_EMPTY_BODY = YES;
				CLANG_WARN_ENUM_CONVERSION = YES;
				CLANG_WARN_INT_CONVERSION = YES;
				CLANG_WARN__DUPLICATE_METHOD_MATCH = YES;
				CODE_SIGN_IDENTITY = "iPhone Distribution";
				"CODE_SIGN_IDENTITY[sdk=iphoneos*]" = "iPhone Distribution";
				GCC_C_LANGUAGE_STANDARD = gnu99;
				GCC_PRECOMPILE_PREFIX_HEADER = YES;
				GCC_PREFIX_HEADER = "App-Prefix.pch";
				GCC_THUMB_SUPPORT = NO;
				GCC_WARN_ABOUT_RETURN_TYPE = YES;
				GCC_WARN_UNINITIALIZED_AUTOS = YES;
				GCC_WARN_UNUSED_VARIABLE = YES;
				INFOPLIST_FILE = "";
				IPHONEOS_DEPLOYMENT_TARGET = 6.0;
				OTHER_LDFLAGS = (
					"-ObjC",
					"-all_load",
				);
				PRODUCT_NAME = "";
				PROVISIONING_PROFILE = "";
				"PROVISIONING_PROFILE[sdk=iphoneos*]" = "";
				SDKROOT = iphoneos;
				TARGETED_DEVICE_FAMILY = "1,2";
				USER_HEADER_SEARCH_PATHS = "../../../sparrow/src/Classes/**";
				VALIDATE_PRODUCT = YES;
			};
			name = Release;
		};
/* End XCBuildConfiguration section */

/* Begin XCConfigurationList section */
		1D6058960D05DD3E006BFB54 /* Build configuration list for PBXNativeTarget "Mole" */ = {
			isa = XCConfigurationList;
			buildConfigurations = (
				1D6058940D05DD3E006BFB54 /* Debug */,
				1D6058950D05DD3E006BFB54 /* Release */,
			);
			defaultConfigurationIsVisible = 0;
			defaultConfigurationName = Release;
		};
		C01FCF4E08A954540054247B /* Build configuration list for PBXProject "Mole" */ = {
			isa = XCConfigurationList;
			buildConfigurations = (
				C01FCF4F08A954540054247B /* Debug */,
				C01FCF5008A954540054247B /* Release */,
			);
			defaultConfigurationIsVisible = 0;
			defaultConfigurationName = Release;
		};
/* End XCConfigurationList section */
	};
	rootObject = 29B97313FDCFA39411CA2CEA /* Project object */;
}
