// !$*UTF8*$!
{
	archiveVersion = 1;
	classes = {
	};
	objectVersion = 46;
	objects = {

/* Begin PBXBuildFile section */
		1D3623260D0F684500981E51 /* AppDelegate.m in Sources */ = {isa = PBXBuildFile; fileRef = 1D3623250D0F684500981E51 /* AppDelegate.m */; };
		1D60589B0D05DD56006BFB54 /* main.m in Sources */ = {isa = PBXBuildFile; fileRef = 29B97316FDCFA39411CA2CEA /* main.m */; };
		1D60589F0D05DD5A006BFB54 /* Foundation.framework in Frameworks */ = {isa = PBXBuildFile; fileRef = 1D30AB110D05D00D00671497 /* Foundation.framework */; };
		1DF5F4E00D08C38300B7A737 /* UIKit.framework in Frameworks */ = {isa = PBXBuildFile; fileRef = 1DF5F4DF0D08C38300B7A737 /* UIKit.framework */; };
		288765FD0DF74451002DB57D /* CoreGraphics.framework in Frameworks */ = {isa = PBXBuildFile; fileRef = 288765FC0DF74451002DB57D /* CoreGraphics.framework */; };
		DE3F093811B7B9DC009D4DB0 /* AVFoundation.framework in Frameworks */ = {isa = PBXBuildFile; fileRef = DE3F093711B7B9DC009D4DB0 /* AVFoundation.framework */; };
		DE3F093A11B7B9DC009D4DB0 /* AudioToolbox.framework in Frameworks */ = {isa = PBXBuildFile; fileRef = DE3F093911B7B9DC009D4DB0 /* AudioToolbox.framework */; };
		DE3F097811B7BABD009D4DB0 /* OpenAL.framework in Frameworks */ = {isa = PBXBuildFile; fileRef = DE3F097711B7BABD009D4DB0 /* OpenAL.framework */; };
		DE4A3D7A10FFB08200FDA492 /* OpenGLES.framework in Frameworks */ = {isa = PBXBuildFile; fileRef = DE4A3D7910FFB08200FDA492 /* OpenGLES.framework */; };
		DE4A3D7F10FFB08B00FDA492 /* QuartzCore.framework in Frameworks */ = {isa = PBXBuildFile; fileRef = DE4A3D7E10FFB08B00FDA492 /* QuartzCore.framework */; };
		DE4A3DE510FFB2AF00FDA492 /* Game.m in Sources */ = {isa = PBXBuildFile; fileRef = DE4A3DE410FFB2AF00FDA492 /* Game.m */; };
		DE4F80D614E153E600655D44 /* Media.m in Sources */ = {isa = PBXBuildFile; fileRef = DE4F80D514E153E600655D44 /* Media.m */; };
		DE4F80E814E1541400655D44 /* sound.caf in Resources */ = {isa = PBXBuildFile; fileRef = DE4F80DB14E1541400655D44 /* sound.caf */; };
		DE5C4E6E138ED109004892CA /* libz.dylib in Frameworks */ = {isa = PBXBuildFile; fileRef = DE5C4E6D138ED109004892CA /* libz.dylib */; };
		DEAAF3DF16BC114D004EB9D5 /* GLKit.framework in Frameworks */ = {isa = PBXBuildFile; fileRef = DEAAF3DE16BC114D004EB9D5 /* GLKit.framework */; };
		E308C48E1785735C0084A937 /* Localizable.strings in Resources */ = {isa = PBXBuildFile; fileRef = E308C4881785735C0084A937 /* Localizable.strings */; };
		E31AF2A81786BE8A0018E837 /* Accounts.framework in Frameworks */ = {isa = PBXBuildFile; fileRef = E31AF2A71786BE8A0018E837 /* Accounts.framework */; settings = {ATTRIBUTES = (Weak, ); }; };
		E31AF2AA1786BE8E0018E837 /* AdSupport.framework in Frameworks */ = {isa = PBXBuildFile; fileRef = E31AF2A91786BE8E0018E837 /* AdSupport.framework */; settings = {ATTRIBUTES = (Weak, ); }; };
		E31AF2AE1786BED80018E837 /* FacebookShare.m in Sources */ = {isa = PBXBuildFile; fileRef = E31AF2AD1786BED80018E837 /* FacebookShare.m */; };
		E31AF2BA1786BFB50018E837 /* libsqlite3.dylib in Frameworks */ = {isa = PBXBuildFile; fileRef = E31AF2B91786BFB50018E837 /* libsqlite3.dylib */; };
		E32205ED1790FA2800566D23 /* Security.framework in Frameworks */ = {isa = PBXBuildFile; fileRef = E32205EC1790FA2800566D23 /* Security.framework */; };
		E32205F01790FA4200566D23 /* FacebookSDKResources.bundle in Resources */ = {isa = PBXBuildFile; fileRef = E32205EE1790FA4200566D23 /* FacebookSDKResources.bundle */; };
		E32205F11790FA4200566D23 /* FBUserSettingsViewResources.bundle in Resources */ = {isa = PBXBuildFile; fileRef = E32205EF1790FA4200566D23 /* FBUserSettingsViewResources.bundle */; };
		E32205F31790FA6900566D23 /* FacebookSDK.framework in Frameworks */ = {isa = PBXBuildFile; fileRef = E32205F21790FA6900566D23 /* FacebookSDK.framework */; };
		E3244B5317CCA0AC00D7FAEA /* SystemConfiguration.framework in Frameworks */ = {isa = PBXBuildFile; fileRef = E3244B5217CCA0AC00D7FAEA /* SystemConfiguration.framework */; };
		E3244B5517CCA0ED00D7FAEA /* StoreKit.framework in Frameworks */ = {isa = PBXBuildFile; fileRef = E3244B5417CCA0ED00D7FAEA /* StoreKit.framework */; };
		E3244B5717CCA10600D7FAEA /* MessageUI.framework in Frameworks */ = {isa = PBXBuildFile; fileRef = E3244B5617CCA10600D7FAEA /* MessageUI.framework */; };
		E359AD8B1760499A00B7FF96 /* alpha_background.png in Resources */ = {isa = PBXBuildFile; fileRef = E359AD371760499A00B7FF96 /* alpha_background.png */; };
		E359AD8C1760499A00B7FF96 /* atlas.png in Resources */ = {isa = PBXBuildFile; fileRef = E359AD381760499A00B7FF96 /* atlas.png */; };
		E359AD8D1760499A00B7FF96 /* atlas.xml in Resources */ = {isa = PBXBuildFile; fileRef = E359AD391760499A00B7FF96 /* atlas.xml */; };
		E359AD8E1760499A00B7FF96 /* background.jpg in Resources */ = {isa = PBXBuildFile; fileRef = E359AD3A1760499A00B7FF96 /* background.jpg */; };
		E359AD8F1760499A00B7FF96 /* button_back.png in Resources */ = {isa = PBXBuildFile; fileRef = E359AD3B1760499A00B7FF96 /* button_back.png */; };
		E359AD901760499A00B7FF96 /* button_normal.png in Resources */ = {isa = PBXBuildFile; fileRef = E359AD3C1760499A00B7FF96 /* button_normal.png */; };
		E359AD911760499A00B7FF96 /* button_short.png in Resources */ = {isa = PBXBuildFile; fileRef = E359AD3D1760499A00B7FF96 /* button_short.png */; };
		E359AD921760499A00B7FF96 /* donald_holy-tricky_female.png in Resources */ = {isa = PBXBuildFile; fileRef = E359AD3F1760499A00B7FF96 /* donald_holy-tricky_female.png */; };
		E359AD931760499A00B7FF96 /* donald_holy-tricky_male.png in Resources */ = {isa = PBXBuildFile; fileRef = E359AD401760499A00B7FF96 /* donald_holy-tricky_male.png */; };
		E359AD941760499A00B7FF96 /* ks_holy-tricky_female.png in Resources */ = {isa = PBXBuildFile; fileRef = E359AD411760499A00B7FF96 /* ks_holy-tricky_female.png */; };
		E359AD951760499A00B7FF96 /* ks_holy-tricky_male.png in Resources */ = {isa = PBXBuildFile; fileRef = E359AD421760499A00B7FF96 /* ks_holy-tricky_male.png */; };
		E359AD961760499A00B7FF96 /* lbt_holy-tricky_female.png in Resources */ = {isa = PBXBuildFile; fileRef = E359AD431760499A00B7FF96 /* lbt_holy-tricky_female.png */; };
		E359AD971760499A00B7FF96 /* lbt_holy-tricky_male.png in Resources */ = {isa = PBXBuildFile; fileRef = E359AD441760499A00B7FF96 /* lbt_holy-tricky_male.png */; };
		E359AD981760499A00B7FF96 /* littlethunder_holy-tricky_female.png in Resources */ = {isa = PBXBuildFile; fileRef = E359AD451760499A00B7FF96 /* littlethunder_holy-tricky_female.png */; };
		E359AD991760499A00B7FF96 /* littlethunder_holy-tricky_male.png in Resources */ = {isa = PBXBuildFile; fileRef = E359AD461760499A00B7FF96 /* littlethunder_holy-tricky_male.png */; };
		E359AD9A1760499A00B7FF96 /* peter_holy-tricky_female.png in Resources */ = {isa = PBXBuildFile; fileRef = E359AD471760499A00B7FF96 /* peter_holy-tricky_female.png */; };
		E359AD9B1760499A00B7FF96 /* peter_holy-tricky_male.png in Resources */ = {isa = PBXBuildFile; fileRef = E359AD481760499A00B7FF96 /* peter_holy-tricky_male.png */; };
		E359AD9C1760499A00B7FF96 /* sh_holy-tricky_female.png in Resources */ = {isa = PBXBuildFile; fileRef = E359AD491760499A00B7FF96 /* sh_holy-tricky_female.png */; };
		E359AD9D1760499A00B7FF96 /* sh_holy-tricky_male.png in Resources */ = {isa = PBXBuildFile; fileRef = E359AD4A1760499A00B7FF96 /* sh_holy-tricky_male.png */; };
		E359AD9E1760499A00B7FF96 /* tse_holy-tricky_female.png in Resources */ = {isa = PBXBuildFile; fileRef = E359AD4B1760499A00B7FF96 /* tse_holy-tricky_female.png */; };
		E359AD9F1760499A00B7FF96 /* tse_holy-tricky_male.png in Resources */ = {isa = PBXBuildFile; fileRef = E359AD4C1760499A00B7FF96 /* tse_holy-tricky_male.png */; };
		E359ADA01760499A00B7FF96 /* mole01.png in Resources */ = {isa = PBXBuildFile; fileRef = E359AD4D1760499A00B7FF96 /* mole01.png */; };
		E359ADA11760499A00B7FF96 /* textfieldBackground.png in Resources */ = {isa = PBXBuildFile; fileRef = E359AD4E1760499A00B7FF96 /* textfieldBackground.png */; };
		E359ADA21760499A00B7FF96 /* blank_face.png in Resources */ = {isa = PBXBuildFile; fileRef = E359AD501760499A00B7FF96 /* blank_face.png */; };
		E359ADA31760499A00B7FF96 /* donald_holy-tricky_female_thumb.png in Resources */ = {isa = PBXBuildFile; fileRef = E359AD511760499A00B7FF96 /* donald_holy-tricky_female_thumb.png */; };
		E359ADA41760499A00B7FF96 /* donald_holy-tricky_male_thumb.png in Resources */ = {isa = PBXBuildFile; fileRef = E359AD521760499A00B7FF96 /* donald_holy-tricky_male_thumb.png */; };
		E359ADA51760499A00B7FF96 /* ks_holy-tricky_female_thumb.png in Resources */ = {isa = PBXBuildFile; fileRef = E359AD531760499A00B7FF96 /* ks_holy-tricky_female_thumb.png */; };
		E359ADA61760499A00B7FF96 /* ks_holy-tricky_male_thumb.png in Resources */ = {isa = PBXBuildFile; fileRef = E359AD541760499A00B7FF96 /* ks_holy-tricky_male_thumb.png */; };
		E359ADA71760499A00B7FF96 /* lbt_holy-tricky_female_thumb.png in Resources */ = {isa = PBXBuildFile; fileRef = E359AD551760499A00B7FF96 /* lbt_holy-tricky_female_thumb.png */; };
		E359ADA81760499A00B7FF96 /* lbt_holy-tricky_male_thumb.png in Resources */ = {isa = PBXBuildFile; fileRef = E359AD561760499A00B7FF96 /* lbt_holy-tricky_male_thumb.png */; };
		E359ADA91760499A00B7FF96 /* littlethunder_holy-tricky_female_thumb.png in Resources */ = {isa = PBXBuildFile; fileRef = E359AD571760499A00B7FF96 /* littlethunder_holy-tricky_female_thumb.png */; };
		E359ADAA1760499A00B7FF96 /* littlethunder_holy-tricky_male_thumb.png in Resources */ = {isa = PBXBuildFile; fileRef = E359AD581760499A00B7FF96 /* littlethunder_holy-tricky_male_thumb.png */; };
		E359ADAB1760499A00B7FF96 /* peter_holy-tricky_female_thumb.png in Resources */ = {isa = PBXBuildFile; fileRef = E359AD591760499A00B7FF96 /* peter_holy-tricky_female_thumb.png */; };
		E359ADAC1760499A00B7FF96 /* peter_holy-tricky_male_thumb.png in Resources */ = {isa = PBXBuildFile; fileRef = E359AD5A1760499A00B7FF96 /* peter_holy-tricky_male_thumb.png */; };
		E359ADAD1760499A00B7FF96 /* sh_holy-tricky_female_thumb.png in Resources */ = {isa = PBXBuildFile; fileRef = E359AD5B1760499A00B7FF96 /* sh_holy-tricky_female_thumb.png */; };
		E359ADAE1760499A00B7FF96 /* sh_holy-tricky_male_thumb.png in Resources */ = {isa = PBXBuildFile; fileRef = E359AD5C1760499A00B7FF96 /* sh_holy-tricky_male_thumb.png */; };
		E359ADAF1760499A00B7FF96 /* tse_holy-tricky_female_thumb.png in Resources */ = {isa = PBXBuildFile; fileRef = E359AD5D1760499A00B7FF96 /* tse_holy-tricky_female_thumb.png */; };
		E359ADB01760499A00B7FF96 /* tse_holy-tricky_male_thumb.png in Resources */ = {isa = PBXBuildFile; fileRef = E359AD5E1760499A00B7FF96 /* tse_holy-tricky_male_thumb.png */; };
		E359ADB11760499A00B7FF96 /* x.png in Resources */ = {isa = PBXBuildFile; fileRef = E359AD5F1760499A00B7FF96 /* x.png */; };
		E359ADB21760499A00B7FF96 /* alpha_background@2x.png in Resources */ = {isa = PBXBuildFile; fileRef = E359AD611760499A00B7FF96 /* alpha_background@2x.png */; };
		E359ADB51760499A00B7FF96 /* background@2x.jpg in Resources */ = {isa = PBXBuildFile; fileRef = E359AD641760499A00B7FF96 /* background@2x.jpg */; };
		E359ADB61760499A00B7FF96 /* button_back@2x.png in Resources */ = {isa = PBXBuildFile; fileRef = E359AD651760499A00B7FF96 /* button_back@2x.png */; };
		E359ADB71760499A00B7FF96 /* button_normal@2x.png in Resources */ = {isa = PBXBuildFile; fileRef = E359AD661760499A00B7FF96 /* button_normal@2x.png */; };
		E359ADB81760499A00B7FF96 /* button_short@2x.png in Resources */ = {isa = PBXBuildFile; fileRef = E359AD671760499A00B7FF96 /* button_short@2x.png */; };
		E359ADB91760499A00B7FF96 /* donald_holy-tricky_female@2x.png in Resources */ = {isa = PBXBuildFile; fileRef = E359AD691760499A00B7FF96 /* donald_holy-tricky_female@2x.png */; };
		E359ADBA1760499A00B7FF96 /* donald_holy-tricky_male@2x.png in Resources */ = {isa = PBXBuildFile; fileRef = E359AD6A1760499A00B7FF96 /* donald_holy-tricky_male@2x.png */; };
		E359ADBB1760499A00B7FF96 /* ks_holy-tricky_female@2x.png in Resources */ = {isa = PBXBuildFile; fileRef = E359AD6B1760499A00B7FF96 /* ks_holy-tricky_female@2x.png */; };
		E359ADBC1760499A00B7FF96 /* ks_holy-tricky_male@2x.png in Resources */ = {isa = PBXBuildFile; fileRef = E359AD6C1760499A00B7FF96 /* ks_holy-tricky_male@2x.png */; };
		E359ADBD1760499A00B7FF96 /* lbt_holy-tricky_female@2x.png in Resources */ = {isa = PBXBuildFile; fileRef = E359AD6D1760499A00B7FF96 /* lbt_holy-tricky_female@2x.png */; };
		E359ADBE1760499A00B7FF96 /* lbt_holy-tricky_male@2x.png in Resources */ = {isa = PBXBuildFile; fileRef = E359AD6E1760499A00B7FF96 /* lbt_holy-tricky_male@2x.png */; };
		E359ADBF1760499A00B7FF96 /* littlethunder_holy-tricky_female@x2.png in Resources */ = {isa = PBXBuildFile; fileRef = E359AD6F1760499A00B7FF96 /* littlethunder_holy-tricky_female@x2.png */; };
		E359ADC01760499A00B7FF96 /* littlethunder_holy-tricky_male@x2.png in Resources */ = {isa = PBXBuildFile; fileRef = E359AD701760499A00B7FF96 /* littlethunder_holy-tricky_male@x2.png */; };
		E359ADC11760499A00B7FF96 /* peter_holy-tricky_female@2x.png in Resources */ = {isa = PBXBuildFile; fileRef = E359AD711760499A00B7FF96 /* peter_holy-tricky_female@2x.png */; };
		E359ADC21760499A00B7FF96 /* peter_holy-tricky_male@2x.png in Resources */ = {isa = PBXBuildFile; fileRef = E359AD721760499A00B7FF96 /* peter_holy-tricky_male@2x.png */; };
		E359ADC31760499A00B7FF96 /* sh_holy-tricky_female@2x.png in Resources */ = {isa = PBXBuildFile; fileRef = E359AD731760499A00B7FF96 /* sh_holy-tricky_female@2x.png */; };
		E359ADC41760499A00B7FF96 /* sh_holy-tricky_male@2x.png in Resources */ = {isa = PBXBuildFile; fileRef = E359AD741760499A00B7FF96 /* sh_holy-tricky_male@2x.png */; };
		E359ADC51760499A00B7FF96 /* tse_holy-tricky_female@2x.png in Resources */ = {isa = PBXBuildFile; fileRef = E359AD751760499A00B7FF96 /* tse_holy-tricky_female@2x.png */; };
		E359ADC61760499A00B7FF96 /* tse_holy-tricky_male@x2.png in Resources */ = {isa = PBXBuildFile; fileRef = E359AD761760499A00B7FF96 /* tse_holy-tricky_male@x2.png */; };
		E359ADC71760499A00B7FF96 /* mole01@2x.png in Resources */ = {isa = PBXBuildFile; fileRef = E359AD771760499A00B7FF96 /* mole01@2x.png */; };
		E359ADC81760499A00B7FF96 /* textfieldBackground@2x.png in Resources */ = {isa = PBXBuildFile; fileRef = E359AD781760499A00B7FF96 /* textfieldBackground@2x.png */; };
		E359ADC91760499A00B7FF96 /* blank_face@2x.png in Resources */ = {isa = PBXBuildFile; fileRef = E359AD7A1760499A00B7FF96 /* blank_face@2x.png */; };
		E359ADCA1760499A00B7FF96 /* donald_holy-tricky_female_thumb@2x.png in Resources */ = {isa = PBXBuildFile; fileRef = E359AD7B1760499A00B7FF96 /* donald_holy-tricky_female_thumb@2x.png */; };
		E359ADCB1760499A00B7FF96 /* donald_holy-tricky_male_thumb@2x.png in Resources */ = {isa = PBXBuildFile; fileRef = E359AD7C1760499A00B7FF96 /* donald_holy-tricky_male_thumb@2x.png */; };
		E359ADCC1760499A00B7FF96 /* ks_holy-tricky_female_thumb@2x.png in Resources */ = {isa = PBXBuildFile; fileRef = E359AD7D1760499A00B7FF96 /* ks_holy-tricky_female_thumb@2x.png */; };
		E359ADCD1760499A00B7FF96 /* ks_holy-tricky_male_thumb@2x.png in Resources */ = {isa = PBXBuildFile; fileRef = E359AD7E1760499A00B7FF96 /* ks_holy-tricky_male_thumb@2x.png */; };
		E359ADCE1760499A00B7FF96 /* lbt_holy-tricky_female_thumb@2x.png in Resources */ = {isa = PBXBuildFile; fileRef = E359AD7F1760499A00B7FF96 /* lbt_holy-tricky_female_thumb@2x.png */; };
		E359ADCF1760499A00B7FF96 /* lbt_holy-tricky_male_thumb@2x.png in Resources */ = {isa = PBXBuildFile; fileRef = E359AD801760499A00B7FF96 /* lbt_holy-tricky_male_thumb@2x.png */; };
		E359ADD01760499A00B7FF96 /* littlethunder_holy-tricky_female_thumb@x2.png in Resources */ = {isa = PBXBuildFile; fileRef = E359AD811760499A00B7FF96 /* littlethunder_holy-tricky_female_thumb@x2.png */; };
		E359ADD11760499A00B7FF96 /* littlethunder_holy-tricky_male_thumb@x2.png in Resources */ = {isa = PBXBuildFile; fileRef = E359AD821760499A00B7FF96 /* littlethunder_holy-tricky_male_thumb@x2.png */; };
		E359ADD21760499A00B7FF96 /* peter_holy-tricky_female_thumb@2x.png in Resources */ = {isa = PBXBuildFile; fileRef = E359AD831760499A00B7FF96 /* peter_holy-tricky_female_thumb@2x.png */; };
		E359ADD31760499A00B7FF96 /* peter_holy-tricky_male_thumb@2x.png in Resources */ = {isa = PBXBuildFile; fileRef = E359AD841760499A00B7FF96 /* peter_holy-tricky_male_thumb@2x.png */; };
		E359ADD41760499A00B7FF96 /* sh_holy-tricky_female_thumb@2x.png in Resources */ = {isa = PBXBuildFile; fileRef = E359AD851760499A00B7FF96 /* sh_holy-tricky_female_thumb@2x.png */; };
		E359ADD51760499A00B7FF96 /* sh_holy-tricky_male_thumb@2x.png in Resources */ = {isa = PBXBuildFile; fileRef = E359AD861760499A00B7FF96 /* sh_holy-tricky_male_thumb@2x.png */; };
		E359ADD61760499A00B7FF96 /* tse_holy-tricky_female_thumb@2x.png in Resources */ = {isa = PBXBuildFile; fileRef = E359AD871760499A00B7FF96 /* tse_holy-tricky_female_thumb@2x.png */; };
		E359ADD71760499A00B7FF96 /* tse_holy-tricky_male_thumb@x2.png in Resources */ = {isa = PBXBuildFile; fileRef = E359AD881760499A00B7FF96 /* tse_holy-tricky_male_thumb@x2.png */; };
		E359ADD81760499A00B7FF96 /* README.txt in Resources */ = {isa = PBXBuildFile; fileRef = E359AD8A1760499A00B7FF96 /* README.txt */; };
		E359ADEB17604A1A00B7FF96 /* credit.txt in Resources */ = {isa = PBXBuildFile; fileRef = E359ADDA17604A1A00B7FF96 /* credit.txt */; };
		E359ADEC17604A1A00B7FF96 /* deafult_description.plist in Resources */ = {isa = PBXBuildFile; fileRef = E359ADDB17604A1A00B7FF96 /* deafult_description.plist */; };
		E359ADED17604A1A00B7FF96 /* descriptions.plist in Resources */ = {isa = PBXBuildFile; fileRef = E359ADDC17604A1A00B7FF96 /* descriptions.plist */; };
		E359ADEE17604A1A00B7FF96 /* donald_holy-tricky_female.plist in Resources */ = {isa = PBXBuildFile; fileRef = E359ADDD17604A1A00B7FF96 /* donald_holy-tricky_female.plist */; };
		E359ADEF17604A1A00B7FF96 /* donald_holy-tricky_male.plist in Resources */ = {isa = PBXBuildFile; fileRef = E359ADDE17604A1A00B7FF96 /* donald_holy-tricky_male.plist */; };
		E359ADF017604A1A00B7FF96 /* ks_holy-tricky_female.plist in Resources */ = {isa = PBXBuildFile; fileRef = E359ADDF17604A1A00B7FF96 /* ks_holy-tricky_female.plist */; };
		E359ADF117604A1A00B7FF96 /* ks_holy-tricky_male.plist in Resources */ = {isa = PBXBuildFile; fileRef = E359ADE017604A1A00B7FF96 /* ks_holy-tricky_male.plist */; };
		E359ADF217604A1A00B7FF96 /* lbt_holy-tricky_female.plist in Resources */ = {isa = PBXBuildFile; fileRef = E359ADE117604A1A00B7FF96 /* lbt_holy-tricky_female.plist */; };
		E359ADF317604A1A00B7FF96 /* lbt_holy-tricky_male.plist in Resources */ = {isa = PBXBuildFile; fileRef = E359ADE217604A1A00B7FF96 /* lbt_holy-tricky_male.plist */; };
		E359ADF417604A1A00B7FF96 /* littlethunder_holy-tricky_female.plist in Resources */ = {isa = PBXBuildFile; fileRef = E359ADE317604A1A00B7FF96 /* littlethunder_holy-tricky_female.plist */; };
		E359ADF517604A1A00B7FF96 /* littlethunder_holy-tricky_male.plist in Resources */ = {isa = PBXBuildFile; fileRef = E359ADE417604A1A00B7FF96 /* littlethunder_holy-tricky_male.plist */; };
		E359ADF617604A1A00B7FF96 /* peter_holy-tricky_female.plist in Resources */ = {isa = PBXBuildFile; fileRef = E359ADE517604A1A00B7FF96 /* peter_holy-tricky_female.plist */; };
		E359ADF717604A1A00B7FF96 /* peter_holy-tricky_male.plist in Resources */ = {isa = PBXBuildFile; fileRef = E359ADE617604A1A00B7FF96 /* peter_holy-tricky_male.plist */; };
		E359ADF817604A1A00B7FF96 /* sh_holy-tricky_female.plist in Resources */ = {isa = PBXBuildFile; fileRef = E359ADE717604A1A00B7FF96 /* sh_holy-tricky_female.plist */; };
		E359ADF917604A1A00B7FF96 /* sh_holy-tricky_male.plist in Resources */ = {isa = PBXBuildFile; fileRef = E359ADE817604A1A00B7FF96 /* sh_holy-tricky_male.plist */; };
		E359ADFA17604A1A00B7FF96 /* tse_holy-tricky_female.plist in Resources */ = {isa = PBXBuildFile; fileRef = E359ADE917604A1A00B7FF96 /* tse_holy-tricky_female.plist */; };
		E359ADFB17604A1A00B7FF96 /* tse_holy-tricky_male.plist in Resources */ = {isa = PBXBuildFile; fileRef = E359ADEA17604A1A00B7FF96 /* tse_holy-tricky_male.plist */; };
		E3747BDC173BFEBF00C24DD2 /* libSparrow.a in Frameworks */ = {isa = PBXBuildFile; fileRef = E3747BD9173BFEB900C24DD2 /* libSparrow.a */; };
		E376B96817473F53007D6BD8 /* GameCore.m in Sources */ = {isa = PBXBuildFile; fileRef = E376B96717473F53007D6BD8 /* GameCore.m */; };
		E376B9A0174742E2007D6BD8 /* Social.framework in Frameworks */ = {isa = PBXBuildFile; fileRef = E376B99F174742E2007D6BD8 /* Social.framework */; settings = {ATTRIBUTES = (Weak, ); }; };
		E3A019C817507D6100D722FC /* MoleDescription.m in Sources */ = {isa = PBXBuildFile; fileRef = E3A019C717507D6100D722FC /* MoleDescription.m */; };
		E3A646891830731B00219720 /* libGoogleAdMobAds.a in Frameworks */ = {isa = PBXBuildFile; fileRef = E3A646871830731B00219720 /* libGoogleAdMobAds.a */; };
		E3A6468A1830731B00219720 /* README.txt in Resources */ = {isa = PBXBuildFile; fileRef = E3A646881830731B00219720 /* README.txt */; };
		E3A6468D1830733400219720 /* BannerExampleViewController.m in Sources */ = {isa = PBXBuildFile; fileRef = E3A6468C1830733400219720 /* BannerExampleViewController.m */; };
		E3A6469F1830760B00219720 /* iTunesArtwork@2x.png in Resources */ = {isa = PBXBuildFile; fileRef = E3A6468F1830760B00219720 /* iTunesArtwork@2x.png */; };
		E3A646A01830760B00219720 /* iTunesArtwork.png in Resources */ = {isa = PBXBuildFile; fileRef = E3A646901830760B00219720 /* iTunesArtwork.png */; };
		E3A646A11830760B00219720 /* Icon-76@2x.png in Resources */ = {isa = PBXBuildFile; fileRef = E3A646911830760B00219720 /* Icon-76@2x.png */; };
		E3A646A21830760B00219720 /* Icon-72@2x.png in Resources */ = {isa = PBXBuildFile; fileRef = E3A646921830760B00219720 /* Icon-72@2x.png */; };
		E3A646A31830760B00219720 /* Icon~iphone.png in Resources */ = {isa = PBXBuildFile; fileRef = E3A646931830760B00219720 /* Icon~iphone.png */; };
		E3A646A41830760B00219720 /* Icon@2x.png in Resources */ = {isa = PBXBuildFile; fileRef = E3A646941830760B00219720 /* Icon@2x.png */; };
		E3A646A51830760B00219720 /* Icon-Small-50@2x.png in Resources */ = {isa = PBXBuildFile; fileRef = E3A646951830760B00219720 /* Icon-Small-50@2x.png */; };
		E3A646A71830760B00219720 /* Icon-76.png in Resources */ = {isa = PBXBuildFile; fileRef = E3A646971830760B00219720 /* Icon-76.png */; };
		E3A646A81830760B00219720 /* Icon-72.png in Resources */ = {isa = PBXBuildFile; fileRef = E3A646981830760B00219720 /* Icon-72.png */; };
		E3A646A91830760B00219720 /* Icon-60.png in Resources */ = {isa = PBXBuildFile; fileRef = E3A646991830760B00219720 /* Icon-60.png */; };
		E3A646AA1830760B00219720 /* Icon@2x~iphone.png in Resources */ = {isa = PBXBuildFile; fileRef = E3A6469A1830760B00219720 /* Icon@2x~iphone.png */; };
		E3A646AB1830760B00219720 /* Icon.png in Resources */ = {isa = PBXBuildFile; fileRef = E3A6469B1830760B00219720 /* Icon.png */; };
		E3A646AC1830760B00219720 /* Icon-Small-50.png in Resources */ = {isa = PBXBuildFile; fileRef = E3A6469C1830760B00219720 /* Icon-Small-50.png */; };
		E3A646AD1830760B00219720 /* Icon-40.png in Resources */ = {isa = PBXBuildFile; fileRef = E3A6469D1830760B00219720 /* Icon-40.png */; };
		E3A646AE1830760B00219720 /* Icon-Small.png in Resources */ = {isa = PBXBuildFile; fileRef = E3A6469E1830760B00219720 /* Icon-Small.png */; };
		E3A8755517466A59002410DD /* Scene.m in Sources */ = {isa = PBXBuildFile; fileRef = E3A8755417466A59002410DD /* Scene.m */; };
		E3A87558174678AA002410DD /* FacePick.m in Sources */ = {isa = PBXBuildFile; fileRef = E3A87557174678AA002410DD /* FacePick.m */; };
		E3A875FB1746A761002410DD /* NameInput.m in Sources */ = {isa = PBXBuildFile; fileRef = E3A875FA1746A761002410DD /* NameInput.m */; };
		E3BED07E1754A75200795358 /* OverlayAnimation.m in Sources */ = {isa = PBXBuildFile; fileRef = E3BED07D1754A75200795358 /* OverlayAnimation.m */; };
		E3BF4A46174789FB00D3D3CF /* TouchSheet.m in Sources */ = {isa = PBXBuildFile; fileRef = E3BF4A45174789FB00D3D3CF /* TouchSheet.m */; };
		E3D234331759A72B001C4836 /* CustomUIButton.m in Sources */ = {isa = PBXBuildFile; fileRef = E3D2342F1759A72B001C4836 /* CustomUIButton.m */; };
		E3D234341759A72B001C4836 /* OBShapedButton.m in Sources */ = {isa = PBXBuildFile; fileRef = E3D234321759A72B001C4836 /* OBShapedButton.m */; };
		E3D234381759AA5D001C4836 /* UIImage+ColorAtPixel.m in Sources */ = {isa = PBXBuildFile; fileRef = E3D234371759AA5D001C4836 /* UIImage+ColorAtPixel.m */; };
		E3D234461759CFCA001C4836 /* CFNetwork.framework in Frameworks */ = {isa = PBXBuildFile; fileRef = E3D234451759CFCA001C4836 /* CFNetwork.framework */; };
		E3DEB2901830785800E6CED0 /* Default-Landscape~ipad.png in Resources */ = {isa = PBXBuildFile; fileRef = E3DEB28B1830785800E6CED0 /* Default-Landscape~ipad.png */; };
		E3DEB2911830785800E6CED0 /* Default-Portrait~ipad.png in Resources */ = {isa = PBXBuildFile; fileRef = E3DEB28C1830785800E6CED0 /* Default-Portrait~ipad.png */; };
		E3DEB2921830785800E6CED0 /* Default.png in Resources */ = {isa = PBXBuildFile; fileRef = E3DEB28D1830785800E6CED0 /* Default.png */; };
		E3DEB2931830785800E6CED0 /* Default@2x.png in Resources */ = {isa = PBXBuildFile; fileRef = E3DEB28E1830785800E6CED0 /* Default@2x.png */; };
		E3DEB2941830785800E6CED0 /* iTunesArtwork in Resources */ = {isa = PBXBuildFile; fileRef = E3DEB28F1830785800E6CED0 /* iTunesArtwork */; };
		E3DEB298183078D600E6CED0 /* Default-568h@2x.png in Resources */ = {isa = PBXBuildFile; fileRef = E3DEB297183078D600E6CED0 /* Default-568h@2x.png */; };
		E3DEB2A318307C0000E6CED0 /* Images.xcassets in Resources */ = {isa = PBXBuildFile; fileRef = E3DEB2A218307C0000E6CED0 /* Images.xcassets */; };
		E3E450D9174E578F0009C270 /* CreditPage.m in Sources */ = {isa = PBXBuildFile; fileRef = E3E450D8174E578F0009C270 /* CreditPage.m */; };
/* End PBXBuildFile section */

/* Begin PBXContainerItemProxy section */
		E3747BD8173BFEB900C24DD2 /* PBXContainerItemProxy */ = {
			isa = PBXContainerItemProxy;
			containerPortal = DE4A3DA210FFB0D400FDA492 /* Sparrow.xcodeproj */;
			proxyType = 2;
			remoteGlobalIDString = DEFE4BC2101B317600E22471;
			remoteInfo = Sparrow;
		};
		E3747BDA173BFEB900C24DD2 /* PBXContainerItemProxy */ = {
			isa = PBXContainerItemProxy;
			containerPortal = DE4A3DA210FFB0D400FDA492 /* Sparrow.xcodeproj */;
			proxyType = 2;
			remoteGlobalIDString = DEEA9335101E32A30071DD21;
			remoteInfo = UnitTests;
		};
/* End PBXContainerItemProxy section */

/* Begin PBXFileReference section */
		1D30AB110D05D00D00671497 /* Foundation.framework */ = {isa = PBXFileReference; lastKnownFileType = wrapper.framework; name = Foundation.framework; path = System/Library/Frameworks/Foundation.framework; sourceTree = SDKROOT; };
		1D3623240D0F684500981E51 /* AppDelegate.h */ = {isa = PBXFileReference; fileEncoding = 4; lastKnownFileType = sourcecode.c.h; path = AppDelegate.h; sourceTree = "<group>"; };
		1D3623250D0F684500981E51 /* AppDelegate.m */ = {isa = PBXFileReference; fileEncoding = 4; lastKnownFileType = sourcecode.c.objc; path = AppDelegate.m; sourceTree = "<group>"; };
		1D6058910D05DD3D006BFB54 /* Mole.app */ = {isa = PBXFileReference; explicitFileType = wrapper.application; includeInIndex = 0; path = Mole.app; sourceTree = BUILT_PRODUCTS_DIR; };
		1DF5F4DF0D08C38300B7A737 /* UIKit.framework */ = {isa = PBXFileReference; lastKnownFileType = wrapper.framework; name = UIKit.framework; path = System/Library/Frameworks/UIKit.framework; sourceTree = SDKROOT; };
		288765FC0DF74451002DB57D /* CoreGraphics.framework */ = {isa = PBXFileReference; lastKnownFileType = wrapper.framework; name = CoreGraphics.framework; path = System/Library/Frameworks/CoreGraphics.framework; sourceTree = SDKROOT; };
		29B97316FDCFA39411CA2CEA /* main.m */ = {isa = PBXFileReference; fileEncoding = 4; lastKnownFileType = sourcecode.c.objc; path = main.m; sourceTree = "<group>"; };
		32CA4F630368D1EE00C91783 /* App-Prefix.pch */ = {isa = PBXFileReference; fileEncoding = 4; lastKnownFileType = sourcecode.c.h; path = "App-Prefix.pch"; sourceTree = "<group>"; };
		8D1107310486CEB800E47090 /* App-Info.plist */ = {isa = PBXFileReference; fileEncoding = 4; lastKnownFileType = text.plist.xml; path = "App-Info.plist"; plistStructureDefinitionIdentifier = "com.apple.xcode.plist.structure-definition.iphone.info-plist"; sourceTree = "<group>"; };
		DE3F093711B7B9DC009D4DB0 /* AVFoundation.framework */ = {isa = PBXFileReference; lastKnownFileType = wrapper.framework; name = AVFoundation.framework; path = System/Library/Frameworks/AVFoundation.framework; sourceTree = SDKROOT; };
		DE3F093911B7B9DC009D4DB0 /* AudioToolbox.framework */ = {isa = PBXFileReference; lastKnownFileType = wrapper.framework; name = AudioToolbox.framework; path = System/Library/Frameworks/AudioToolbox.framework; sourceTree = SDKROOT; };
		DE3F097711B7BABD009D4DB0 /* OpenAL.framework */ = {isa = PBXFileReference; lastKnownFileType = wrapper.framework; name = OpenAL.framework; path = System/Library/Frameworks/OpenAL.framework; sourceTree = SDKROOT; };
		DE4A3D7910FFB08200FDA492 /* OpenGLES.framework */ = {isa = PBXFileReference; lastKnownFileType = wrapper.framework; name = OpenGLES.framework; path = System/Library/Frameworks/OpenGLES.framework; sourceTree = SDKROOT; };
		DE4A3D7E10FFB08B00FDA492 /* QuartzCore.framework */ = {isa = PBXFileReference; lastKnownFileType = wrapper.framework; name = QuartzCore.framework; path = System/Library/Frameworks/QuartzCore.framework; sourceTree = SDKROOT; };
		DE4A3DA210FFB0D400FDA492 /* Sparrow.xcodeproj */ = {isa = PBXFileReference; lastKnownFileType = "wrapper.pb-project"; name = Sparrow.xcodeproj; path = ../../../sparrow/src/Sparrow.xcodeproj; sourceTree = SOURCE_ROOT; };
		DE4A3DE310FFB2AF00FDA492 /* Game.h */ = {isa = PBXFileReference; fileEncoding = 4; lastKnownFileType = sourcecode.c.h; path = Game.h; sourceTree = "<group>"; };
		DE4A3DE410FFB2AF00FDA492 /* Game.m */ = {isa = PBXFileReference; fileEncoding = 4; lastKnownFileType = sourcecode.c.objc; path = Game.m; sourceTree = "<group>"; };
		DE4F80D414E153E600655D44 /* Media.h */ = {isa = PBXFileReference; fileEncoding = 4; lastKnownFileType = sourcecode.c.h; path = Media.h; sourceTree = "<group>"; };
		DE4F80D514E153E600655D44 /* Media.m */ = {isa = PBXFileReference; fileEncoding = 4; lastKnownFileType = sourcecode.c.objc; path = Media.m; sourceTree = "<group>"; };
		DE4F80DB14E1541400655D44 /* sound.caf */ = {isa = PBXFileReference; lastKnownFileType = file; path = sound.caf; sourceTree = "<group>"; };
		DE5C4E6D138ED109004892CA /* libz.dylib */ = {isa = PBXFileReference; lastKnownFileType = "compiled.mach-o.dylib"; name = libz.dylib; path = usr/lib/libz.dylib; sourceTree = SDKROOT; };
		DEAAF3DE16BC114D004EB9D5 /* GLKit.framework */ = {isa = PBXFileReference; lastKnownFileType = wrapper.framework; name = GLKit.framework; path = System/Library/Frameworks/GLKit.framework; sourceTree = SDKROOT; };
		E308C4891785735C0084A937 /* en */ = {isa = PBXFileReference; lastKnownFileType = text.plist.strings; name = en; path = Localizable.strings; sourceTree = "<group>"; };
		E308C491178573D00084A937 /* zh-Hans */ = {isa = PBXFileReference; lastKnownFileType = text.plist.strings; name = "zh-Hans"; path = "zh-Hans.lproj/Localizable.strings"; sourceTree = "<group>"; };
		E308C492178573DF0084A937 /* zh-Hant */ = {isa = PBXFileReference; lastKnownFileType = text.plist.strings; name = "zh-Hant"; path = "zh-Hant.lproj/Localizable.strings"; sourceTree = "<group>"; };
		E31AF2A71786BE8A0018E837 /* Accounts.framework */ = {isa = PBXFileReference; lastKnownFileType = wrapper.framework; name = Accounts.framework; path = System/Library/Frameworks/Accounts.framework; sourceTree = SDKROOT; };
		E31AF2A91786BE8E0018E837 /* AdSupport.framework */ = {isa = PBXFileReference; lastKnownFileType = wrapper.framework; name = AdSupport.framework; path = System/Library/Frameworks/AdSupport.framework; sourceTree = SDKROOT; };
		E31AF2AC1786BED80018E837 /* FacebookShare.h */ = {isa = PBXFileReference; fileEncoding = 4; lastKnownFileType = sourcecode.c.h; path = FacebookShare.h; sourceTree = "<group>"; };
		E31AF2AD1786BED80018E837 /* FacebookShare.m */ = {isa = PBXFileReference; fileEncoding = 4; lastKnownFileType = sourcecode.c.objc; path = FacebookShare.m; sourceTree = "<group>"; };
		E31AF2B91786BFB50018E837 /* libsqlite3.dylib */ = {isa = PBXFileReference; lastKnownFileType = "compiled.mach-o.dylib"; name = libsqlite3.dylib; path = usr/lib/libsqlite3.dylib; sourceTree = SDKROOT; };
		E32205EC1790FA2800566D23 /* Security.framework */ = {isa = PBXFileReference; lastKnownFileType = wrapper.framework; name = Security.framework; path = System/Library/Frameworks/Security.framework; sourceTree = SDKROOT; };
		E32205EE1790FA4200566D23 /* FacebookSDKResources.bundle */ = {isa = PBXFileReference; lastKnownFileType = "wrapper.plug-in"; name = FacebookSDKResources.bundle; path = ../../../../FacebookSDK/FacebookSDK.framework/Versions/A/Resources/FacebookSDKResources.bundle; sourceTree = "<group>"; };
		E32205EF1790FA4200566D23 /* FBUserSettingsViewResources.bundle */ = {isa = PBXFileReference; lastKnownFileType = "wrapper.plug-in"; name = FBUserSettingsViewResources.bundle; path = ../../../../FacebookSDK/FacebookSDK.framework/Versions/A/Resources/FBUserSettingsViewResources.bundle; sourceTree = "<group>"; };
		E32205F21790FA6900566D23 /* FacebookSDK.framework */ = {isa = PBXFileReference; lastKnownFileType = wrapper.framework; name = FacebookSDK.framework; path = ../../../../FacebookSDK/FacebookSDK.framework; sourceTree = "<group>"; };
		E3244B5217CCA0AC00D7FAEA /* SystemConfiguration.framework */ = {isa = PBXFileReference; lastKnownFileType = wrapper.framework; name = SystemConfiguration.framework; path = System/Library/Frameworks/SystemConfiguration.framework; sourceTree = SDKROOT; };
		E3244B5417CCA0ED00D7FAEA /* StoreKit.framework */ = {isa = PBXFileReference; lastKnownFileType = wrapper.framework; name = StoreKit.framework; path = System/Library/Frameworks/StoreKit.framework; sourceTree = SDKROOT; };
		E3244B5617CCA10600D7FAEA /* MessageUI.framework */ = {isa = PBXFileReference; lastKnownFileType = wrapper.framework; name = MessageUI.framework; path = System/Library/Frameworks/MessageUI.framework; sourceTree = SDKROOT; };
		E359AD371760499A00B7FF96 /* alpha_background.png */ = {isa = PBXFileReference; lastKnownFileType = image.png; path = alpha_background.png; sourceTree = "<group>"; };
		E359AD381760499A00B7FF96 /* atlas.png */ = {isa = PBXFileReference; lastKnownFileType = image.png; path = atlas.png; sourceTree = "<group>"; };
		E359AD391760499A00B7FF96 /* atlas.xml */ = {isa = PBXFileReference; fileEncoding = 4; lastKnownFileType = text.xml; path = atlas.xml; sourceTree = "<group>"; };
		E359AD3A1760499A00B7FF96 /* background.jpg */ = {isa = PBXFileReference; lastKnownFileType = image.jpeg; path = background.jpg; sourceTree = "<group>"; };
		E359AD3B1760499A00B7FF96 /* button_back.png */ = {isa = PBXFileReference; lastKnownFileType = image.png; path = button_back.png; sourceTree = "<group>"; };
		E359AD3C1760499A00B7FF96 /* button_normal.png */ = {isa = PBXFileReference; lastKnownFileType = image.png; path = button_normal.png; sourceTree = "<group>"; };
		E359AD3D1760499A00B7FF96 /* button_short.png */ = {isa = PBXFileReference; lastKnownFileType = image.png; path = button_short.png; sourceTree = "<group>"; };
		E359AD3F1760499A00B7FF96 /* donald_holy-tricky_female.png */ = {isa = PBXFileReference; lastKnownFileType = image.png; path = "donald_holy-tricky_female.png"; sourceTree = "<group>"; };
		E359AD401760499A00B7FF96 /* donald_holy-tricky_male.png */ = {isa = PBXFileReference; lastKnownFileType = image.png; path = "donald_holy-tricky_male.png"; sourceTree = "<group>"; };
		E359AD411760499A00B7FF96 /* ks_holy-tricky_female.png */ = {isa = PBXFileReference; lastKnownFileType = image.png; path = "ks_holy-tricky_female.png"; sourceTree = "<group>"; };
		E359AD421760499A00B7FF96 /* ks_holy-tricky_male.png */ = {isa = PBXFileReference; lastKnownFileType = image.png; path = "ks_holy-tricky_male.png"; sourceTree = "<group>"; };
		E359AD431760499A00B7FF96 /* lbt_holy-tricky_female.png */ = {isa = PBXFileReference; lastKnownFileType = image.png; path = "lbt_holy-tricky_female.png"; sourceTree = "<group>"; };
		E359AD441760499A00B7FF96 /* lbt_holy-tricky_male.png */ = {isa = PBXFileReference; lastKnownFileType = image.png; path = "lbt_holy-tricky_male.png"; sourceTree = "<group>"; };
		E359AD451760499A00B7FF96 /* littlethunder_holy-tricky_female.png */ = {isa = PBXFileReference; lastKnownFileType = image.png; path = "littlethunder_holy-tricky_female.png"; sourceTree = "<group>"; };
		E359AD461760499A00B7FF96 /* littlethunder_holy-tricky_male.png */ = {isa = PBXFileReference; lastKnownFileType = image.png; path = "littlethunder_holy-tricky_male.png"; sourceTree = "<group>"; };
		E359AD471760499A00B7FF96 /* peter_holy-tricky_female.png */ = {isa = PBXFileReference; lastKnownFileType = image.png; path = "peter_holy-tricky_female.png"; sourceTree = "<group>"; };
		E359AD481760499A00B7FF96 /* peter_holy-tricky_male.png */ = {isa = PBXFileReference; lastKnownFileType = image.png; path = "peter_holy-tricky_male.png"; sourceTree = "<group>"; };
		E359AD491760499A00B7FF96 /* sh_holy-tricky_female.png */ = {isa = PBXFileReference; lastKnownFileType = image.png; path = "sh_holy-tricky_female.png"; sourceTree = "<group>"; };
		E359AD4A1760499A00B7FF96 /* sh_holy-tricky_male.png */ = {isa = PBXFileReference; lastKnownFileType = image.png; path = "sh_holy-tricky_male.png"; sourceTree = "<group>"; };
		E359AD4B1760499A00B7FF96 /* tse_holy-tricky_female.png */ = {isa = PBXFileReference; lastKnownFileType = image.png; path = "tse_holy-tricky_female.png"; sourceTree = "<group>"; };
		E359AD4C1760499A00B7FF96 /* tse_holy-tricky_male.png */ = {isa = PBXFileReference; lastKnownFileType = image.png; path = "tse_holy-tricky_male.png"; sourceTree = "<group>"; };
		E359AD4D1760499A00B7FF96 /* mole01.png */ = {isa = PBXFileReference; lastKnownFileType = image.png; path = mole01.png; sourceTree = "<group>"; };
		E359AD4E1760499A00B7FF96 /* textfieldBackground.png */ = {isa = PBXFileReference; lastKnownFileType = image.png; path = textfieldBackground.png; sourceTree = "<group>"; };
		E359AD501760499A00B7FF96 /* blank_face.png */ = {isa = PBXFileReference; lastKnownFileType = image.png; path = blank_face.png; sourceTree = "<group>"; };
		E359AD511760499A00B7FF96 /* donald_holy-tricky_female_thumb.png */ = {isa = PBXFileReference; lastKnownFileType = image.png; path = "donald_holy-tricky_female_thumb.png"; sourceTree = "<group>"; };
		E359AD521760499A00B7FF96 /* donald_holy-tricky_male_thumb.png */ = {isa = PBXFileReference; lastKnownFileType = image.png; path = "donald_holy-tricky_male_thumb.png"; sourceTree = "<group>"; };
		E359AD531760499A00B7FF96 /* ks_holy-tricky_female_thumb.png */ = {isa = PBXFileReference; lastKnownFileType = image.png; path = "ks_holy-tricky_female_thumb.png"; sourceTree = "<group>"; };
		E359AD541760499A00B7FF96 /* ks_holy-tricky_male_thumb.png */ = {isa = PBXFileReference; lastKnownFileType = image.png; path = "ks_holy-tricky_male_thumb.png"; sourceTree = "<group>"; };
		E359AD551760499A00B7FF96 /* lbt_holy-tricky_female_thumb.png */ = {isa = PBXFileReference; lastKnownFileType = image.png; path = "lbt_holy-tricky_female_thumb.png"; sourceTree = "<group>"; };
		E359AD561760499A00B7FF96 /* lbt_holy-tricky_male_thumb.png */ = {isa = PBXFileReference; lastKnownFileType = image.png; path = "lbt_holy-tricky_male_thumb.png"; sourceTree = "<group>"; };
		E359AD571760499A00B7FF96 /* littlethunder_holy-tricky_female_thumb.png */ = {isa = PBXFileReference; lastKnownFileType = image.png; path = "littlethunder_holy-tricky_female_thumb.png"; sourceTree = "<group>"; };
		E359AD581760499A00B7FF96 /* littlethunder_holy-tricky_male_thumb.png */ = {isa = PBXFileReference; lastKnownFileType = image.png; path = "littlethunder_holy-tricky_male_thumb.png"; sourceTree = "<group>"; };
		E359AD591760499A00B7FF96 /* peter_holy-tricky_female_thumb.png */ = {isa = PBXFileReference; lastKnownFileType = image.png; path = "peter_holy-tricky_female_thumb.png"; sourceTree = "<group>"; };
		E359AD5A1760499A00B7FF96 /* peter_holy-tricky_male_thumb.png */ = {isa = PBXFileReference; lastKnownFileType = image.png; path = "peter_holy-tricky_male_thumb.png"; sourceTree = "<group>"; };
		E359AD5B1760499A00B7FF96 /* sh_holy-tricky_female_thumb.png */ = {isa = PBXFileReference; lastKnownFileType = image.png; path = "sh_holy-tricky_female_thumb.png"; sourceTree = "<group>"; };
		E359AD5C1760499A00B7FF96 /* sh_holy-tricky_male_thumb.png */ = {isa = PBXFileReference; lastKnownFileType = image.png; path = "sh_holy-tricky_male_thumb.png"; sourceTree = "<group>"; };
		E359AD5D1760499A00B7FF96 /* tse_holy-tricky_female_thumb.png */ = {isa = PBXFileReference; lastKnownFileType = image.png; path = "tse_holy-tricky_female_thumb.png"; sourceTree = "<group>"; };
		E359AD5E1760499A00B7FF96 /* tse_holy-tricky_male_thumb.png */ = {isa = PBXFileReference; lastKnownFileType = image.png; path = "tse_holy-tricky_male_thumb.png"; sourceTree = "<group>"; };
		E359AD5F1760499A00B7FF96 /* x.png */ = {isa = PBXFileReference; lastKnownFileType = image.png; path = x.png; sourceTree = "<group>"; };
		E359AD611760499A00B7FF96 /* alpha_background@2x.png */ = {isa = PBXFileReference; lastKnownFileType = image.png; path = "alpha_background@2x.png"; sourceTree = "<group>"; };
		E359AD641760499A00B7FF96 /* background@2x.jpg */ = {isa = PBXFileReference; lastKnownFileType = image.jpeg; path = "background@2x.jpg"; sourceTree = "<group>"; };
		E359AD651760499A00B7FF96 /* button_back@2x.png */ = {isa = PBXFileReference; lastKnownFileType = image.png; path = "button_back@2x.png"; sourceTree = "<group>"; };
		E359AD661760499A00B7FF96 /* button_normal@2x.png */ = {isa = PBXFileReference; lastKnownFileType = image.png; path = "button_normal@2x.png"; sourceTree = "<group>"; };
		E359AD671760499A00B7FF96 /* button_short@2x.png */ = {isa = PBXFileReference; lastKnownFileType = image.png; path = "button_short@2x.png"; sourceTree = "<group>"; };
		E359AD691760499A00B7FF96 /* donald_holy-tricky_female@2x.png */ = {isa = PBXFileReference; lastKnownFileType = image.png; path = "donald_holy-tricky_female@2x.png"; sourceTree = "<group>"; };
		E359AD6A1760499A00B7FF96 /* donald_holy-tricky_male@2x.png */ = {isa = PBXFileReference; lastKnownFileType = image.png; path = "donald_holy-tricky_male@2x.png"; sourceTree = "<group>"; };
		E359AD6B1760499A00B7FF96 /* ks_holy-tricky_female@2x.png */ = {isa = PBXFileReference; lastKnownFileType = image.png; path = "ks_holy-tricky_female@2x.png"; sourceTree = "<group>"; };
		E359AD6C1760499A00B7FF96 /* ks_holy-tricky_male@2x.png */ = {isa = PBXFileReference; lastKnownFileType = image.png; path = "ks_holy-tricky_male@2x.png"; sourceTree = "<group>"; };
		E359AD6D1760499A00B7FF96 /* lbt_holy-tricky_female@2x.png */ = {isa = PBXFileReference; lastKnownFileType = image.png; path = "lbt_holy-tricky_female@2x.png"; sourceTree = "<group>"; };
		E359AD6E1760499A00B7FF96 /* lbt_holy-tricky_male@2x.png */ = {isa = PBXFileReference; lastKnownFileType = image.png; path = "lbt_holy-tricky_male@2x.png"; sourceTree = "<group>"; };
		E359AD6F1760499A00B7FF96 /* littlethunder_holy-tricky_female@x2.png */ = {isa = PBXFileReference; lastKnownFileType = image.png; path = "littlethunder_holy-tricky_female@x2.png"; sourceTree = "<group>"; };
		E359AD701760499A00B7FF96 /* littlethunder_holy-tricky_male@x2.png */ = {isa = PBXFileReference; lastKnownFileType = image.png; path = "littlethunder_holy-tricky_male@x2.png"; sourceTree = "<group>"; };
		E359AD711760499A00B7FF96 /* peter_holy-tricky_female@2x.png */ = {isa = PBXFileReference; lastKnownFileType = image.png; path = "peter_holy-tricky_female@2x.png"; sourceTree = "<group>"; };
		E359AD721760499A00B7FF96 /* peter_holy-tricky_male@2x.png */ = {isa = PBXFileReference; lastKnownFileType = image.png; path = "peter_holy-tricky_male@2x.png"; sourceTree = "<group>"; };
		E359AD731760499A00B7FF96 /* sh_holy-tricky_female@2x.png */ = {isa = PBXFileReference; lastKnownFileType = image.png; path = "sh_holy-tricky_female@2x.png"; sourceTree = "<group>"; };
		E359AD741760499A00B7FF96 /* sh_holy-tricky_male@2x.png */ = {isa = PBXFileReference; lastKnownFileType = image.png; path = "sh_holy-tricky_male@2x.png"; sourceTree = "<group>"; };
		E359AD751760499A00B7FF96 /* tse_holy-tricky_female@2x.png */ = {isa = PBXFileReference; lastKnownFileType = image.png; path = "tse_holy-tricky_female@2x.png"; sourceTree = "<group>"; };
		E359AD761760499A00B7FF96 /* tse_holy-tricky_male@x2.png */ = {isa = PBXFileReference; lastKnownFileType = image.png; path = "tse_holy-tricky_male@x2.png"; sourceTree = "<group>"; };
		E359AD771760499A00B7FF96 /* mole01@2x.png */ = {isa = PBXFileReference; lastKnownFileType = image.png; path = "mole01@2x.png"; sourceTree = "<group>"; };
		E359AD781760499A00B7FF96 /* textfieldBackground@2x.png */ = {isa = PBXFileReference; lastKnownFileType = image.png; path = "textfieldBackground@2x.png"; sourceTree = "<group>"; };
		E359AD7A1760499A00B7FF96 /* blank_face@2x.png */ = {isa = PBXFileReference; lastKnownFileType = image.png; path = "blank_face@2x.png"; sourceTree = "<group>"; };
		E359AD7B1760499A00B7FF96 /* donald_holy-tricky_female_thumb@2x.png */ = {isa = PBXFileReference; lastKnownFileType = image.png; path = "donald_holy-tricky_female_thumb@2x.png"; sourceTree = "<group>"; };
		E359AD7C1760499A00B7FF96 /* donald_holy-tricky_male_thumb@2x.png */ = {isa = PBXFileReference; lastKnownFileType = image.png; path = "donald_holy-tricky_male_thumb@2x.png"; sourceTree = "<group>"; };
		E359AD7D1760499A00B7FF96 /* ks_holy-tricky_female_thumb@2x.png */ = {isa = PBXFileReference; lastKnownFileType = image.png; path = "ks_holy-tricky_female_thumb@2x.png"; sourceTree = "<group>"; };
		E359AD7E1760499A00B7FF96 /* ks_holy-tricky_male_thumb@2x.png */ = {isa = PBXFileReference; lastKnownFileType = image.png; path = "ks_holy-tricky_male_thumb@2x.png"; sourceTree = "<group>"; };
		E359AD7F1760499A00B7FF96 /* lbt_holy-tricky_female_thumb@2x.png */ = {isa = PBXFileReference; lastKnownFileType = image.png; path = "lbt_holy-tricky_female_thumb@2x.png"; sourceTree = "<group>"; };
		E359AD801760499A00B7FF96 /* lbt_holy-tricky_male_thumb@2x.png */ = {isa = PBXFileReference; lastKnownFileType = image.png; path = "lbt_holy-tricky_male_thumb@2x.png"; sourceTree = "<group>"; };
		E359AD811760499A00B7FF96 /* littlethunder_holy-tricky_female_thumb@x2.png */ = {isa = PBXFileReference; lastKnownFileType = image.png; path = "littlethunder_holy-tricky_female_thumb@x2.png"; sourceTree = "<group>"; };
		E359AD821760499A00B7FF96 /* littlethunder_holy-tricky_male_thumb@x2.png */ = {isa = PBXFileReference; lastKnownFileType = image.png; path = "littlethunder_holy-tricky_male_thumb@x2.png"; sourceTree = "<group>"; };
		E359AD831760499A00B7FF96 /* peter_holy-tricky_female_thumb@2x.png */ = {isa = PBXFileReference; lastKnownFileType = image.png; path = "peter_holy-tricky_female_thumb@2x.png"; sourceTree = "<group>"; };
		E359AD841760499A00B7FF96 /* peter_holy-tricky_male_thumb@2x.png */ = {isa = PBXFileReference; lastKnownFileType = image.png; path = "peter_holy-tricky_male_thumb@2x.png"; sourceTree = "<group>"; };
		E359AD851760499A00B7FF96 /* sh_holy-tricky_female_thumb@2x.png */ = {isa = PBXFileReference; lastKnownFileType = image.png; path = "sh_holy-tricky_female_thumb@2x.png"; sourceTree = "<group>"; };
		E359AD861760499A00B7FF96 /* sh_holy-tricky_male_thumb@2x.png */ = {isa = PBXFileReference; lastKnownFileType = image.png; path = "sh_holy-tricky_male_thumb@2x.png"; sourceTree = "<group>"; };
		E359AD871760499A00B7FF96 /* tse_holy-tricky_female_thumb@2x.png */ = {isa = PBXFileReference; lastKnownFileType = image.png; path = "tse_holy-tricky_female_thumb@2x.png"; sourceTree = "<group>"; };
		E359AD881760499A00B7FF96 /* tse_holy-tricky_male_thumb@x2.png */ = {isa = PBXFileReference; lastKnownFileType = image.png; path = "tse_holy-tricky_male_thumb@x2.png"; sourceTree = "<group>"; };
		E359AD8A1760499A00B7FF96 /* README.txt */ = {isa = PBXFileReference; fileEncoding = 4; lastKnownFileType = text; path = README.txt; sourceTree = "<group>"; };
		E359ADDA17604A1A00B7FF96 /* credit.txt */ = {isa = PBXFileReference; fileEncoding = 4; lastKnownFileType = text; path = credit.txt; sourceTree = "<group>"; };
		E359ADDB17604A1A00B7FF96 /* deafult_description.plist */ = {isa = PBXFileReference; fileEncoding = 4; lastKnownFileType = text.plist.xml; path = deafult_description.plist; sourceTree = "<group>"; };
		E359ADDC17604A1A00B7FF96 /* descriptions.plist */ = {isa = PBXFileReference; fileEncoding = 4; lastKnownFileType = text.plist.xml; path = descriptions.plist; sourceTree = "<group>"; };
		E359ADDD17604A1A00B7FF96 /* donald_holy-tricky_female.plist */ = {isa = PBXFileReference; fileEncoding = 4; lastKnownFileType = text.plist.xml; path = "donald_holy-tricky_female.plist"; sourceTree = "<group>"; };
		E359ADDE17604A1A00B7FF96 /* donald_holy-tricky_male.plist */ = {isa = PBXFileReference; fileEncoding = 4; lastKnownFileType = text.plist.xml; path = "donald_holy-tricky_male.plist"; sourceTree = "<group>"; };
		E359ADDF17604A1A00B7FF96 /* ks_holy-tricky_female.plist */ = {isa = PBXFileReference; fileEncoding = 4; lastKnownFileType = text.plist.xml; path = "ks_holy-tricky_female.plist"; sourceTree = "<group>"; };
		E359ADE017604A1A00B7FF96 /* ks_holy-tricky_male.plist */ = {isa = PBXFileReference; fileEncoding = 4; lastKnownFileType = text.plist.xml; path = "ks_holy-tricky_male.plist"; sourceTree = "<group>"; };
		E359ADE117604A1A00B7FF96 /* lbt_holy-tricky_female.plist */ = {isa = PBXFileReference; fileEncoding = 4; lastKnownFileType = text.plist.xml; path = "lbt_holy-tricky_female.plist"; sourceTree = "<group>"; };
		E359ADE217604A1A00B7FF96 /* lbt_holy-tricky_male.plist */ = {isa = PBXFileReference; fileEncoding = 4; lastKnownFileType = text.plist.xml; path = "lbt_holy-tricky_male.plist"; sourceTree = "<group>"; };
		E359ADE317604A1A00B7FF96 /* littlethunder_holy-tricky_female.plist */ = {isa = PBXFileReference; fileEncoding = 4; lastKnownFileType = text.plist.xml; path = "littlethunder_holy-tricky_female.plist"; sourceTree = "<group>"; };
		E359ADE417604A1A00B7FF96 /* littlethunder_holy-tricky_male.plist */ = {isa = PBXFileReference; fileEncoding = 4; lastKnownFileType = text.plist.xml; path = "littlethunder_holy-tricky_male.plist"; sourceTree = "<group>"; };
		E359ADE517604A1A00B7FF96 /* peter_holy-tricky_female.plist */ = {isa = PBXFileReference; fileEncoding = 4; lastKnownFileType = text.plist.xml; path = "peter_holy-tricky_female.plist"; sourceTree = "<group>"; };
		E359ADE617604A1A00B7FF96 /* peter_holy-tricky_male.plist */ = {isa = PBXFileReference; fileEncoding = 4; lastKnownFileType = text.plist.xml; path = "peter_holy-tricky_male.plist"; sourceTree = "<group>"; };
		E359ADE717604A1A00B7FF96 /* sh_holy-tricky_female.plist */ = {isa = PBXFileReference; fileEncoding = 4; lastKnownFileType = text.plist.xml; path = "sh_holy-tricky_female.plist"; sourceTree = "<group>"; };
		E359ADE817604A1A00B7FF96 /* sh_holy-tricky_male.plist */ = {isa = PBXFileReference; fileEncoding = 4; lastKnownFileType = text.plist.xml; path = "sh_holy-tricky_male.plist"; sourceTree = "<group>"; };
		E359ADE917604A1A00B7FF96 /* tse_holy-tricky_female.plist */ = {isa = PBXFileReference; fileEncoding = 4; lastKnownFileType = text.plist.xml; path = "tse_holy-tricky_female.plist"; sourceTree = "<group>"; };
		E359ADEA17604A1A00B7FF96 /* tse_holy-tricky_male.plist */ = {isa = PBXFileReference; fileEncoding = 4; lastKnownFileType = text.plist.xml; path = "tse_holy-tricky_male.plist"; sourceTree = "<group>"; };
		E376B96617473F53007D6BD8 /* GameCore.h */ = {isa = PBXFileReference; fileEncoding = 4; lastKnownFileType = sourcecode.c.h; path = GameCore.h; sourceTree = "<group>"; };
		E376B96717473F53007D6BD8 /* GameCore.m */ = {isa = PBXFileReference; fileEncoding = 4; lastKnownFileType = sourcecode.c.objc; path = GameCore.m; sourceTree = "<group>"; };
		E376B99F174742E2007D6BD8 /* Social.framework */ = {isa = PBXFileReference; lastKnownFileType = wrapper.framework; name = Social.framework; path = System/Library/Frameworks/Social.framework; sourceTree = SDKROOT; };
		E3A019C617507D6100D722FC /* MoleDescription.h */ = {isa = PBXFileReference; fileEncoding = 4; lastKnownFileType = sourcecode.c.h; path = MoleDescription.h; sourceTree = "<group>"; };
		E3A019C717507D6100D722FC /* MoleDescription.m */ = {isa = PBXFileReference; fileEncoding = 4; lastKnownFileType = sourcecode.c.objc; path = MoleDescription.m; sourceTree = "<group>"; };
		E3A6467E1830731B00219720 /* GADAdMobExtras.h */ = {isa = PBXFileReference; fileEncoding = 4; lastKnownFileType = sourcecode.c.h; path = GADAdMobExtras.h; sourceTree = "<group>"; };
		E3A6467F1830731B00219720 /* GADAdNetworkExtras.h */ = {isa = PBXFileReference; fileEncoding = 4; lastKnownFileType = sourcecode.c.h; path = GADAdNetworkExtras.h; sourceTree = "<group>"; };
		E3A646801830731B00219720 /* GADAdSize.h */ = {isa = PBXFileReference; fileEncoding = 4; lastKnownFileType = sourcecode.c.h; path = GADAdSize.h; sourceTree = "<group>"; };
		E3A646811830731B00219720 /* GADBannerView.h */ = {isa = PBXFileReference; fileEncoding = 4; lastKnownFileType = sourcecode.c.h; path = GADBannerView.h; sourceTree = "<group>"; };
		E3A646821830731B00219720 /* GADBannerViewDelegate.h */ = {isa = PBXFileReference; fileEncoding = 4; lastKnownFileType = sourcecode.c.h; path = GADBannerViewDelegate.h; sourceTree = "<group>"; };
		E3A646831830731B00219720 /* GADInterstitial.h */ = {isa = PBXFileReference; fileEncoding = 4; lastKnownFileType = sourcecode.c.h; path = GADInterstitial.h; sourceTree = "<group>"; };
		E3A646841830731B00219720 /* GADInterstitialDelegate.h */ = {isa = PBXFileReference; fileEncoding = 4; lastKnownFileType = sourcecode.c.h; path = GADInterstitialDelegate.h; sourceTree = "<group>"; };
		E3A646851830731B00219720 /* GADRequest.h */ = {isa = PBXFileReference; fileEncoding = 4; lastKnownFileType = sourcecode.c.h; path = GADRequest.h; sourceTree = "<group>"; };
		E3A646861830731B00219720 /* GADRequestError.h */ = {isa = PBXFileReference; fileEncoding = 4; lastKnownFileType = sourcecode.c.h; path = GADRequestError.h; sourceTree = "<group>"; };
		E3A646871830731B00219720 /* libGoogleAdMobAds.a */ = {isa = PBXFileReference; lastKnownFileType = archive.ar; path = libGoogleAdMobAds.a; sourceTree = "<group>"; };
		E3A646881830731B00219720 /* README.txt */ = {isa = PBXFileReference; fileEncoding = 4; lastKnownFileType = text; path = README.txt; sourceTree = "<group>"; };
		E3A6468B1830733400219720 /* BannerExampleViewController.h */ = {isa = PBXFileReference; fileEncoding = 4; lastKnownFileType = sourcecode.c.h; path = BannerExampleViewController.h; sourceTree = "<group>"; };
		E3A6468C1830733400219720 /* BannerExampleViewController.m */ = {isa = PBXFileReference; fileEncoding = 4; lastKnownFileType = sourcecode.c.objc; path = BannerExampleViewController.m; sourceTree = "<group>"; };
		E3A6468F1830760B00219720 /* iTunesArtwork@2x.png */ = {isa = PBXFileReference; lastKnownFileType = image.png; path = "iTunesArtwork@2x.png"; sourceTree = "<group>"; };
		E3A646901830760B00219720 /* iTunesArtwork.png */ = {isa = PBXFileReference; lastKnownFileType = image.png; path = iTunesArtwork.png; sourceTree = "<group>"; };
		E3A646911830760B00219720 /* Icon-76@2x.png */ = {isa = PBXFileReference; lastKnownFileType = image.png; path = "Icon-76@2x.png"; sourceTree = "<group>"; };
		E3A646921830760B00219720 /* Icon-72@2x.png */ = {isa = PBXFileReference; lastKnownFileType = image.png; path = "Icon-72@2x.png"; sourceTree = "<group>"; };
		E3A646931830760B00219720 /* Icon~iphone.png */ = {isa = PBXFileReference; lastKnownFileType = image.png; path = "Icon~iphone.png"; sourceTree = "<group>"; };
		E3A646941830760B00219720 /* Icon@2x.png */ = {isa = PBXFileReference; lastKnownFileType = image.png; path = "Icon@2x.png"; sourceTree = "<group>"; };
		E3A646951830760B00219720 /* Icon-Small-50@2x.png */ = {isa = PBXFileReference; lastKnownFileType = image.png; path = "Icon-Small-50@2x.png"; sourceTree = "<group>"; };
		E3A646971830760B00219720 /* Icon-76.png */ = {isa = PBXFileReference; lastKnownFileType = image.png; path = "Icon-76.png"; sourceTree = "<group>"; };
		E3A646981830760B00219720 /* Icon-72.png */ = {isa = PBXFileReference; lastKnownFileType = image.png; path = "Icon-72.png"; sourceTree = "<group>"; };
		E3A646991830760B00219720 /* Icon-60.png */ = {isa = PBXFileReference; lastKnownFileType = image.png; path = "Icon-60.png"; sourceTree = "<group>"; };
		E3A6469A1830760B00219720 /* Icon@2x~iphone.png */ = {isa = PBXFileReference; lastKnownFileType = image.png; path = "Icon@2x~iphone.png"; sourceTree = "<group>"; };
		E3A6469B1830760B00219720 /* Icon.png */ = {isa = PBXFileReference; lastKnownFileType = image.png; path = Icon.png; sourceTree = "<group>"; };
		E3A6469C1830760B00219720 /* Icon-Small-50.png */ = {isa = PBXFileReference; lastKnownFileType = image.png; path = "Icon-Small-50.png"; sourceTree = "<group>"; };
		E3A6469D1830760B00219720 /* Icon-40.png */ = {isa = PBXFileReference; lastKnownFileType = image.png; path = "Icon-40.png"; sourceTree = "<group>"; };
		E3A6469E1830760B00219720 /* Icon-Small.png */ = {isa = PBXFileReference; lastKnownFileType = image.png; path = "Icon-Small.png"; sourceTree = "<group>"; };
		E3A8755317466A59002410DD /* Scene.h */ = {isa = PBXFileReference; fileEncoding = 4; lastKnownFileType = sourcecode.c.h; path = Scene.h; sourceTree = "<group>"; };
		E3A8755417466A59002410DD /* Scene.m */ = {isa = PBXFileReference; fileEncoding = 4; lastKnownFileType = sourcecode.c.objc; path = Scene.m; sourceTree = "<group>"; };
		E3A87556174678AA002410DD /* FacePick.h */ = {isa = PBXFileReference; fileEncoding = 4; lastKnownFileType = sourcecode.c.h; path = FacePick.h; sourceTree = "<group>"; };
		E3A87557174678AA002410DD /* FacePick.m */ = {isa = PBXFileReference; fileEncoding = 4; lastKnownFileType = sourcecode.c.objc; path = FacePick.m; sourceTree = "<group>"; };
		E3A875F91746A761002410DD /* NameInput.h */ = {isa = PBXFileReference; fileEncoding = 4; lastKnownFileType = sourcecode.c.h; path = NameInput.h; sourceTree = "<group>"; };
		E3A875FA1746A761002410DD /* NameInput.m */ = {isa = PBXFileReference; fileEncoding = 4; lastKnownFileType = sourcecode.c.objc; path = NameInput.m; sourceTree = "<group>"; };
		E3BED07C1754A75100795358 /* OverlayAnimation.h */ = {isa = PBXFileReference; fileEncoding = 4; lastKnownFileType = sourcecode.c.h; path = OverlayAnimation.h; sourceTree = "<group>"; };
		E3BED07D1754A75200795358 /* OverlayAnimation.m */ = {isa = PBXFileReference; fileEncoding = 4; lastKnownFileType = sourcecode.c.objc; path = OverlayAnimation.m; sourceTree = "<group>"; };
		E3BF4A44174789FB00D3D3CF /* TouchSheet.h */ = {isa = PBXFileReference; fileEncoding = 4; lastKnownFileType = sourcecode.c.h; path = TouchSheet.h; sourceTree = "<group>"; };
		E3BF4A45174789FB00D3D3CF /* TouchSheet.m */ = {isa = PBXFileReference; fileEncoding = 4; lastKnownFileType = sourcecode.c.objc; path = TouchSheet.m; sourceTree = "<group>"; };
		E3BF4A47174798DF00D3D3CF /* RoundButton.h */ = {isa = PBXFileReference; lastKnownFileType = sourcecode.c.h; path = RoundButton.h; sourceTree = "<group>"; };
		E3BF4A48174798DF00D3D3CF /* RoundButton.m */ = {isa = PBXFileReference; lastKnownFileType = sourcecode.c.objc; path = RoundButton.m; sourceTree = "<group>"; };
		E3D2342E1759A72B001C4836 /* CustomUIButton.h */ = {isa = PBXFileReference; fileEncoding = 4; lastKnownFileType = sourcecode.c.h; path = CustomUIButton.h; sourceTree = "<group>"; };
		E3D2342F1759A72B001C4836 /* CustomUIButton.m */ = {isa = PBXFileReference; fileEncoding = 4; lastKnownFileType = sourcecode.c.objc; path = CustomUIButton.m; sourceTree = "<group>"; };
		E3D234311759A72B001C4836 /* OBShapedButton.h */ = {isa = PBXFileReference; fileEncoding = 4; lastKnownFileType = sourcecode.c.h; path = OBShapedButton.h; sourceTree = "<group>"; };
		E3D234321759A72B001C4836 /* OBShapedButton.m */ = {isa = PBXFileReference; fileEncoding = 4; lastKnownFileType = sourcecode.c.objc; path = OBShapedButton.m; sourceTree = "<group>"; };
		E3D234361759AA5D001C4836 /* UIImage+ColorAtPixel.h */ = {isa = PBXFileReference; fileEncoding = 4; lastKnownFileType = sourcecode.c.h; path = "UIImage+ColorAtPixel.h"; sourceTree = "<group>"; };
		E3D234371759AA5D001C4836 /* UIImage+ColorAtPixel.m */ = {isa = PBXFileReference; fileEncoding = 4; lastKnownFileType = sourcecode.c.objc; path = "UIImage+ColorAtPixel.m"; sourceTree = "<group>"; };
		E3D234451759CFCA001C4836 /* CFNetwork.framework */ = {isa = PBXFileReference; lastKnownFileType = wrapper.framework; name = CFNetwork.framework; path = System/Library/Frameworks/CFNetwork.framework; sourceTree = SDKROOT; };
		E3DEB28B1830785800E6CED0 /* Default-Landscape~ipad.png */ = {isa = PBXFileReference; lastKnownFileType = image.png; path = "Default-Landscape~ipad.png"; sourceTree = "<group>"; };
		E3DEB28C1830785800E6CED0 /* Default-Portrait~ipad.png */ = {isa = PBXFileReference; lastKnownFileType = image.png; path = "Default-Portrait~ipad.png"; sourceTree = "<group>"; };
		E3DEB28D1830785800E6CED0 /* Default.png */ = {isa = PBXFileReference; lastKnownFileType = image.png; path = Default.png; sourceTree = "<group>"; };
		E3DEB28E1830785800E6CED0 /* Default@2x.png */ = {isa = PBXFileReference; lastKnownFileType = image.png; path = "Default@2x.png"; sourceTree = "<group>"; };
		E3DEB28F1830785800E6CED0 /* iTunesArtwork */ = {isa = PBXFileReference; lastKnownFileType = file; path = iTunesArtwork; sourceTree = "<group>"; };
		E3DEB297183078D600E6CED0 /* Default-568h@2x.png */ = {isa = PBXFileReference; lastKnownFileType = image.png; path = "Default-568h@2x.png"; sourceTree = "<group>"; };
		E3DEB2A018307BD800E6CED0 /* Icon~iphone.png */ = {isa = PBXFileReference; lastKnownFileType = image.png; path = "Icon~iphone.png"; sourceTree = "<group>"; };
		E3DEB2A118307BE700E6CED0 /* Icon-60@2x.png */ = {isa = PBXFileReference; lastKnownFileType = image.png; path = "Icon-60@2x.png"; sourceTree = "<group>"; };
		E3DEB2A218307C0000E6CED0 /* Images.xcassets */ = {isa = PBXFileReference; lastKnownFileType = folder.assetcatalog; name = Images.xcassets; path = Mole/Images.xcassets; sourceTree = "<group>"; };
		E3E450D7174E578F0009C270 /* CreditPage.h */ = {isa = PBXFileReference; fileEncoding = 4; lastKnownFileType = sourcecode.c.h; path = CreditPage.h; sourceTree = "<group>"; };
		E3E450D8174E578F0009C270 /* CreditPage.m */ = {isa = PBXFileReference; fileEncoding = 4; lastKnownFileType = sourcecode.c.objc; path = CreditPage.m; sourceTree = "<group>"; };
/* End PBXFileReference section */

/* Begin PBXFrameworksBuildPhase section */
		1D60588F0D05DD3D006BFB54 /* Frameworks */ = {
			isa = PBXFrameworksBuildPhase;
			buildActionMask = 2147483647;
			files = (
				E3747BDC173BFEBF00C24DD2 /* libSparrow.a in Frameworks */,
				DE5C4E6E138ED109004892CA /* libz.dylib in Frameworks */,
				DEAAF3DF16BC114D004EB9D5 /* GLKit.framework in Frameworks */,
				1D60589F0D05DD5A006BFB54 /* Foundation.framework in Frameworks */,
				1DF5F4E00D08C38300B7A737 /* UIKit.framework in Frameworks */,
				288765FD0DF74451002DB57D /* CoreGraphics.framework in Frameworks */,
				DE4A3D7A10FFB08200FDA492 /* OpenGLES.framework in Frameworks */,
				DE4A3D7F10FFB08B00FDA492 /* QuartzCore.framework in Frameworks */,
				DE3F093811B7B9DC009D4DB0 /* AVFoundation.framework in Frameworks */,
				DE3F093A11B7B9DC009D4DB0 /* AudioToolbox.framework in Frameworks */,
				DE3F097811B7BABD009D4DB0 /* OpenAL.framework in Frameworks */,
				E376B9A0174742E2007D6BD8 /* Social.framework in Frameworks */,
				E3D234461759CFCA001C4836 /* CFNetwork.framework in Frameworks */,
				E31AF2A81786BE8A0018E837 /* Accounts.framework in Frameworks */,
				E31AF2AA1786BE8E0018E837 /* AdSupport.framework in Frameworks */,
				E3A646891830731B00219720 /* libGoogleAdMobAds.a in Frameworks */,
				E31AF2BA1786BFB50018E837 /* libsqlite3.dylib in Frameworks */,
				E32205ED1790FA2800566D23 /* Security.framework in Frameworks */,
				E32205F31790FA6900566D23 /* FacebookSDK.framework in Frameworks */,
				E3244B5317CCA0AC00D7FAEA /* SystemConfiguration.framework in Frameworks */,
				E3244B5517CCA0ED00D7FAEA /* StoreKit.framework in Frameworks */,
				E3244B5717CCA10600D7FAEA /* MessageUI.framework in Frameworks */,
			);
			runOnlyForDeploymentPostprocessing = 0;
		};
/* End PBXFrameworksBuildPhase section */

/* Begin PBXGroup section */
		080E96DDFE201D6D7F000001 /* Classes */ = {
			isa = PBXGroup;
			children = (
				E3A6467D1830731B00219720 /* GoogleAdMobAdsSdkiOS-6.5.0 */,
				E31AF2AB1786BED80018E837 /* FacebookShare */,
				E3BF4A43174789FB00D3D3CF /* Helpers */,
				E3A8755017466A3B002410DD /* Scenes */,
				DE4F80D714E153EA00655D44 /* Game */,
				1D3623240D0F684500981E51 /* AppDelegate.h */,
				1D3623250D0F684500981E51 /* AppDelegate.m */,
				E3A6468B1830733400219720 /* BannerExampleViewController.h */,
				E3A6468C1830733400219720 /* BannerExampleViewController.m */,
			);
			path = Classes;
			sourceTree = "<group>";
		};
		19C28FACFE9D520D11CA2CBB /* Products */ = {
			isa = PBXGroup;
			children = (
				1D6058910D05DD3D006BFB54 /* Mole.app */,
			);
			name = Products;
			sourceTree = "<group>";
		};
		29B97314FDCFA39411CA2CEA /* CustomTemplate */ = {
			isa = PBXGroup;
			children = (
				E3DEB2A118307BE700E6CED0 /* Icon-60@2x.png */,
				E3DEB2A018307BD800E6CED0 /* Icon~iphone.png */,
				DE4A3DA210FFB0D400FDA492 /* Sparrow.xcodeproj */,
				080E96DDFE201D6D7F000001 /* Classes */,
				29B97315FDCFA39411CA2CEA /* Other Sources */,
				29B97317FDCFA39411CA2CEA /* Resources */,
				29B97323FDCFA39411CA2CEA /* Frameworks */,
				19C28FACFE9D520D11CA2CBB /* Products */,
			);
			name = CustomTemplate;
			sourceTree = "<group>";
		};
		29B97315FDCFA39411CA2CEA /* Other Sources */ = {
			isa = PBXGroup;
			children = (
				E308C4871785735C0084A937 /* en.lproj */,
				32CA4F630368D1EE00C91783 /* App-Prefix.pch */,
				8D1107310486CEB800E47090 /* App-Info.plist */,
				29B97316FDCFA39411CA2CEA /* main.m */,
			);
			name = "Other Sources";
			sourceTree = "<group>";
		};
		29B97317FDCFA39411CA2CEA /* Resources */ = {
			isa = PBXGroup;
			children = (
				E3DEB2A218307C0000E6CED0 /* Images.xcassets */,
				E32205EE1790FA4200566D23 /* FacebookSDKResources.bundle */,
				E32205EF1790FA4200566D23 /* FBUserSettingsViewResources.bundle */,
				E359ADD917604A1A00B7FF96 /* data */,
				E359AD351760499A00B7FF96 /* graphics */,
				DE0C71121624180300357F6E /* system */,
				DE4F80D914E1541400655D44 /* audio */,
			);
			name = Resources;
			sourceTree = "<group>";
		};
		29B97323FDCFA39411CA2CEA /* Frameworks */ = {
			isa = PBXGroup;
			children = (
				E3244B5617CCA10600D7FAEA /* MessageUI.framework */,
				E3244B5417CCA0ED00D7FAEA /* StoreKit.framework */,
				E3244B5217CCA0AC00D7FAEA /* SystemConfiguration.framework */,
				E32205F21790FA6900566D23 /* FacebookSDK.framework */,
				E32205EC1790FA2800566D23 /* Security.framework */,
				E31AF2B91786BFB50018E837 /* libsqlite3.dylib */,
				E31AF2A91786BE8E0018E837 /* AdSupport.framework */,
				E31AF2A71786BE8A0018E837 /* Accounts.framework */,
				E3D234451759CFCA001C4836 /* CFNetwork.framework */,
				E376B99F174742E2007D6BD8 /* Social.framework */,
				DE5C4E6D138ED109004892CA /* libz.dylib */,
				DEAAF3DE16BC114D004EB9D5 /* GLKit.framework */,
				DE3F093711B7B9DC009D4DB0 /* AVFoundation.framework */,
				DE3F093911B7B9DC009D4DB0 /* AudioToolbox.framework */,
				DE3F097711B7BABD009D4DB0 /* OpenAL.framework */,
				DE4A3D7E10FFB08B00FDA492 /* QuartzCore.framework */,
				DE4A3D7910FFB08200FDA492 /* OpenGLES.framework */,
				1DF5F4DF0D08C38300B7A737 /* UIKit.framework */,
				1D30AB110D05D00D00671497 /* Foundation.framework */,
				288765FC0DF74451002DB57D /* CoreGraphics.framework */,
			);
			name = Frameworks;
			sourceTree = "<group>";
		};
		DE0C71121624180300357F6E /* system */ = {
			isa = PBXGroup;
			children = (
				E3DEB297183078D600E6CED0 /* Default-568h@2x.png */,
				E3DEB28B1830785800E6CED0 /* Default-Landscape~ipad.png */,
				E3DEB28C1830785800E6CED0 /* Default-Portrait~ipad.png */,
				E3DEB28D1830785800E6CED0 /* Default.png */,
				E3DEB28E1830785800E6CED0 /* Default@2x.png */,
				E3DEB28F1830785800E6CED0 /* iTunesArtwork */,
				E3A6468F1830760B00219720 /* iTunesArtwork@2x.png */,
				E3A646901830760B00219720 /* iTunesArtwork.png */,
				E3A646911830760B00219720 /* Icon-76@2x.png */,
				E3A646921830760B00219720 /* Icon-72@2x.png */,
				E3A646931830760B00219720 /* Icon~iphone.png */,
				E3A646941830760B00219720 /* Icon@2x.png */,
				E3A646951830760B00219720 /* Icon-Small-50@2x.png */,
				E3A646971830760B00219720 /* Icon-76.png */,
				E3A646981830760B00219720 /* Icon-72.png */,
				E3A646991830760B00219720 /* Icon-60.png */,
				E3A6469A1830760B00219720 /* Icon@2x~iphone.png */,
				E3A6469B1830760B00219720 /* Icon.png */,
				E3A6469C1830760B00219720 /* Icon-Small-50.png */,
				E3A6469D1830760B00219720 /* Icon-40.png */,
				E3A6469E1830760B00219720 /* Icon-Small.png */,
			);
			name = system;
			sourceTree = "<group>";
		};
		DE4F80D714E153EA00655D44 /* Game */ = {
			isa = PBXGroup;
			children = (
				DE4A3DE310FFB2AF00FDA492 /* Game.h */,
				DE4A3DE410FFB2AF00FDA492 /* Game.m */,
				DE4F80D414E153E600655D44 /* Media.h */,
				DE4F80D514E153E600655D44 /* Media.m */,
			);
			name = Game;
			sourceTree = "<group>";
		};
		DE4F80D914E1541400655D44 /* audio */ = {
			isa = PBXGroup;
			children = (
				DE4F80DB14E1541400655D44 /* sound.caf */,
			);
			name = audio;
			path = ../media/audio;
			sourceTree = "<group>";
		};
		E308C4871785735C0084A937 /* en.lproj */ = {
			isa = PBXGroup;
			children = (
				E308C4881785735C0084A937 /* Localizable.strings */,
			);
			path = en.lproj;
			sourceTree = "<group>";
		};
		E31AF2AB1786BED80018E837 /* FacebookShare */ = {
			isa = PBXGroup;
			children = (
				E31AF2AC1786BED80018E837 /* FacebookShare.h */,
				E31AF2AD1786BED80018E837 /* FacebookShare.m */,
			);
			path = FacebookShare;
			sourceTree = "<group>";
		};
		E359AD351760499A00B7FF96 /* graphics */ = {
			isa = PBXGroup;
			children = (
				E359AD361760499A00B7FF96 /* 1x */,
				E359AD601760499A00B7FF96 /* 2x */,
				E359AD891760499A00B7FF96 /* 4x */,
			);
			name = graphics;
			path = ../media/graphics;
			sourceTree = "<group>";
		};
		E359AD361760499A00B7FF96 /* 1x */ = {
			isa = PBXGroup;
			children = (
				E359AD371760499A00B7FF96 /* alpha_background.png */,
				E359AD381760499A00B7FF96 /* atlas.png */,
				E359AD391760499A00B7FF96 /* atlas.xml */,
				E359AD3A1760499A00B7FF96 /* background.jpg */,
				E359AD3B1760499A00B7FF96 /* button_back.png */,
				E359AD3C1760499A00B7FF96 /* button_normal.png */,
				E359AD3D1760499A00B7FF96 /* button_short.png */,
				E359AD3E1760499A00B7FF96 /* faces */,
				E359AD4D1760499A00B7FF96 /* mole01.png */,
				E359AD4E1760499A00B7FF96 /* textfieldBackground.png */,
				E359AD4F1760499A00B7FF96 /* thumbnails */,
				E359AD5F1760499A00B7FF96 /* x.png */,
			);
			path = 1x;
			sourceTree = "<group>";
		};
		E359AD3E1760499A00B7FF96 /* faces */ = {
			isa = PBXGroup;
			children = (
				E359AD3F1760499A00B7FF96 /* donald_holy-tricky_female.png */,
				E359AD401760499A00B7FF96 /* donald_holy-tricky_male.png */,
				E359AD411760499A00B7FF96 /* ks_holy-tricky_female.png */,
				E359AD421760499A00B7FF96 /* ks_holy-tricky_male.png */,
				E359AD431760499A00B7FF96 /* lbt_holy-tricky_female.png */,
				E359AD441760499A00B7FF96 /* lbt_holy-tricky_male.png */,
				E359AD451760499A00B7FF96 /* littlethunder_holy-tricky_female.png */,
				E359AD461760499A00B7FF96 /* littlethunder_holy-tricky_male.png */,
				E359AD471760499A00B7FF96 /* peter_holy-tricky_female.png */,
				E359AD481760499A00B7FF96 /* peter_holy-tricky_male.png */,
				E359AD491760499A00B7FF96 /* sh_holy-tricky_female.png */,
				E359AD4A1760499A00B7FF96 /* sh_holy-tricky_male.png */,
				E359AD4B1760499A00B7FF96 /* tse_holy-tricky_female.png */,
				E359AD4C1760499A00B7FF96 /* tse_holy-tricky_male.png */,
			);
			path = faces;
			sourceTree = "<group>";
		};
		E359AD4F1760499A00B7FF96 /* thumbnails */ = {
			isa = PBXGroup;
			children = (
				E359AD501760499A00B7FF96 /* blank_face.png */,
				E359AD511760499A00B7FF96 /* donald_holy-tricky_female_thumb.png */,
				E359AD521760499A00B7FF96 /* donald_holy-tricky_male_thumb.png */,
				E359AD531760499A00B7FF96 /* ks_holy-tricky_female_thumb.png */,
				E359AD541760499A00B7FF96 /* ks_holy-tricky_male_thumb.png */,
				E359AD551760499A00B7FF96 /* lbt_holy-tricky_female_thumb.png */,
				E359AD561760499A00B7FF96 /* lbt_holy-tricky_male_thumb.png */,
				E359AD571760499A00B7FF96 /* littlethunder_holy-tricky_female_thumb.png */,
				E359AD581760499A00B7FF96 /* littlethunder_holy-tricky_male_thumb.png */,
				E359AD591760499A00B7FF96 /* peter_holy-tricky_female_thumb.png */,
				E359AD5A1760499A00B7FF96 /* peter_holy-tricky_male_thumb.png */,
				E359AD5B1760499A00B7FF96 /* sh_holy-tricky_female_thumb.png */,
				E359AD5C1760499A00B7FF96 /* sh_holy-tricky_male_thumb.png */,
				E359AD5D1760499A00B7FF96 /* tse_holy-tricky_female_thumb.png */,
				E359AD5E1760499A00B7FF96 /* tse_holy-tricky_male_thumb.png */,
			);
			path = thumbnails;
			sourceTree = "<group>";
		};
		E359AD601760499A00B7FF96 /* 2x */ = {
			isa = PBXGroup;
			children = (
				E359AD611760499A00B7FF96 /* alpha_background@2x.png */,
				E359AD641760499A00B7FF96 /* background@2x.jpg */,
				E359AD651760499A00B7FF96 /* button_back@2x.png */,
				E359AD661760499A00B7FF96 /* button_normal@2x.png */,
				E359AD671760499A00B7FF96 /* button_short@2x.png */,
				E359AD681760499A00B7FF96 /* faces */,
				E359AD771760499A00B7FF96 /* mole01@2x.png */,
				E359AD781760499A00B7FF96 /* textfieldBackground@2x.png */,
				E359AD791760499A00B7FF96 /* thumbnails */,
			);
			path = 2x;
			sourceTree = "<group>";
		};
		E359AD681760499A00B7FF96 /* faces */ = {
			isa = PBXGroup;
			children = (
				E359AD691760499A00B7FF96 /* donald_holy-tricky_female@2x.png */,
				E359AD6A1760499A00B7FF96 /* donald_holy-tricky_male@2x.png */,
				E359AD6B1760499A00B7FF96 /* ks_holy-tricky_female@2x.png */,
				E359AD6C1760499A00B7FF96 /* ks_holy-tricky_male@2x.png */,
				E359AD6D1760499A00B7FF96 /* lbt_holy-tricky_female@2x.png */,
				E359AD6E1760499A00B7FF96 /* lbt_holy-tricky_male@2x.png */,
				E359AD6F1760499A00B7FF96 /* littlethunder_holy-tricky_female@x2.png */,
				E359AD701760499A00B7FF96 /* littlethunder_holy-tricky_male@x2.png */,
				E359AD711760499A00B7FF96 /* peter_holy-tricky_female@2x.png */,
				E359AD721760499A00B7FF96 /* peter_holy-tricky_male@2x.png */,
				E359AD731760499A00B7FF96 /* sh_holy-tricky_female@2x.png */,
				E359AD741760499A00B7FF96 /* sh_holy-tricky_male@2x.png */,
				E359AD751760499A00B7FF96 /* tse_holy-tricky_female@2x.png */,
				E359AD761760499A00B7FF96 /* tse_holy-tricky_male@x2.png */,
			);
			path = faces;
			sourceTree = "<group>";
		};
		E359AD791760499A00B7FF96 /* thumbnails */ = {
			isa = PBXGroup;
			children = (
				E359AD7A1760499A00B7FF96 /* blank_face@2x.png */,
				E359AD7B1760499A00B7FF96 /* donald_holy-tricky_female_thumb@2x.png */,
				E359AD7C1760499A00B7FF96 /* donald_holy-tricky_male_thumb@2x.png */,
				E359AD7D1760499A00B7FF96 /* ks_holy-tricky_female_thumb@2x.png */,
				E359AD7E1760499A00B7FF96 /* ks_holy-tricky_male_thumb@2x.png */,
				E359AD7F1760499A00B7FF96 /* lbt_holy-tricky_female_thumb@2x.png */,
				E359AD801760499A00B7FF96 /* lbt_holy-tricky_male_thumb@2x.png */,
				E359AD811760499A00B7FF96 /* littlethunder_holy-tricky_female_thumb@x2.png */,
				E359AD821760499A00B7FF96 /* littlethunder_holy-tricky_male_thumb@x2.png */,
				E359AD831760499A00B7FF96 /* peter_holy-tricky_female_thumb@2x.png */,
				E359AD841760499A00B7FF96 /* peter_holy-tricky_male_thumb@2x.png */,
				E359AD851760499A00B7FF96 /* sh_holy-tricky_female_thumb@2x.png */,
				E359AD861760499A00B7FF96 /* sh_holy-tricky_male_thumb@2x.png */,
				E359AD871760499A00B7FF96 /* tse_holy-tricky_female_thumb@2x.png */,
				E359AD881760499A00B7FF96 /* tse_holy-tricky_male_thumb@x2.png */,
			);
			path = thumbnails;
			sourceTree = "<group>";
		};
		E359AD891760499A00B7FF96 /* 4x */ = {
			isa = PBXGroup;
			children = (
				E359AD8A1760499A00B7FF96 /* README.txt */,
			);
			path = 4x;
			sourceTree = "<group>";
		};
		E359ADD917604A1A00B7FF96 /* data */ = {
			isa = PBXGroup;
			children = (
				E359ADDA17604A1A00B7FF96 /* credit.txt */,
				E359ADDB17604A1A00B7FF96 /* deafult_description.plist */,
				E359ADDC17604A1A00B7FF96 /* descriptions.plist */,
				E359ADDD17604A1A00B7FF96 /* donald_holy-tricky_female.plist */,
				E359ADDE17604A1A00B7FF96 /* donald_holy-tricky_male.plist */,
				E359ADDF17604A1A00B7FF96 /* ks_holy-tricky_female.plist */,
				E359ADE017604A1A00B7FF96 /* ks_holy-tricky_male.plist */,
				E359ADE117604A1A00B7FF96 /* lbt_holy-tricky_female.plist */,
				E359ADE217604A1A00B7FF96 /* lbt_holy-tricky_male.plist */,
				E359ADE317604A1A00B7FF96 /* littlethunder_holy-tricky_female.plist */,
				E359ADE417604A1A00B7FF96 /* littlethunder_holy-tricky_male.plist */,
				E359ADE517604A1A00B7FF96 /* peter_holy-tricky_female.plist */,
				E359ADE617604A1A00B7FF96 /* peter_holy-tricky_male.plist */,
				E359ADE717604A1A00B7FF96 /* sh_holy-tricky_female.plist */,
				E359ADE817604A1A00B7FF96 /* sh_holy-tricky_male.plist */,
				E359ADE917604A1A00B7FF96 /* tse_holy-tricky_female.plist */,
				E359ADEA17604A1A00B7FF96 /* tse_holy-tricky_male.plist */,
			);
			path = data;
			sourceTree = "<group>";
		};
		E3747BD4173BFEB900C24DD2 /* Products */ = {
			isa = PBXGroup;
			children = (
				E3747BD9173BFEB900C24DD2 /* libSparrow.a */,
				E3747BDB173BFEB900C24DD2 /* UnitTest.octest */,
			);
			name = Products;
			sourceTree = "<group>";
		};
		E3A6467D1830731B00219720 /* GoogleAdMobAdsSdkiOS-6.5.0 */ = {
			isa = PBXGroup;
			children = (
				E3A6467E1830731B00219720 /* GADAdMobExtras.h */,
				E3A6467F1830731B00219720 /* GADAdNetworkExtras.h */,
				E3A646801830731B00219720 /* GADAdSize.h */,
				E3A646811830731B00219720 /* GADBannerView.h */,
				E3A646821830731B00219720 /* GADBannerViewDelegate.h */,
				E3A646831830731B00219720 /* GADInterstitial.h */,
				E3A646841830731B00219720 /* GADInterstitialDelegate.h */,
				E3A646851830731B00219720 /* GADRequest.h */,
				E3A646861830731B00219720 /* GADRequestError.h */,
				E3A646871830731B00219720 /* libGoogleAdMobAds.a */,
				E3A646881830731B00219720 /* README.txt */,
			);
			path = "GoogleAdMobAdsSdkiOS-6.5.0";
			sourceTree = "<group>";
		};
		E3A8755017466A3B002410DD /* Scenes */ = {
			isa = PBXGroup;
			children = (
				E3A8755317466A59002410DD /* Scene.h */,
				E3A8755417466A59002410DD /* Scene.m */,
				E3A875F91746A761002410DD /* NameInput.h */,
				E3A875FA1746A761002410DD /* NameInput.m */,
				E3E450D7174E578F0009C270 /* CreditPage.h */,
				E3E450D8174E578F0009C270 /* CreditPage.m */,
				E3A87556174678AA002410DD /* FacePick.h */,
				E3A87557174678AA002410DD /* FacePick.m */,
				E376B96617473F53007D6BD8 /* GameCore.h */,
				E376B96717473F53007D6BD8 /* GameCore.m */,
			);
			path = Scenes;
			sourceTree = "<group>";
		};
		E3BF4A43174789FB00D3D3CF /* Helpers */ = {
			isa = PBXGroup;
			children = (
				E3D234351759AA5D001C4836 /* UIImage+ColorAtPixel */,
				E3D2342E1759A72B001C4836 /* CustomUIButton.h */,
				E3D2342F1759A72B001C4836 /* CustomUIButton.m */,
				E3D234301759A72B001C4836 /* OBShapedButton */,
				E3BF4A47174798DF00D3D3CF /* RoundButton.h */,
				E3BED07C1754A75100795358 /* OverlayAnimation.h */,
				E3BED07D1754A75200795358 /* OverlayAnimation.m */,
				E3BF4A48174798DF00D3D3CF /* RoundButton.m */,
				E3BF4A44174789FB00D3D3CF /* TouchSheet.h */,
				E3BF4A45174789FB00D3D3CF /* TouchSheet.m */,
				E3A019C617507D6100D722FC /* MoleDescription.h */,
				E3A019C717507D6100D722FC /* MoleDescription.m */,
			);
			path = Helpers;
			sourceTree = "<group>";
		};
		E3D234301759A72B001C4836 /* OBShapedButton */ = {
			isa = PBXGroup;
			children = (
				E3D234311759A72B001C4836 /* OBShapedButton.h */,
				E3D234321759A72B001C4836 /* OBShapedButton.m */,
			);
			path = OBShapedButton;
			sourceTree = "<group>";
		};
		E3D234351759AA5D001C4836 /* UIImage+ColorAtPixel */ = {
			isa = PBXGroup;
			children = (
				E3D234361759AA5D001C4836 /* UIImage+ColorAtPixel.h */,
				E3D234371759AA5D001C4836 /* UIImage+ColorAtPixel.m */,
			);
			path = "UIImage+ColorAtPixel";
			sourceTree = "<group>";
		};
/* End PBXGroup section */

/* Begin PBXNativeTarget section */
		1D6058900D05DD3D006BFB54 /* Mole */ = {
			isa = PBXNativeTarget;
			buildConfigurationList = 1D6058960D05DD3E006BFB54 /* Build configuration list for PBXNativeTarget "Mole" */;
			buildPhases = (
				1D60588D0D05DD3D006BFB54 /* Resources */,
				1D60588E0D05DD3D006BFB54 /* Sources */,
				1D60588F0D05DD3D006BFB54 /* Frameworks */,
			);
			buildRules = (
			);
			dependencies = (
			);
			name = Mole;
			productName = AppScaffold;
			productReference = 1D6058910D05DD3D006BFB54 /* Mole.app */;
			productType = "com.apple.product-type.application";
		};
/* End PBXNativeTarget section */

/* Begin PBXProject section */
		29B97313FDCFA39411CA2CEA /* Project object */ = {
			isa = PBXProject;
			attributes = {
				LastUpgradeCheck = 0450;
				TargetAttributes = {
					1D6058900D05DD3D006BFB54 = {
						DevelopmentTeam = 7V4C8TPW4Y;
					};
				};
			};
			buildConfigurationList = C01FCF4E08A954540054247B /* Build configuration list for PBXProject "Mole" */;
			compatibilityVersion = "Xcode 3.2";
			developmentRegion = English;
			hasScannedForEncodings = 1;
			knownRegions = (
				English,
				Japanese,
				French,
				German,
				en,
				"zh-Hans",
				"zh-Hant",
				zh_CN,
				zh_TW,
			);
			mainGroup = 29B97314FDCFA39411CA2CEA /* CustomTemplate */;
			projectDirPath = "";
			projectReferences = (
				{
					ProductGroup = E3747BD4173BFEB900C24DD2 /* Products */;
					ProjectRef = DE4A3DA210FFB0D400FDA492 /* Sparrow.xcodeproj */;
				},
			);
			projectRoot = "";
			targets = (
				1D6058900D05DD3D006BFB54 /* Mole */,
			);
		};
/* End PBXProject section */

/* Begin PBXReferenceProxy section */
		E3747BD9173BFEB900C24DD2 /* libSparrow.a */ = {
			isa = PBXReferenceProxy;
			fileType = archive.ar;
			path = libSparrow.a;
			remoteRef = E3747BD8173BFEB900C24DD2 /* PBXContainerItemProxy */;
			sourceTree = BUILT_PRODUCTS_DIR;
		};
		E3747BDB173BFEB900C24DD2 /* UnitTest.octest */ = {
			isa = PBXReferenceProxy;
			fileType = wrapper.cfbundle;
			path = UnitTest.octest;
			remoteRef = E3747BDA173BFEB900C24DD2 /* PBXContainerItemProxy */;
			sourceTree = BUILT_PRODUCTS_DIR;
		};
/* End PBXReferenceProxy section */

/* Begin PBXResourcesBuildPhase section */
		1D60588D0D05DD3D006BFB54 /* Resources */ = {
			isa = PBXResourcesBuildPhase;
			buildActionMask = 2147483647;
			files = (
				E3DEB2931830785800E6CED0 /* Default@2x.png in Resources */,
				DE4F80E814E1541400655D44 /* sound.caf in Resources */,
				E3A6468A1830731B00219720 /* README.txt in Resources */,
				E359AD8B1760499A00B7FF96 /* alpha_background.png in Resources */,
				E359AD8C1760499A00B7FF96 /* atlas.png in Resources */,
				E359AD8D1760499A00B7FF96 /* atlas.xml in Resources */,
				E359AD8E1760499A00B7FF96 /* background.jpg in Resources */,
				E3A646AA1830760B00219720 /* Icon@2x~iphone.png in Resources */,
				E359AD8F1760499A00B7FF96 /* button_back.png in Resources */,
				E359AD901760499A00B7FF96 /* button_normal.png in Resources */,
				E3A646A21830760B00219720 /* Icon-72@2x.png in Resources */,
				E359AD911760499A00B7FF96 /* button_short.png in Resources */,
				E359AD921760499A00B7FF96 /* donald_holy-tricky_female.png in Resources */,
				E359AD931760499A00B7FF96 /* donald_holy-tricky_male.png in Resources */,
				E3A6469F1830760B00219720 /* iTunesArtwork@2x.png in Resources */,
				E359AD941760499A00B7FF96 /* ks_holy-tricky_female.png in Resources */,
				E3DEB2941830785800E6CED0 /* iTunesArtwork in Resources */,
				E359AD951760499A00B7FF96 /* ks_holy-tricky_male.png in Resources */,
				E3A646A31830760B00219720 /* Icon~iphone.png in Resources */,
				E359AD961760499A00B7FF96 /* lbt_holy-tricky_female.png in Resources */,
				E3A646A71830760B00219720 /* Icon-76.png in Resources */,
				E359AD971760499A00B7FF96 /* lbt_holy-tricky_male.png in Resources */,
				E359AD981760499A00B7FF96 /* littlethunder_holy-tricky_female.png in Resources */,
				E359AD991760499A00B7FF96 /* littlethunder_holy-tricky_male.png in Resources */,
				E3A646A51830760B00219720 /* Icon-Small-50@2x.png in Resources */,
				E359AD9A1760499A00B7FF96 /* peter_holy-tricky_female.png in Resources */,
				E359AD9B1760499A00B7FF96 /* peter_holy-tricky_male.png in Resources */,
				E359AD9C1760499A00B7FF96 /* sh_holy-tricky_female.png in Resources */,
				E3A646A81830760B00219720 /* Icon-72.png in Resources */,
				E359AD9D1760499A00B7FF96 /* sh_holy-tricky_male.png in Resources */,
				E359AD9E1760499A00B7FF96 /* tse_holy-tricky_female.png in Resources */,
				E359AD9F1760499A00B7FF96 /* tse_holy-tricky_male.png in Resources */,
				E359ADA01760499A00B7FF96 /* mole01.png in Resources */,
				E359ADA11760499A00B7FF96 /* textfieldBackground.png in Resources */,
				E359ADA21760499A00B7FF96 /* blank_face.png in Resources */,
				E359ADA31760499A00B7FF96 /* donald_holy-tricky_female_thumb.png in Resources */,
				E359ADA41760499A00B7FF96 /* donald_holy-tricky_male_thumb.png in Resources */,
				E359ADA51760499A00B7FF96 /* ks_holy-tricky_female_thumb.png in Resources */,
				E359ADA61760499A00B7FF96 /* ks_holy-tricky_male_thumb.png in Resources */,
				E359ADA71760499A00B7FF96 /* lbt_holy-tricky_female_thumb.png in Resources */,
				E359ADA81760499A00B7FF96 /* lbt_holy-tricky_male_thumb.png in Resources */,
				E359ADA91760499A00B7FF96 /* littlethunder_holy-tricky_female_thumb.png in Resources */,
				E359ADAA1760499A00B7FF96 /* littlethunder_holy-tricky_male_thumb.png in Resources */,
				E359ADAB1760499A00B7FF96 /* peter_holy-tricky_female_thumb.png in Resources */,
				E359ADAC1760499A00B7FF96 /* peter_holy-tricky_male_thumb.png in Resources */,
				E359ADAD1760499A00B7FF96 /* sh_holy-tricky_female_thumb.png in Resources */,
				E359ADAE1760499A00B7FF96 /* sh_holy-tricky_male_thumb.png in Resources */,
				E359ADAF1760499A00B7FF96 /* tse_holy-tricky_female_thumb.png in Resources */,
				E3DEB2921830785800E6CED0 /* Default.png in Resources */,
				E3A646A11830760B00219720 /* Icon-76@2x.png in Resources */,
				E3A646A01830760B00219720 /* iTunesArtwork.png in Resources */,
				E359ADB01760499A00B7FF96 /* tse_holy-tricky_male_thumb.png in Resources */,
				E359ADB11760499A00B7FF96 /* x.png in Resources */,
				E3DEB298183078D600E6CED0 /* Default-568h@2x.png in Resources */,
				E359ADB21760499A00B7FF96 /* alpha_background@2x.png in Resources */,
				E359ADB51760499A00B7FF96 /* background@2x.jpg in Resources */,
				E359ADB61760499A00B7FF96 /* button_back@2x.png in Resources */,
				E359ADB71760499A00B7FF96 /* button_normal@2x.png in Resources */,
				E359ADB81760499A00B7FF96 /* button_short@2x.png in Resources */,
				E359ADB91760499A00B7FF96 /* donald_holy-tricky_female@2x.png in Resources */,
				E3A646AD1830760B00219720 /* Icon-40.png in Resources */,
				E359ADBA1760499A00B7FF96 /* donald_holy-tricky_male@2x.png in Resources */,
				E359ADBB1760499A00B7FF96 /* ks_holy-tricky_female@2x.png in Resources */,
				E359ADBC1760499A00B7FF96 /* ks_holy-tricky_male@2x.png in Resources */,
				E359ADBD1760499A00B7FF96 /* lbt_holy-tricky_female@2x.png in Resources */,
				E359ADBE1760499A00B7FF96 /* lbt_holy-tricky_male@2x.png in Resources */,
				E359ADBF1760499A00B7FF96 /* littlethunder_holy-tricky_female@x2.png in Resources */,
				E359ADC01760499A00B7FF96 /* littlethunder_holy-tricky_male@x2.png in Resources */,
				E359ADC11760499A00B7FF96 /* peter_holy-tricky_female@2x.png in Resources */,
				E359ADC21760499A00B7FF96 /* peter_holy-tricky_male@2x.png in Resources */,
				E359ADC31760499A00B7FF96 /* sh_holy-tricky_female@2x.png in Resources */,
				E359ADC41760499A00B7FF96 /* sh_holy-tricky_male@2x.png in Resources */,
				E3A646AE1830760B00219720 /* Icon-Small.png in Resources */,
				E359ADC51760499A00B7FF96 /* tse_holy-tricky_female@2x.png in Resources */,
				E3A646AB1830760B00219720 /* Icon.png in Resources */,
				E359ADC61760499A00B7FF96 /* tse_holy-tricky_male@x2.png in Resources */,
				E359ADC71760499A00B7FF96 /* mole01@2x.png in Resources */,
				E359ADC81760499A00B7FF96 /* textfieldBackground@2x.png in Resources */,
				E3A646A91830760B00219720 /* Icon-60.png in Resources */,
				E359ADC91760499A00B7FF96 /* blank_face@2x.png in Resources */,
				E359ADCA1760499A00B7FF96 /* donald_holy-tricky_female_thumb@2x.png in Resources */,
				E3DEB2A318307C0000E6CED0 /* Images.xcassets in Resources */,
				E359ADCB1760499A00B7FF96 /* donald_holy-tricky_male_thumb@2x.png in Resources */,
				E359ADCC1760499A00B7FF96 /* ks_holy-tricky_female_thumb@2x.png in Resources */,
				E3DEB2911830785800E6CED0 /* Default-Portrait~ipad.png in Resources */,
				E359ADCD1760499A00B7FF96 /* ks_holy-tricky_male_thumb@2x.png in Resources */,
				E359ADCE1760499A00B7FF96 /* lbt_holy-tricky_female_thumb@2x.png in Resources */,
				E359ADCF1760499A00B7FF96 /* lbt_holy-tricky_male_thumb@2x.png in Resources */,
				E359ADD01760499A00B7FF96 /* littlethunder_holy-tricky_female_thumb@x2.png in Resources */,
				E359ADD11760499A00B7FF96 /* littlethunder_holy-tricky_male_thumb@x2.png in Resources */,
				E359ADD21760499A00B7FF96 /* peter_holy-tricky_female_thumb@2x.png in Resources */,
				E359ADD31760499A00B7FF96 /* peter_holy-tricky_male_thumb@2x.png in Resources */,
				E359ADD41760499A00B7FF96 /* sh_holy-tricky_female_thumb@2x.png in Resources */,
				E3A646A41830760B00219720 /* Icon@2x.png in Resources */,
				E359ADD51760499A00B7FF96 /* sh_holy-tricky_male_thumb@2x.png in Resources */,
				E359ADD61760499A00B7FF96 /* tse_holy-tricky_female_thumb@2x.png in Resources */,
				E359ADD71760499A00B7FF96 /* tse_holy-tricky_male_thumb@x2.png in Resources */,
				E359ADD81760499A00B7FF96 /* README.txt in Resources */,
				E359ADEB17604A1A00B7FF96 /* credit.txt in Resources */,
				E359ADEC17604A1A00B7FF96 /* deafult_description.plist in Resources */,
				E359ADED17604A1A00B7FF96 /* descriptions.plist in Resources */,
				E359ADEE17604A1A00B7FF96 /* donald_holy-tricky_female.plist in Resources */,
				E359ADEF17604A1A00B7FF96 /* donald_holy-tricky_male.plist in Resources */,
				E359ADF017604A1A00B7FF96 /* ks_holy-tricky_female.plist in Resources */,
				E3DEB2901830785800E6CED0 /* Default-Landscape~ipad.png in Resources */,
				E359ADF117604A1A00B7FF96 /* ks_holy-tricky_male.plist in Resources */,
				E359ADF217604A1A00B7FF96 /* lbt_holy-tricky_female.plist in Resources */,
				E359ADF317604A1A00B7FF96 /* lbt_holy-tricky_male.plist in Resources */,
				E3A646AC1830760B00219720 /* Icon-Small-50.png in Resources */,
				E359ADF417604A1A00B7FF96 /* littlethunder_holy-tricky_female.plist in Resources */,
				E359ADF517604A1A00B7FF96 /* littlethunder_holy-tricky_male.plist in Resources */,
				E359ADF617604A1A00B7FF96 /* peter_holy-tricky_female.plist in Resources */,
				E359ADF717604A1A00B7FF96 /* peter_holy-tricky_male.plist in Resources */,
				E359ADF817604A1A00B7FF96 /* sh_holy-tricky_female.plist in Resources */,
				E359ADF917604A1A00B7FF96 /* sh_holy-tricky_male.plist in Resources */,
				E359ADFA17604A1A00B7FF96 /* tse_holy-tricky_female.plist in Resources */,
				E359ADFB17604A1A00B7FF96 /* tse_holy-tricky_male.plist in Resources */,
				E308C48E1785735C0084A937 /* Localizable.strings in Resources */,
				E32205F01790FA4200566D23 /* FacebookSDKResources.bundle in Resources */,
				E32205F11790FA4200566D23 /* FBUserSettingsViewResources.bundle in Resources */,
			);
			runOnlyForDeploymentPostprocessing = 0;
		};
/* End PBXResourcesBuildPhase section */

/* Begin PBXSourcesBuildPhase section */
		1D60588E0D05DD3D006BFB54 /* Sources */ = {
			isa = PBXSourcesBuildPhase;
			buildActionMask = 2147483647;
			files = (
				1D60589B0D05DD56006BFB54 /* main.m in Sources */,
				1D3623260D0F684500981E51 /* AppDelegate.m in Sources */,
				DE4A3DE510FFB2AF00FDA492 /* Game.m in Sources */,
				DE4F80D614E153E600655D44 /* Media.m in Sources */,
				E3A8755517466A59002410DD /* Scene.m in Sources */,
				E3A87558174678AA002410DD /* FacePick.m in Sources */,
				E3A875FB1746A761002410DD /* NameInput.m in Sources */,
				E376B96817473F53007D6BD8 /* GameCore.m in Sources */,
				E3A6468D1830733400219720 /* BannerExampleViewController.m in Sources */,
				E3BF4A46174789FB00D3D3CF /* TouchSheet.m in Sources */,
				E3E450D9174E578F0009C270 /* CreditPage.m in Sources */,
				E3A019C817507D6100D722FC /* MoleDescription.m in Sources */,
				E3BED07E1754A75200795358 /* OverlayAnimation.m in Sources */,
				E3D234331759A72B001C4836 /* CustomUIButton.m in Sources */,
				E3D234341759A72B001C4836 /* OBShapedButton.m in Sources */,
				E3D234381759AA5D001C4836 /* UIImage+ColorAtPixel.m in Sources */,
				E31AF2AE1786BED80018E837 /* FacebookShare.m in Sources */,
			);
			runOnlyForDeploymentPostprocessing = 0;
		};
/* End PBXSourcesBuildPhase section */

/* Begin PBXVariantGroup section */
		E308C4881785735C0084A937 /* Localizable.strings */ = {
			isa = PBXVariantGroup;
			children = (
				E308C4891785735C0084A937 /* en */,
				E308C491178573D00084A937 /* zh-Hans */,
				E308C492178573DF0084A937 /* zh-Hant */,
			);
			name = Localizable.strings;
			sourceTree = "<group>";
		};
/* End PBXVariantGroup section */

/* Begin XCBuildConfiguration section */
		1D6058940D05DD3E006BFB54 /* Debug */ = {
			isa = XCBuildConfiguration;
			buildSettings = {
				ASSETCATALOG_COMPILER_APPICON_NAME = AppIcon;
				ASSETCATALOG_COMPILER_LAUNCHIMAGE_NAME = LaunchImage;
				CODE_SIGN_IDENTITY = "iPhone Developer";
				"CODE_SIGN_IDENTITY[sdk=iphoneos*]" = "iPhone Developer";
				FRAMEWORK_SEARCH_PATHS = (
					"$(inherited)",
					"\"$(SRCROOT)/../../../../FacebookSDK\"",
				);
				INFOPLIST_FILE = "App-Info.plist";
				IPHONEOS_DEPLOYMENT_TARGET = 6.1;
				LIBRARY_SEARCH_PATHS = (
					"$(inherited)",
					"\\\"$(SRCROOT)/Classes/GoogleAdMobAdsSdkiOS-6.5.0/Add-ons/GoogleAnalyticsiOS_2.0beta4/Library\\\"",
					"\\\"$(SRCROOT)/Classes/GoogleAdMobAdsSdkiOS-6.5.0\\\"",
					"/Users/jameskong/Development/Sparrow-Framework/projects/Mole/src/Classes/GoogleAdMobAdsSdkiOS-6.5.0",
				);
				PRODUCT_NAME = Mole;
				PROVISIONING_PROFILE = "5FE5356A-B0CE-4C0F-AF4B-0C5721BC950C";
				"PROVISIONING_PROFILE[sdk=iphoneos*]" = "5FE5356A-B0CE-4C0F-AF4B-0C5721BC950C";
				TARGETED_DEVICE_FAMILY = 1;
				USER_HEADER_SEARCH_PATHS = "../../../sparrow/src/Classes/**";
			};
			name = Debug;
		};
		1D6058950D05DD3E006BFB54 /* Release */ = {
			isa = XCBuildConfiguration;
			buildSettings = {
				ASSETCATALOG_COMPILER_APPICON_NAME = AppIcon;
				ASSETCATALOG_COMPILER_LAUNCHIMAGE_NAME = LaunchImage;
				CODE_SIGN_IDENTITY = "iPhone Developer";
				"CODE_SIGN_IDENTITY[sdk=iphoneos*]" = "iPhone Developer";
				FRAMEWORK_SEARCH_PATHS = (
					"$(inherited)",
					"\"$(SRCROOT)/../../../../FacebookSDK\"",
				);
				INFOPLIST_FILE = "App-Info.plist";
				IPHONEOS_DEPLOYMENT_TARGET = 6.1;
				LIBRARY_SEARCH_PATHS = (
					"$(inherited)",
					"\\\"$(SRCROOT)/Classes/GoogleAdMobAdsSdkiOS-6.5.0/Add-ons/GoogleAnalyticsiOS_2.0beta4/Library\\\"",
					"\\\"$(SRCROOT)/Classes/GoogleAdMobAdsSdkiOS-6.5.0\\\"",
					"/Users/jameskong/Development/Sparrow-Framework/projects/Mole/src/Classes/GoogleAdMobAdsSdkiOS-6.5.0",
				);
				PRODUCT_NAME = Mole;
				PROVISIONING_PROFILE = "5FE5356A-B0CE-4C0F-AF4B-0C5721BC950C";
				TARGETED_DEVICE_FAMILY = 1;
				USER_HEADER_SEARCH_PATHS = "../../../sparrow/src/Classes/**";
			};
			name = Release;
		};
		C01FCF4F08A954540054247B /* Debug */ = {
			isa = XCBuildConfiguration;
			buildSettings = {
				CLANG_ENABLE_OBJC_ARC = YES;
				CLANG_WARN_CONSTANT_CONVERSION = YES;
				CLANG_WARN_EMPTY_BODY = YES;
				CLANG_WARN_ENUM_CONVERSION = YES;
				CLANG_WARN_INT_CONVERSION = YES;
				CLANG_WARN__DUPLICATE_METHOD_MATCH = YES;
				CODE_SIGN_IDENTITY = "iPhone Developer";
				"CODE_SIGN_IDENTITY[sdk=iphoneos*]" = "iPhone Developer";
				COPY_PHASE_STRIP = NO;
				GCC_C_LANGUAGE_STANDARD = gnu99;
				GCC_OPTIMIZATION_LEVEL = 0;
				GCC_PRECOMPILE_PREFIX_HEADER = YES;
				GCC_PREFIX_HEADER = "App-Prefix.pch";
				GCC_THUMB_SUPPORT = NO;
				GCC_WARN_ABOUT_RETURN_TYPE = YES;
				GCC_WARN_UNINITIALIZED_AUTOS = YES;
				GCC_WARN_UNUSED_VARIABLE = YES;
				INFOPLIST_FILE = "App-info.plist";
				IPHONEOS_DEPLOYMENT_TARGET = 5.1;
				ONLY_ACTIVE_ARCH = YES;
				OTHER_LDFLAGS = "-ObjC";
				PRODUCT_NAME = "";
				PROVISIONING_PROFILE = "";
				"PROVISIONING_PROFILE[sdk=iphoneos*]" = "";
				SDKROOT = iphoneos;
				TARGETED_DEVICE_FAMILY = "1,2";
				USER_HEADER_SEARCH_PATHS = "../../../sparrow/src/Classes/**";
			};
			name = Debug;
		};
		C01FCF5008A954540054247B /* Release */ = {
			isa = XCBuildConfiguration;
			buildSettings = {
				CLANG_ENABLE_OBJC_ARC = YES;
				CLANG_WARN_CONSTANT_CONVERSION = YES;
				CLANG_WARN_EMPTY_BODY = YES;
				CLANG_WARN_ENUM_CONVERSION = YES;
				CLANG_WARN_INT_CONVERSION = YES;
				CLANG_WARN__DUPLICATE_METHOD_MATCH = YES;
				CODE_SIGN_IDENTITY = "iPhone Distribution";
				"CODE_SIGN_IDENTITY[sdk=iphoneos*]" = "iPhone Distribution";
				GCC_C_LANGUAGE_STANDARD = gnu99;
				GCC_PRECOMPILE_PREFIX_HEADER = YES;
				GCC_PREFIX_HEADER = "App-Prefix.pch";
				GCC_THUMB_SUPPORT = NO;
				GCC_WARN_ABOUT_RETURN_TYPE = YES;
				GCC_WARN_UNINITIALIZED_AUTOS = YES;
				GCC_WARN_UNUSED_VARIABLE = YES;
				INFOPLIST_FILE = "App-info.plist";
				IPHONEOS_DEPLOYMENT_TARGET = 5.1;
				OTHER_LDFLAGS = "-ObjC";
				PRODUCT_NAME = "";
				PROVISIONING_PROFILE = "";
				"PROVISIONING_PROFILE[sdk=iphoneos*]" = "";
				SDKROOT = iphoneos;
				TARGETED_DEVICE_FAMILY = "1,2";
				USER_HEADER_SEARCH_PATHS = "../../../sparrow/src/Classes/**";
				VALIDATE_PRODUCT = YES;
			};
			name = Release;
		};
/* End XCBuildConfiguration section */

/* Begin XCConfigurationList section */
		1D6058960D05DD3E006BFB54 /* Build configuration list for PBXNativeTarget "Mole" */ = {
			isa = XCConfigurationList;
			buildConfigurations = (
				1D6058940D05DD3E006BFB54 /* Debug */,
				1D6058950D05DD3E006BFB54 /* Release */,
			);
			defaultConfigurationIsVisible = 0;
			defaultConfigurationName = Release;
		};
		C01FCF4E08A954540054247B /* Build configuration list for PBXProject "Mole" */ = {
			isa = XCConfigurationList;
			buildConfigurations = (
				C01FCF4F08A954540054247B /* Debug */,
				C01FCF5008A954540054247B /* Release */,
			);
			defaultConfigurationIsVisible = 0;
			defaultConfigurationName = Release;
		};
/* End XCConfigurationList section */
	};
	rootObject = 29B97313FDCFA39411CA2CEA /* Project object */;
}
